<?xml version="1.0" encoding="UTF-8"?>
<CONFIG>
  <ProjectOptions>
    <Version Value="9"/>
    <General>
      <Flags>
        <SaveOnlyProjectUnits Value="True"/>
      </Flags>
      <SessionStorage Value="InProjectDir"/>
      <MainUnit Value="0"/>
      <Title Value="modbusemu"/>
      <ResourceType Value="res"/>
      <Icon Value="0"/>
    </General>
    <LazDoc Paths="doc"/>
    <i18n>
      <EnableI18N Value="True"/>
      <OutDir Value="language"/>
    </i18n>
    <VersionInfo>
      <UseVersionInfo Value="True"/>
      <AutoIncrementBuild Value="True"/>
      <MinorVersionNr Value="6"/>
      <BuildNr Value="63"/>
      <Language Value="0419"/>
      <Attributes pvaPreRelease="True"/>
      <StringTable ProductVersion=""/>
    </VersionInfo>
    <BuildModes Count="4">
      <Item1 Name="Linux_x64" Default="True"/>
      <Item2 Name="Linux_x86">
        <CompilerOptions>
          <Version Value="11"/>
          <Target>
            <Filename Value="bin/$(TargetCPU)-$(TargetOS)/modbusemu" ApplyConventions="False"/>
          </Target>
          <SearchPaths>
            <IncludeFiles Value="$(ProjOutDir);files/lib/NativeXML/nativexml"/>
            <Libraries Value="/usr/lib/codetyphon/binLibraries/i386-linux/"/>
            <OtherUnitFiles Value="source;files/lib/CRC16;files/lib/LogUtils;files/lib/ModbusLib;files/lib/ModbusLib/MBFunctions;files/lib/ModbusLib/MBTCPMasterDispatcher;files/lib/SocketUtils;files/lib/COMPort;files/lib/MiscFunctions;files/lib/NativeXML/nativexml;files/lib/NativeXML/general;files/lib/NativeXML/extlib/eldos_aes;files/lib/NativeXML/extlib/utility_lib"/>
            <UnitOutputDirectory Value="dcu/$(TargetCPU)-$(TargetOS)"/>
          </SearchPaths>
          <CodeGeneration>
            <TargetCPU Value="i386"/>
            <TargetOS Value="linux"/>
          </CodeGeneration>
          <Linking>
            <Debugging>
              <GenerateDebugInfo Value="False"/>
              <UseLineInfoUnit Value="False"/>
            </Debugging>
            <Options>
              <Win32>
                <GraphicApplication Value="True"/>
              </Win32>
            </Options>
          </Linking>
          <Other>
            <Verbosity>
              <ShoLineNum Value="True"/>
              <ShowDebugInfo Value="True"/>
              <ShowHintsForUnusedUnitsInMainSrc Value="True"/>
            </Verbosity>
            <CustomOptions Value="-B
-dUseCThreads"/>
          </Other>
        </CompilerOptions>
      </Item2>
      <Item3 Name="Windows_x64">
        <CompilerOptions>
          <Version Value="11"/>
          <Target>
            <Filename Value="bin/$(TargetCPU)-$(TargetOS)/modbusemu.exe" ApplyConventions="False"/>
          </Target>
          <SearchPaths>
            <IncludeFiles Value="$(ProjOutDir);files/lib/NativeXML/nativexml"/>
            <OtherUnitFiles Value="source;files/lib/CRC16;files/lib/LogUtils;files/lib/ModbusLib;files/lib/ModbusLib/MBFunctions;files/lib/ModbusLib/MBTCPMasterDispatcher;files/lib/SocketUtils;files/lib/COMPort;files/lib/MiscFunctions;files/lib/NativeXML/nativexml;files/lib/NativeXML/general;files/lib/NativeXML/extlib/eldos_aes;files/lib/NativeXML/extlib/utility_lib"/>
            <UnitOutputDirectory Value="dcu/$(TargetCPU)-$(TargetOS)"/>
          </SearchPaths>
          <CodeGeneration>
            <TargetCPU Value="x86_64"/>
            <TargetOS Value="win64"/>
          </CodeGeneration>
          <Linking>
            <Debugging>
              <GenerateDebugInfo Value="False"/>
              <UseLineInfoUnit Value="False"/>
            </Debugging>
            <Options>
              <Win32>
                <GraphicApplication Value="True"/>
              </Win32>
            </Options>
          </Linking>
          <Other>
            <Verbosity>
              <ShoLineNum Value="True"/>
              <ShowDebugInfo Value="True"/>
              <ShowHintsForUnusedUnitsInMainSrc Value="True"/>
            </Verbosity>
            <CustomOptions Value="-B
-dUseCThreads"/>
          </Other>
        </CompilerOptions>
      </Item3>
      <Item4 Name="Windows_x86">
        <CompilerOptions>
          <Version Value="11"/>
          <Target>
            <Filename Value="bin/$(TargetCPU)-$(TargetOS)/modbusemu.exe" ApplyConventions="False"/>
          </Target>
          <SearchPaths>
            <IncludeFiles Value="$(ProjOutDir);files/lib/NativeXML/nativexml"/>
            <OtherUnitFiles Value="source;files/lib/CRC16;files/lib/LogUtils;files/lib/ModbusLib;files/lib/ModbusLib/MBFunctions;files/lib/ModbusLib/MBTCPMasterDispatcher;files/lib/SocketUtils;files/lib/COMPort;files/lib/MiscFunctions;files/lib/NativeXML/nativexml;files/lib/NativeXML/general;files/lib/NativeXML/extlib/eldos_aes;files/lib/NativeXML/extlib/utility_lib"/>
            <UnitOutputDirectory Value="dcu/$(TargetCPU)-$(TargetOS)"/>
          </SearchPaths>
          <CodeGeneration>
            <TargetCPU Value="i386"/>
            <TargetOS Value="win32"/>
          </CodeGeneration>
          <Linking>
            <Debugging>
              <GenerateDebugInfo Value="False"/>
              <UseLineInfoUnit Value="False"/>
            </Debugging>
            <Options>
              <Win32>
                <GraphicApplication Value="True"/>
              </Win32>
            </Options>
          </Linking>
          <Other>
            <Verbosity>
              <ShoLineNum Value="True"/>
              <ShowDebugInfo Value="True"/>
              <ShowHintsForUnusedUnitsInMainSrc Value="True"/>
            </Verbosity>
            <CustomOptions Value="-B
-dUseCThreads"/>
          </Other>
        </CompilerOptions>
      </Item4>
      <SharedMatrixOptions Count="1">
        <Item1 ID="957602769568" Value="-dEnableUTF8RTL"/>
      </SharedMatrixOptions>
    </BuildModes>
    <PublishOptions>
      <Version Value="2"/>
    </PublishOptions>
    <RunParams>
      <local>
        <FormatVersion Value="1"/>
      </local>
    </RunParams>
    <RequiredPackages Count="1">
      <Item1>
        <PackageName Value="LCL"/>
      </Item1>
    </RequiredPackages>
    <Units Count="13">
      <Unit0>
        <Filename Value="modbusemu.lpr"/>
        <IsPartOfProject Value="True"/>
      </Unit0>
      <Unit1>
        <Filename Value="source/main.pas"/>
        <IsPartOfProject Value="True"/>
        <ComponentName Value="frmMain"/>
        <HasResources Value="True"/>
        <ResourceBaseClass Value="Form"/>
      </Unit1>
      <Unit2>
        <Filename Value="files/lib/MiscFunctions/ExceptionsResStrings.pas"/>
        <IsPartOfProject Value="True"/>
      </Unit2>
      <Unit3>
        <Filename Value="source/ModbusEmuResStr.pas"/>
        <IsPartOfProject Value="True"/>
      </Unit3>
      <Unit4>
        <Filename Value="source/DeviceAdd.pas"/>
        <IsPartOfProject Value="True"/>
        <ComponentName Value="frmAddDevice"/>
        <HasResources Value="True"/>
        <ResourceBaseClass Value="Form"/>
      </Unit4>
      <Unit5>
        <Filename Value="source/DeviceView.pas"/>
        <IsPartOfProject Value="True"/>
        <ComponentName Value="frmDeviceView"/>
        <HasResources Value="True"/>
        <ResourceBaseClass Value="Form"/>
      </Unit5>
      <Unit6>
        <Filename Value="source/formChennelAdd.pas"/>
        <IsPartOfProject Value="True"/>
        <ComponentName Value="formChenAdd"/>
        <HasResources Value="True"/>
        <ResourceBaseClass Value="Form"/>
      </Unit6>
      <Unit7>
        <Filename Value="source/formChennelRSLinuxAdd.pas"/>
        <IsPartOfProject Value="True"/>
        <ComponentName Value="frmChennelRSAdd"/>
        <HasResources Value="True"/>
        <ResourceBaseClass Value="Form"/>
      </Unit7>
      <Unit8>
        <Filename Value="source/formChennelRSWindowsAdd.pas"/>
        <IsPartOfProject Value="True"/>
        <ComponentName Value="frmChennelRSAddWin"/>
        <HasResources Value="True"/>
        <ResourceBaseClass Value="Form"/>
      </Unit8>
      <Unit9>
        <Filename Value="source/formChennelTCPAdd.pas"/>
        <IsPartOfProject Value="True"/>
        <ComponentName Value="frmChennelTCPAdd"/>
        <HasResources Value="True"/>
        <ResourceBaseClass Value="Form"/>
      </Unit9>
      <Unit10>
        <Filename Value="source/framChennelRSClasses.pas"/>
        <IsPartOfProject Value="True"/>
        <ComponentName Value="frameChennelRS"/>
        <HasResources Value="True"/>
        <ResourceBaseClass Value="Frame"/>
      </Unit10>
      <Unit11>
        <Filename Value="source/framChennelTCPClasses.pas"/>
        <IsPartOfProject Value="True"/>
        <ComponentName Value="frameChennelTCP"/>
        <HasResources Value="True"/>
        <ResourceBaseClass Value="Frame"/>
      </Unit11>
      <Unit12>
        <Filename Value="source/formRahgeEdit.pas"/>
        <IsPartOfProject Value="True"/>
        <ComponentName Value="frmRangeEdit"/>
        <ResourceBaseClass Value="Form"/>
      </Unit12>
    </Units>
  </ProjectOptions>
  <CompilerOptions>
    <Version Value="11"/>
    <Target>
      <Filename Value="bin/$(TargetCPU)-$(TargetOS)/modbusemu" ApplyConventions="False"/>
    </Target>
    <SearchPaths>
      <IncludeFiles Value="$(ProjOutDir);files/lib/NativeXML/nativexml"/>
      <Libraries Value="/usr/lib/codetyphon/binLibraries/x86_64-linux/"/>
      <OtherUnitFiles Value="source;files/lib/CRC16;files/lib/LogUtils;files/lib/ModbusLib;files/lib/ModbusLib/MBFunctions;files/lib/ModbusLib/MBTCPMasterDispatcher;files/lib/SocketUtils;files/lib/COMPort;files/lib/MiscFunctions;files/lib/NativeXML/nativexml;files/lib/NativeXML/general;files/lib/NativeXML/extlib/eldos_aes;files/lib/NativeXML/extlib/utility_lib"/>
      <UnitOutputDirectory Value="dcu/$(TargetCPU)-$(TargetOS)"/>
    </SearchPaths>
    <CodeGeneration>
      <TargetCPU Value="x86_64"/>
      <TargetOS Value="linux"/>
    </CodeGeneration>
    <Linking>
      <Debugging>
        <GenerateDebugInfo Value="False"/>
        <UseLineInfoUnit Value="False"/>
      </Debugging>
      <Options>
        <Win32>
          <GraphicApplication Value="True"/>
        </Win32>
      </Options>
    </Linking>
    <Other>
      <Verbosity>
        <ShoLineNum Value="True"/>
        <ShowDebugInfo Value="True"/>
        <ShowHintsForUnusedUnitsInMainSrc Value="True"/>
      </Verbosity>
      <CustomOptions Value="-B
-dUseCThreads"/>
    </Other>
  </CompilerOptions>
  <Debugging>
    <Exceptions Count="3">
      <Item1>
        <Name Value="EAbort"/>
      </Item1>
      <Item2>
        <Name Value="ECodetoolError"/>
      </Item2>
      <Item3>
        <Name Value="EFOpenError"/>
      </Item3>
    </Exceptions>
  </Debugging>
</CONFIG>
