<?xml version="1.0" encoding="utf-8"?>
<Project xmlns="http://schemas.microsoft.com/developer/msbuild/2003">
  <PropertyGroup>
    <ProjectGuid>{d30bdf96-5ce7-4135-818e-43829202d327}</ProjectGuid>
    <Configuration Condition=" '$(Configuration)' == '' ">Debug</Configuration>
    <Platform Condition=" '$(Platform)' == '' ">AnyCPU</Platform>
    <DCC_DCCCompiler>DCC32</DCC_DCCCompiler>
    <DCC_DependencyCheckOutputName>..\dzDialogTest.exe</DCC_DependencyCheckOutputName>
    <MainSource>dzDialogTest.dpr</MainSource>
  </PropertyGroup>
  <PropertyGroup Condition=" '$(Configuration)|$(Platform)' == 'Release|AnyCPU' ">
    <Version>7.0</Version>
    <DCC_DebugInformation>False</DCC_DebugInformation>
    <DCC_LocalDebugSymbols>False</DCC_LocalDebugSymbols>
    <DCC_SymbolReferenceInfo>0</DCC_SymbolReferenceInfo>
    <DCC_Define>RELEASE</DCC_Define>
  </PropertyGroup>
  <PropertyGroup Condition=" '$(Configuration)|$(Platform)' == 'Debug|AnyCPU' ">
    <Version>7.0</Version>
    <DCC_Define>no_translation</DCC_Define>
    <DCC_ExeOutput>..</DCC_ExeOutput>
    <DCC_DcuOutput>..\dcu</DCC_DcuOutput>
    <DCC_ObjOutput>..\dcu</DCC_ObjOutput>
    <DCC_HppOutput>..\dcu</DCC_HppOutput>
    <DCC_UnitSearchPath>$(BDS)\lib\Debug;..\..\..\..\jcl\source\common;..\..\..\..\jcl\source\vcl;..\..\..\..\jcl\source\windows;..\..\..\..\jcl\source\include;..\..\..\..\jcl\source\include\jedi</DCC_UnitSearchPath>
    <DCC_ResourcePath>$(BDS)\lib\Debug;..\..\..\..\jcl\source\common;..\..\..\..\jcl\source\vcl;..\..\..\..\jcl\source\windows;..\..\..\..\jcl\source\include;..\..\..\..\jcl\source\include\jedi</DCC_ResourcePath>
    <DCC_ObjPath>$(BDS)\lib\Debug;..\..\..\..\jcl\source\common;..\..\..\..\jcl\source\vcl;..\..\..\..\jcl\source\windows;..\..\..\..\jcl\source\include;..\..\..\..\jcl\source\include\jedi</DCC_ObjPath>
    <DCC_IncludePath>$(BDS)\lib\Debug;..\..\..\..\jcl\source\common;..\..\..\..\jcl\source\vcl;..\..\..\..\jcl\source\windows;..\..\..\..\jcl\source\include;..\..\..\..\jcl\source\include\jedi</DCC_IncludePath>
    <DCC_SYMBOL_PLATFORM>False</DCC_SYMBOL_PLATFORM>
    <DCC_UNIT_PLATFORM>False</DCC_UNIT_PLATFORM>
    <DCC_MapFile>3</DCC_MapFile>
  </PropertyGroup>
  <ProjectExtensions>
    <Borland.Personality>Delphi.Personality</Borland.Personality>
    <Borland.ProjectType />
    <BorlandProject>
<BorlandProject><Delphi.Personality><Parameters><Parameters Name="UseLauncher">False</Parameters><Parameters Name="LoadAllSymbols">True</Parameters><Parameters Name="LoadUnspecifiedSymbols">False</Parameters></Parameters><VersionInfo><VersionInfo Name="IncludeVerInfo">False</VersionInfo><VersionInfo Name="AutoIncBuild">False</VersionInfo><VersionInfo Name="MajorVer">1</VersionInfo><VersionInfo Name="MinorVer">0</VersionInfo><VersionInfo Name="Release">0</VersionInfo><VersionInfo Name="Build">0</VersionInfo><VersionInfo Name="Debug">False</VersionInfo><VersionInfo Name="PreRelease">False</VersionInfo><VersionInfo Name="Special">False</VersionInfo><VersionInfo Name="Private">False</VersionInfo><VersionInfo Name="DLL">False</VersionInfo><VersionInfo Name="Locale">2057</VersionInfo><VersionInfo Name="CodePage">1252</VersionInfo></VersionInfo><VersionInfoKeys><VersionInfoKeys Name="CompanyName"></VersionInfoKeys><VersionInfoKeys Name="FileDescription"></VersionInfoKeys><VersionInfoKeys Name="FileVersion">1.0.0.0</VersionInfoKeys><VersionInfoKeys Name="InternalName"></VersionInfoKeys><VersionInfoKeys Name="LegalCopyright"></VersionInfoKeys><VersionInfoKeys Name="LegalTrademarks"></VersionInfoKeys><VersionInfoKeys Name="OriginalFilename"></VersionInfoKeys><VersionInfoKeys Name="ProductName"></VersionInfoKeys><VersionInfoKeys Name="ProductVersion">1.0.0.0</VersionInfoKeys><VersionInfoKeys Name="Comments"></VersionInfoKeys></VersionInfoKeys><Excluded_Packages>
      <Excluded_Packages Name="$(BDS)\bin\dclofficexp100.bpl">Microsoft Office XP Sample Automation Server Wrapper Components</Excluded_Packages>
      <Excluded_Packages Name="$(BDS)\bin\dcloffice2k100.bpl">Microsoft Office 2000 Sample Automation Server Wrapper Components</Excluded_Packages>
    </Excluded_Packages><Source><Source Name="MainSource">dzDialogTest.dpr</Source></Source></Delphi.Personality></BorlandProject></BorlandProject>
  </ProjectExtensions>
  <Import Project="$(MSBuildBinPath)\Borland.Delphi.Targets" />
  <ItemGroup>
    <DelphiCompile Include="dzDialogTest.dpr">
      <MainSource>MainSource</MainSource>
    </DelphiCompile>
    <DCCReference Include="..\..\..\forms\w_dzDialog.pas">
      <Form>f_dzDialog</Form>
    </DCCReference>
    <DCCReference Include="..\..\..\src\u_dzClassUtils.pas" />
    <DCCReference Include="..\..\..\src\u_dzConvertUtils.pas" />
    <DCCReference Include="..\..\..\src\u_dzDateUtils.pas" />
    <DCCReference Include="..\..\..\src\u_dzFileStreams.pas" />
    <DCCReference Include="..\..\..\src\u_dzFileUtils.pas" />
    <DCCReference Include="..\..\..\src\u_dzMiscUtils.pas" />
    <DCCReference Include="..\..\..\src\u_dzNullableTypesUtils.pas" />
    <DCCReference Include="..\..\..\src\u_dzStringUtils.pas" />
    <DCCReference Include="..\..\..\src\u_dzTranslator.pas" />
    <DCCReference Include="..\..\..\src\u_dzVariantUtils.pas" />
    <DCCReference Include="..\..\..\src\u_dzVclUtils.pas" />
    <DCCReference Include="w_dzDialogText.pas">
      <Form>f_dzDialogTest</Form>
    </DCCReference>
  </ItemGroup>
</Project>