<Project xmlns="http://schemas.microsoft.com/developer/msbuild/2003">
    <PropertyGroup>
        <ProjectGuid>{2FA29DDC-4548-4AB4-AD02-46235E78F7B1}</ProjectGuid>
        <ProjectVersion>15.3</ProjectVersion>
        <FrameworkType>VCL</FrameworkType>
        <MainSource>BWQueryClient.dpr</MainSource>
        <Base>True</Base>
        <Config Condition="'$(Config)'==''">Debug</Config>
        <Platform Condition="'$(Platform)'==''">Win32</Platform>
        <TargetedPlatforms>1</TargetedPlatforms>
        <AppType>Application</AppType>
    </PropertyGroup>
    <PropertyGroup Condition="'$(Config)'=='Base' or '$(Base)'!=''">
        <Base>true</Base>
    </PropertyGroup>
    <PropertyGroup Condition="('$(Platform)'=='Win32' and '$(Base)'=='true') or '$(Base_Win32)'!=''">
        <Base_Win32>true</Base_Win32>
        <CfgParent>Base</CfgParent>
        <Base>true</Base>
    </PropertyGroup>
    <PropertyGroup Condition="('$(Platform)'=='Win64' and '$(Base)'=='true') or '$(Base_Win64)'!=''">
        <Base_Win64>true</Base_Win64>
        <CfgParent>Base</CfgParent>
        <Base>true</Base>
    </PropertyGroup>
    <PropertyGroup Condition="'$(Config)'=='Debug' or '$(Cfg_1)'!=''">
        <Cfg_1>true</Cfg_1>
        <CfgParent>Base</CfgParent>
        <Base>true</Base>
    </PropertyGroup>
    <PropertyGroup Condition="('$(Platform)'=='Win32' and '$(Cfg_1)'=='true') or '$(Cfg_1_Win32)'!=''">
        <Cfg_1_Win32>true</Cfg_1_Win32>
        <CfgParent>Cfg_1</CfgParent>
        <Cfg_1>true</Cfg_1>
        <Base>true</Base>
    </PropertyGroup>
    <PropertyGroup Condition="'$(Config)'=='Release' or '$(Cfg_2)'!=''">
        <Cfg_2>true</Cfg_2>
        <CfgParent>Base</CfgParent>
        <Base>true</Base>
    </PropertyGroup>
    <PropertyGroup Condition="'$(Base)'!=''">
        <DCC_Namespace>System;Xml;Data;Datasnap;Web;Soap;Vcl;Vcl.Imaging;Vcl.Touch;Vcl.Samples;Vcl.Shell;$(DCC_Namespace)</DCC_Namespace>
        <Icon_MainIcon>$(BDS)\bin\delphi_PROJECTICON.ico</Icon_MainIcon>
        <DCC_UsePackage>fmx;IndySystem;DBXInterBaseDriver;DataSnapCommon;DataSnapClient;DataSnapServer;DataSnapProviderClient;DbxCommonDriver;dbxcds;DBXOracleDriver;CustomIPTransport;dsnap;fmxase;IndyCore;inetdbxpress;IPIndyImpl;bindcompfmx;rtl;dbrtl;DbxClientDriver;bindcomp;inetdb;xmlrtl;ibxpress;IndyProtocols;DBXMySQLDriver;bindengine;soaprtl;DBXInformixDriver;DBXFirebirdDriver;inet;fmxobj;DBXSybaseASADriver;fmxdae;dbexpress;DataSnapIndy10ServerTransport;$(DCC_UsePackage)</DCC_UsePackage>
        <DCC_DcuOutput>.\$(Platform)\$(Config)</DCC_DcuOutput>
        <DCC_ExeOutput>.\$(Platform)\$(Config)</DCC_ExeOutput>
    </PropertyGroup>
    <PropertyGroup Condition="'$(Base_Win32)'!=''">
        <DCC_UsePackage>ggbar;JvGlobus;JvMM;cyPackDXE2;NxGridRun_xe2;JvManagedThreads;NxAddonsRun_xe2;ZComponent;JvDlgs;JvCrypt;odacfmx160;TeeUI916;Tee916;Rave100VCL;vclib;inetdbbde;dacfmx160;TeePro916;JvNet;DCPXE2;JvDotNetCtrls;DBXSybaseASEDriver;NxCommonDsgn_xe2;NxSheetRun_xe2;vclimg;odac160;FmxTeeUI916;fmi;FMITeeLanguage916;JvXPCtrls;vcldb;vcldsnap;dac160;FMXTeeDB916;DBXDb2Driver;Intraweb_120_160;DCEF_XE2;JvCore;vclribbon;frxe16;vcl;FMXTeePro916;ComponentPackExRun;CloudService;DBXMSSQLDriver;CodeSiteExpressPkg;tmsexdxe2;JvAppFrm;JvDB;JvRuntimeDesign;tmsdxe2;FMXTee916;webdsnap;TeeDB916;OmniThreadLibraryRuntimeXE2;JclDeveloperTools;NxDBGridRun_xe2;Exg2antt;JvDocking;adortl;JvWizards;TeeLanguage916;odacvcl160;JvHMI;SivakSQLite3;TeeImage916;JvBands;vcldbx;ZDbc;frx16;ZPlain;JvPluginSystem;cepack;crcontrols160;JclContainers;TeeWorld916;FMITee916;DBXOdbcDriver;LabelPack;JvCmp;ggUtil;CPortLibDXE;JvSystem;svnui;JvTimeFramework;JvControls;NxDBGridDsgn_xe2;SynEdit_RXE2;intrawebdb_120_160;NxGridDsgn_xe2;NxCollectionRun_xe2;TeeGL916;fs16;vclactnband;JvJans;JvPrintPreview;JvPageComps;bindcompvcl;JvStdCtrls;JvCustom;Jcl;vclie;IocompDelphiXE2;NxCommonRun_xe2;GTMenuRelatedControlsDXE2;NxInspectorDsgn_xe2;tmsxlsdxe2;vcltouch;ZCore;dacvcl160;websnap;oraprov160;FMITeePro916;FMITeeDB916;VclSmp;fsDB16;TeeTree2D16Tee9;DataSnapConnectors;NxInspectorRun_xe2;DelphiModbusXE2;dsnapcon;JclVcl;JvPascalInterpreter;ZParseSql;vclx;tmswizdxe2;FmiTeeUI916;svn;FMXTeeLanguage916;bdertl;NxCollectionDsgn_xe2;QzMiniHtmlRun;JvBDE;$(DCC_UsePackage)</DCC_UsePackage>
        <VerInfo_IncludeVerInfo>true</VerInfo_IncludeVerInfo>
        <DCC_Namespace>Winapi;System.Win;Data.Win;Datasnap.Win;Web.Win;Soap.Win;Xml.Win;Bde;$(DCC_Namespace)</DCC_Namespace>
        <VerInfo_Locale>1033</VerInfo_Locale>
        <Manifest_File>$(BDS)\bin\default_app.manifest</Manifest_File>
        <VerInfo_Keys>CompanyName=;FileDescription=;FileVersion=1.0.0.0;InternalName=;LegalCopyright=;LegalTrademarks=;OriginalFilename=;ProductName=;ProductVersion=1.0.0.0;Comments=</VerInfo_Keys>
    </PropertyGroup>
    <PropertyGroup Condition="'$(Base_Win64)'!=''">
        <DCC_UsePackage>NxGridRun_xe2;NxAddonsRun_xe2;vclib;DBXSybaseASEDriver;NxCommonDsgn_xe2;NxSheetRun_xe2;vclimg;vcldb;vcldsnap;DBXDb2Driver;vcl;DBXMSSQLDriver;webdsnap;NxDBGridRun_xe2;adortl;DBXOdbcDriver;NxDBGridDsgn_xe2;NxGridDsgn_xe2;NxCollectionRun_xe2;vclactnband;bindcompvcl;vclie;NxCommonRun_xe2;NxInspectorDsgn_xe2;vcltouch;websnap;VclSmp;DataSnapConnectors;NxInspectorRun_xe2;DelphiModbusXE2;dsnapcon;vclx;NxCollectionDsgn_xe2;$(DCC_UsePackage)</DCC_UsePackage>
    </PropertyGroup>
    <PropertyGroup Condition="'$(Cfg_1)'!=''">
        <DCC_Define>DEBUG;$(DCC_Define)</DCC_Define>
        <DCC_Optimize>false</DCC_Optimize>
        <DCC_GenerateStackFrames>true</DCC_GenerateStackFrames>
        <DCC_DebugInfoInExe>true</DCC_DebugInfoInExe>
        <DCC_RemoteDebug>true</DCC_RemoteDebug>
    </PropertyGroup>
    <PropertyGroup Condition="'$(Cfg_1_Win32)'!=''">
        <DCC_Define>USEGPSM;$(DCC_Define)</DCC_Define>
        <DCC_ExeOutput>.\</DCC_ExeOutput>
        <VerInfo_IncludeVerInfo>true</VerInfo_IncludeVerInfo>
        <DCC_UnitSearchPath>E:\pjh\project\util\HiMECS\Application\Source\Common;E:\pjh\project\Common;E:\pjh\project\Common\mORMot;E:\pjh\project\Common\mORMot\SQLite3;E:\pjh\project\common;E:\pjh\project\util\HiMECS\Application\Utility\CommonFrame;E:\pjh\project\util\HiMECS\Application\Utility\ModbusComm_kumo\common;E:\pjh\project\common\DeCAL;E:\pjh\project\util\HiMECS\Application\Source\Common;E:\pjh\project\util\HiMECS\Application\Utility\Watch2\common;E:\pjh\project\util\HiMECS\Application\Source\Forms;E:\pjh\project\util\HiMECS\Application\Utility\Watch2;E:\pjh\project\util\VisualComm\util;E:\pjh\project\common\robstechcorner\rtti;E:\pjh\project\util\RMIS\Common;E:\pjh\project\common\GpDelphiUnit;E:\pjh\project\common\JWAPI\jwapi2.2a\Win32API;E:\pjh\project\common\JWAPI\jwapi2.2a\Common;$(DCC_UnitSearchPath)</DCC_UnitSearchPath>
        <VerInfo_Locale>1033</VerInfo_Locale>
        <DCC_RemoteDebug>false</DCC_RemoteDebug>
    </PropertyGroup>
    <PropertyGroup Condition="'$(Cfg_2)'!=''">
        <DCC_LocalDebugSymbols>false</DCC_LocalDebugSymbols>
        <DCC_Define>RELEASE;$(DCC_Define)</DCC_Define>
        <DCC_SymbolReferenceInfo>0</DCC_SymbolReferenceInfo>
        <DCC_DebugInformation>0</DCC_DebugInformation>
    </PropertyGroup>
    <ItemGroup>
        <DelphiCompile Include="$(MainSource)">
            <MainSource>MainSource</MainSource>
        </DelphiCompile>
        <DCCReference Include="UnitBWQueryClientMain.pas">
            <Form>Form1</Form>
        </DCCReference>
        <DCCReference Include="..\Common\UnitBWQueryInterface.pas"/>
        <DCCReference Include="UnitBWQueryConfig.pas">
            <Form>ConfigF</Form>
            <FormType>dfm</FormType>
        </DCCReference>
        <DCCReference Include="..\Common\BW_Query_Class.pas"/>
        <DCCReference Include="UnitDataView.pas">
            <Form>DataViewF</Form>
            <FormType>dfm</FormType>
        </DCCReference>
        <DCCReference Include="..\Common\UnitHhiOfficeNewsInterface.pas"/>
        <DCCReference Include="UnitDM.pas">
            <Form>DM1</Form>
            <FormType>dfm</FormType>
            <DesignClass>TDataModule</DesignClass>
        </DCCReference>
        <DCCReference Include="..\Common\UnitDPMSInfoClass.pas"/>
        <DCCReference Include="..\..\HiMECS\Application\Utility\CommonFrame\UnitFrameCommServer.pas">
            <Form>FrameCommServer</Form>
            <FormType>dfm</FormType>
            <DesignClass>TFrame</DesignClass>
        </DCCReference>
        <DCCReference Include="..\..\HiMECS\Application\Utility\CommonFrame\UnitIPCClientRMIS.pas"/>
        <DCCReference Include="..\..\HiMECS\Application\Utility\Watch2\common\IPC_BWQry_Const.pas"/>
        <DCCReference Include="..\Common\RMISConst.pas"/>
        <BuildConfiguration Include="Release">
            <Key>Cfg_2</Key>
            <CfgParent>Base</CfgParent>
        </BuildConfiguration>
        <BuildConfiguration Include="Base">
            <Key>Base</Key>
        </BuildConfiguration>
        <BuildConfiguration Include="Debug">
            <Key>Cfg_1</Key>
            <CfgParent>Base</CfgParent>
        </BuildConfiguration>
    </ItemGroup>
    <ProjectExtensions>
        <Borland.Personality>Delphi.Personality.12</Borland.Personality>
        <Borland.ProjectType/>
        <BorlandProject>
            <Delphi.Personality>
                <VersionInfo>
                    <VersionInfo Name="IncludeVerInfo">False</VersionInfo>
                    <VersionInfo Name="AutoIncBuild">False</VersionInfo>
                    <VersionInfo Name="MajorVer">1</VersionInfo>
                    <VersionInfo Name="MinorVer">0</VersionInfo>
                    <VersionInfo Name="Release">0</VersionInfo>
                    <VersionInfo Name="Build">0</VersionInfo>
                    <VersionInfo Name="Debug">False</VersionInfo>
                    <VersionInfo Name="PreRelease">False</VersionInfo>
                    <VersionInfo Name="Special">False</VersionInfo>
                    <VersionInfo Name="Private">False</VersionInfo>
                    <VersionInfo Name="DLL">False</VersionInfo>
                    <VersionInfo Name="Locale">1042</VersionInfo>
                    <VersionInfo Name="CodePage">949</VersionInfo>
                </VersionInfo>
                <VersionInfoKeys>
                    <VersionInfoKeys Name="CompanyName"/>
                    <VersionInfoKeys Name="FileDescription"/>
                    <VersionInfoKeys Name="FileVersion">1.0.0.0</VersionInfoKeys>
                    <VersionInfoKeys Name="InternalName"/>
                    <VersionInfoKeys Name="LegalCopyright"/>
                    <VersionInfoKeys Name="LegalTrademarks"/>
                    <VersionInfoKeys Name="OriginalFilename"/>
                    <VersionInfoKeys Name="ProductName"/>
                    <VersionInfoKeys Name="ProductVersion">1.0.0.0</VersionInfoKeys>
                    <VersionInfoKeys Name="Comments"/>
                </VersionInfoKeys>
                <Excluded_Packages>
                    <Excluded_Packages Name="$(BDSBIN)\dcloffice2k190.bpl">Microsoft Office 2000 Sample Automation Server Wrapper Components</Excluded_Packages>
                    <Excluded_Packages Name="$(BDSBIN)\dclofficexp190.bpl">Microsoft Office XP Sample Automation Server Wrapper Components</Excluded_Packages>
                    <Excluded_Packages Name="E:\Embarcadero\IntraWeb XIV\CrossTalk\Bin\dclCrossTalk_XE5.bpl">CrossTalk Designtime Package</Excluded_Packages>
                </Excluded_Packages>
                <Source>
                    <Source Name="MainSource">BWQueryClient.dpr</Source>
                </Source>
            </Delphi.Personality>
            <Deployment/>
            <Platforms>
                <Platform value="Win32">True</Platform>
                <Platform value="Win64">False</Platform>
            </Platforms>
        </BorlandProject>
        <ProjectFileVersion>12</ProjectFileVersion>
    </ProjectExtensions>
    <Import Condition="Exists('$(BDS)\Bin\CodeGear.Delphi.Targets')" Project="$(BDS)\Bin\CodeGear.Delphi.Targets"/>
    <Import Condition="Exists('$(APPDATA)\Embarcadero\$(BDSAPPDATABASEDIR)\$(PRODUCTVERSION)\UserTools.proj')" Project="$(APPDATA)\Embarcadero\$(BDSAPPDATABASEDIR)\$(PRODUCTVERSION)\UserTools.proj"/>
</Project>
