<Project xmlns="http://schemas.microsoft.com/developer/msbuild/2003">
    <PropertyGroup>
        <ProjectGuid>{86F13385-BFD8-441C-B8FA-807B4B98BF1A}</ProjectGuid>
        <ProjectVersion>15.3</ProjectVersion>
        <FrameworkType>VCL</FrameworkType>
        <MainSource>ACONISSystemInfo.dpr</MainSource>
        <Base>True</Base>
        <Config Condition="'$(Config)'==''">Debug</Config>
        <Platform Condition="'$(Platform)'==''">Win32</Platform>
        <TargetedPlatforms>1</TargetedPlatforms>
        <AppType>Application</AppType>
    </PropertyGroup>
    <PropertyGroup Condition="'$(Config)'=='Base' or '$(Base)'!=''">
        <Base>true</Base>
    </PropertyGroup>
    <PropertyGroup Condition="('$(Platform)'=='Win32' and '$(Base)'=='true') or '$(Base_Win32)'!=''">
        <Base_Win32>true</Base_Win32>
        <CfgParent>Base</CfgParent>
        <Base>true</Base>
    </PropertyGroup>
    <PropertyGroup Condition="('$(Platform)'=='Win64' and '$(Base)'=='true') or '$(Base_Win64)'!=''">
        <Base_Win64>true</Base_Win64>
        <CfgParent>Base</CfgParent>
        <Base>true</Base>
    </PropertyGroup>
    <PropertyGroup Condition="'$(Config)'=='Debug' or '$(Cfg_1)'!=''">
        <Cfg_1>true</Cfg_1>
        <CfgParent>Base</CfgParent>
        <Base>true</Base>
    </PropertyGroup>
    <PropertyGroup Condition="('$(Platform)'=='Win32' and '$(Cfg_1)'=='true') or '$(Cfg_1_Win32)'!=''">
        <Cfg_1_Win32>true</Cfg_1_Win32>
        <CfgParent>Cfg_1</CfgParent>
        <Cfg_1>true</Cfg_1>
        <Base>true</Base>
    </PropertyGroup>
    <PropertyGroup Condition="'$(Config)'=='Release' or '$(Cfg_2)'!=''">
        <Cfg_2>true</Cfg_2>
        <CfgParent>Base</CfgParent>
        <Base>true</Base>
    </PropertyGroup>
    <PropertyGroup Condition="'$(Base)'!=''">
        <Icon_MainIcon>$(BDS)\bin\delphi_PROJECTICON.ico</Icon_MainIcon>
        <DCC_Namespace>System;Xml;Data;Datasnap;Web;Soap;Vcl;Vcl.Imaging;Vcl.Touch;Vcl.Samples;Vcl.Shell;$(DCC_Namespace)</DCC_Namespace>
        <DCC_DcuOutput>.\$(Platform)\$(Config)</DCC_DcuOutput>
        <DCC_ExeOutput>.\$(Platform)\$(Config)</DCC_ExeOutput>
        <DCC_E>false</DCC_E>
        <DCC_N>false</DCC_N>
        <DCC_S>false</DCC_S>
        <DCC_F>false</DCC_F>
        <DCC_K>false</DCC_K>
    </PropertyGroup>
    <PropertyGroup Condition="'$(Base_Win32)'!=''">
        <VerInfo_Locale>1033</VerInfo_Locale>
        <DCC_Namespace>Winapi;System.Win;Data.Win;Datasnap.Win;Web.Win;Soap.Win;Xml.Win;Bde;$(DCC_Namespace)</DCC_Namespace>
        <Manifest_File>$(BDS)\bin\default_app.manifest</Manifest_File>
        <VerInfo_Keys>CompanyName=;FileDescription=;FileVersion=1.0.0.0;InternalName=;LegalCopyright=;LegalTrademarks=;OriginalFilename=;ProductName=;ProductVersion=1.0.0.0;Comments=</VerInfo_Keys>
        <VerInfo_IncludeVerInfo>true</VerInfo_IncludeVerInfo>
        <DCC_UsePackage>ggbar;JvBDE;JvGlobus;NxInspector6Run_dxe5;JvMM;tmsdXE5;JvManagedThreads;FireDACSqliteDriver;DBXSqliteDriver;FireDACPgDriver;fmx;NxInspector6Dsgn_dxe5;JvDlgs;IndySystem;JvCrypt;tmswizdXE5;NxCommonRun_dxe5;pjhxIOCompPkg;dacvcl190;inetdbbde;DBXInterBaseDriver;DataSnapClient;DataSnapCommon;DataSnapServer;NxCommonDsgn_dxe5;GLScene_RunTime;JvNet;DataSnapProviderClient;JvDotNetCtrls;DBXSybaseASEDriver;DbxCommonDriver;vclimg;Python_XE2;dbxcds;DatasnapConnectorsFreePascal;MetropolisUILiveTile;JvXPCtrls;pkCindyPackDXE5;vcldb;ggbutton;vcldsnap;NxGrid6Dsgn_dxe5;fmxFireDAC;NxStandard6Dsgn_dxe5;DBXDb2Driver;DCP_XE5;DBXOracleDriver;CustomIPTransport;JvCore;vclribbon;dsnap;IndyIPServer;NxInspectorRun_dxe5;fmxase;vcl;IndyCore;ComponentPackExRun;IndyIPCommon;CloudService;DBXMSSQLDriver;CodeSiteExpressPkg;FireDACIBDriver;odac190;NxStandard6Run_dxe5;DataSnapFireDAC;FireDACDBXDriver;JvAppFrm;JvDB;JvRuntimeDesign;DragDropDXE5;inetdbxpress;JclDeveloperTools;FireDACDb2Driver;A2_pjhCompSharedPkg;JvDocking;adortl;DelphiModbusXE5;JvWizards;adxolBuildD19;NxDBGrid6Dsgn_dxe5;NxGridDsgn_dxe5;FireDACASADriver;dacfmx190;JvHMI;bindcompfmx;NxLayout6Run_dxe5;JvBands;vcldbx;IocompDelphiXE5;FireDACODBCDriver;NxDBGridRun_dxe5;rtl;dbrtl;DbxClientDriver;FireDACCommon;bindcomp;inetdb;JvPluginSystem;cepack;JclContainers;DBXOdbcDriver;LabelPack;JvCmp;vclFireDAC;adxBuildD19;NxCollection6Dsgn_dxe5;JvSystem;xmlrtl;svnui;JvTimeFramework;NxSheetRun_dxe5;JvControls;IndyProtocols;DBXMySQLDriver;FireDACCommonDriver;tmsxlsdXE5;bindengine;vclactnband;soaprtl;bindcompdbx;A1_pjhCommonUnit4ExtLib;JvJans;bindcompvcl;JvStdCtrls;JvCustom;Jcl;vclie;JvPageComps;JvPrintPreview;NxDBGrid6Run_dxe5;FireDACADSDriver;vcltouch;pkCindyDBCtrlsPackDXE5;UtilPkg;ExtLib_D_DXE5;PngComponents;dac190;NxGridRun_dxe5;odacvcl190;VclSmp;FireDACMSSQLDriver;FireDAC;VCLRESTComponents;DBXInformixDriver;OLSecManD19;NxDBGridDsgn_dxe5;DataSnapConnectors;FireDACDataSnapDriver;NxCollectionDsgn_dxe5;xIOComp;NxInspectorDsgn_dxe5;dsnapcon;DBXFirebirdDriver;inet;fmxobj;JclVcl;JvPascalInterpreter;FireDACMySQLDriver;BCHexEditor.Package.Runtime;vclx;svn;DBXSybaseASADriver;tmsexdXE5;FireDACOracleDriver;fmxdae;RESTComponents;NxGrid6Run_dxe5;NxCollection6Run_dxe5;bdertl;NxCollectionRun_dxe5;FireDACMSAccDriver;DataSnapIndy10ServerTransport;dbexpress;IndyIPClient;$(DCC_UsePackage)</DCC_UsePackage>
    </PropertyGroup>
    <PropertyGroup Condition="'$(Base_Win64)'!=''">
        <DCC_UsePackage>NxInspector6Run_dxe5;tmsdXE5;FireDACSqliteDriver;DBXSqliteDriver;FireDACPgDriver;fmx;NxInspector6Dsgn_dxe5;IndySystem;NxCommonRun_dxe5;DBXInterBaseDriver;DataSnapClient;DataSnapCommon;DataSnapServer;NxCommonDsgn_dxe5;DataSnapProviderClient;DBXSybaseASEDriver;DbxCommonDriver;vclimg;dbxcds;DatasnapConnectorsFreePascal;MetropolisUILiveTile;vcldb;vcldsnap;NxGrid6Dsgn_dxe5;fmxFireDAC;NxStandard6Dsgn_dxe5;DBXDb2Driver;DBXOracleDriver;CustomIPTransport;vclribbon;dsnap;IndyIPServer;NxInspectorRun_dxe5;fmxase;vcl;IndyCore;IndyIPCommon;CloudService;DBXMSSQLDriver;FireDACIBDriver;NxStandard6Run_dxe5;DataSnapFireDAC;FireDACDBXDriver;DragDropDXE5;inetdbxpress;FireDACDb2Driver;adortl;DelphiModbusXE5;adxolBuildD19;NxGridDsgn_dxe5;FireDACASADriver;bindcompfmx;NxLayout6Run_dxe5;FireDACODBCDriver;NxDBGridRun_dxe5;rtl;dbrtl;DbxClientDriver;FireDACCommon;bindcomp;inetdb;DBXOdbcDriver;vclFireDAC;adxBuildD19;NxCollection6Dsgn_dxe5;xmlrtl;NxSheetRun_dxe5;IndyProtocols;DBXMySQLDriver;FireDACCommonDriver;tmsxlsdXE5;bindengine;vclactnband;soaprtl;bindcompdbx;bindcompvcl;vclie;NxDBGrid6Run_dxe5;FireDACADSDriver;vcltouch;PngComponents;NxGridRun_dxe5;VclSmp;FireDACMSSQLDriver;FireDAC;VCLRESTComponents;DBXInformixDriver;OLSecManD19;NxDBGridDsgn_dxe5;DataSnapConnectors;FireDACDataSnapDriver;NxCollectionDsgn_dxe5;NxInspectorDsgn_dxe5;dsnapcon;DBXFirebirdDriver;inet;fmxobj;FireDACMySQLDriver;vclx;DBXSybaseASADriver;tmsexdXE5;FireDACOracleDriver;fmxdae;RESTComponents;NxGrid6Run_dxe5;NxCollection6Run_dxe5;NxCollectionRun_dxe5;FireDACMSAccDriver;DataSnapIndy10ServerTransport;dbexpress;IndyIPClient;$(DCC_UsePackage)</DCC_UsePackage>
    </PropertyGroup>
    <PropertyGroup Condition="'$(Cfg_1)'!=''">
        <DCC_Define>DEBUG;$(DCC_Define)</DCC_Define>
        <DCC_DebugDCUs>true</DCC_DebugDCUs>
        <DCC_Optimize>false</DCC_Optimize>
        <DCC_GenerateStackFrames>true</DCC_GenerateStackFrames>
        <DCC_DebugInfoInExe>true</DCC_DebugInfoInExe>
        <DCC_RemoteDebug>true</DCC_RemoteDebug>
    </PropertyGroup>
    <PropertyGroup Condition="'$(Cfg_1_Win32)'!=''">
        <DCC_RemoteDebug>false</DCC_RemoteDebug>
    </PropertyGroup>
    <PropertyGroup Condition="'$(Cfg_2)'!=''">
        <DCC_LocalDebugSymbols>false</DCC_LocalDebugSymbols>
        <DCC_Define>RELEASE;$(DCC_Define)</DCC_Define>
        <DCC_SymbolReferenceInfo>0</DCC_SymbolReferenceInfo>
        <DCC_DebugInformation>0</DCC_DebugInformation>
    </PropertyGroup>
    <ItemGroup>
        <DelphiCompile Include="$(MainSource)">
            <MainSource>MainSource</MainSource>
        </DelphiCompile>
        <DCCReference Include="FrmAconisSystemInfo.pas">
            <Form>SetACONISF</Form>
            <FormType>dfm</FormType>
        </DCCReference>
        <DCCReference Include="..\..\..\common\UnitIniFileUtil.pas"/>
        <BuildConfiguration Include="Release">
            <Key>Cfg_2</Key>
            <CfgParent>Base</CfgParent>
        </BuildConfiguration>
        <BuildConfiguration Include="Base">
            <Key>Base</Key>
        </BuildConfiguration>
        <BuildConfiguration Include="Debug">
            <Key>Cfg_1</Key>
            <CfgParent>Base</CfgParent>
        </BuildConfiguration>
    </ItemGroup>
    <ProjectExtensions>
        <Borland.Personality>Delphi.Personality.12</Borland.Personality>
        <Borland.ProjectType/>
        <BorlandProject>
            <Delphi.Personality>
                <VersionInfo>
                    <VersionInfo Name="IncludeVerInfo">False</VersionInfo>
                    <VersionInfo Name="AutoIncBuild">False</VersionInfo>
                    <VersionInfo Name="MajorVer">1</VersionInfo>
                    <VersionInfo Name="MinorVer">0</VersionInfo>
                    <VersionInfo Name="Release">0</VersionInfo>
                    <VersionInfo Name="Build">0</VersionInfo>
                    <VersionInfo Name="Debug">False</VersionInfo>
                    <VersionInfo Name="PreRelease">False</VersionInfo>
                    <VersionInfo Name="Special">False</VersionInfo>
                    <VersionInfo Name="Private">False</VersionInfo>
                    <VersionInfo Name="DLL">False</VersionInfo>
                    <VersionInfo Name="Locale">1042</VersionInfo>
                    <VersionInfo Name="CodePage">949</VersionInfo>
                </VersionInfo>
                <VersionInfoKeys>
                    <VersionInfoKeys Name="CompanyName"/>
                    <VersionInfoKeys Name="FileDescription"/>
                    <VersionInfoKeys Name="FileVersion">1.0.0.0</VersionInfoKeys>
                    <VersionInfoKeys Name="InternalName"/>
                    <VersionInfoKeys Name="LegalCopyright"/>
                    <VersionInfoKeys Name="LegalTrademarks"/>
                    <VersionInfoKeys Name="OriginalFilename"/>
                    <VersionInfoKeys Name="ProductName"/>
                    <VersionInfoKeys Name="ProductVersion">1.0.0.0</VersionInfoKeys>
                    <VersionInfoKeys Name="Comments"/>
                    <VersionInfoKeys Name="CFBundleName"/>
                    <VersionInfoKeys Name="CFBundleDisplayName"/>
                    <VersionInfoKeys Name="UIDeviceFamily"/>
                    <VersionInfoKeys Name="CFBundleIdentifier"/>
                    <VersionInfoKeys Name="CFBundleVersion"/>
                    <VersionInfoKeys Name="CFBundlePackageType"/>
                    <VersionInfoKeys Name="CFBundleSignature"/>
                    <VersionInfoKeys Name="CFBundleAllowMixedLocalizations"/>
                    <VersionInfoKeys Name="UISupportedInterfaceOrientations"/>
                    <VersionInfoKeys Name="CFBundleExecutable"/>
                    <VersionInfoKeys Name="CFBundleResourceSpecification"/>
                    <VersionInfoKeys Name="LSRequiresIPhoneOS"/>
                    <VersionInfoKeys Name="CFBundleInfoDictionaryVersion"/>
                    <VersionInfoKeys Name="CFBundleDevelopmentRegion"/>
                    <VersionInfoKeys Name="package"/>
                    <VersionInfoKeys Name="label"/>
                    <VersionInfoKeys Name="versionCode"/>
                    <VersionInfoKeys Name="versionName"/>
                    <VersionInfoKeys Name="persistent"/>
                    <VersionInfoKeys Name="restoreAnyVersion"/>
                    <VersionInfoKeys Name="installLocation"/>
                    <VersionInfoKeys Name="largeHeap"/>
                    <VersionInfoKeys Name="theme"/>
                </VersionInfoKeys>
                <Source>
                    <Source Name="MainSource">ACONISSystemInfo.dpr</Source>
                </Source>
            </Delphi.Personality>
            <Deployment/>
            <Platforms>
                <Platform value="Win32">True</Platform>
                <Platform value="Win64">False</Platform>
            </Platforms>
        </BorlandProject>
        <ProjectFileVersion>12</ProjectFileVersion>
    </ProjectExtensions>
    <Import Project="$(BDS)\Bin\CodeGear.Delphi.Targets" Condition="Exists('$(BDS)\Bin\CodeGear.Delphi.Targets')"/>
    <Import Project="$(APPDATA)\Embarcadero\$(BDSAPPDATABASEDIR)\$(PRODUCTVERSION)\UserTools.proj" Condition="Exists('$(APPDATA)\Embarcadero\$(BDSAPPDATABASEDIR)\$(PRODUCTVERSION)\UserTools.proj')"/>
</Project>
