<?xml version="1.0" encoding="utf-8"?>
<Project xmlns="http://schemas.microsoft.com/developer/msbuild/2003">
  <PropertyGroup>
    <ProjectGuid>{85e3fc09-4363-4c72-95cd-5c901c1f3f25}</ProjectGuid>
    <MainSource>dzdbCreator.dpr</MainSource>
    <Configuration Condition=" '$(Configuration)' == '' ">Debug</Configuration>
    <Platform Condition=" '$(Platform)' == '' ">AnyCPU</Platform>
    <DCC_DCCCompiler>DCC32</DCC_DCCCompiler>
    <DCC_DependencyCheckOutputName>..\dzdbCreator.exe</DCC_DependencyCheckOutputName>
  </PropertyGroup>
  <PropertyGroup Condition=" '$(Configuration)|$(Platform)' == 'Release|AnyCPU' ">
    <Version>7.0</Version>
    <DCC_DebugInformation>False</DCC_DebugInformation>
    <DCC_WriteableConstants>True</DCC_WriteableConstants>
    <DCC_LocalDebugSymbols>False</DCC_LocalDebugSymbols>
    <DCC_IntegerOverflowCheck>True</DCC_IntegerOverflowCheck>
    <DCC_RangeChecking>True</DCC_RangeChecking>
    <DCC_SymbolReferenceInfo>0</DCC_SymbolReferenceInfo>
    <DCC_MapFile>3</DCC_MapFile>
    <DCC_ConsoleTarget>True</DCC_ConsoleTarget>
    <DCC_ExeOutput>..\out</DCC_ExeOutput>
    <DCC_DcuOutput>..\out\dcu</DCC_DcuOutput>
    <DCC_ObjOutput>..\out\dcu</DCC_ObjOutput>
    <DCC_HppOutput>..\out\dcu</DCC_HppOutput>
    <DCC_BplOutput>q:\bpl</DCC_BplOutput>
    <DCC_DcpOutput>q:\bpl\dcp</DCC_DcpOutput>
    <DCC_UnitSearchPath>..\libs\headwork\units;..\libs\headwork\forms;..\libs\3rd\openxml\xdom;..\libs\3rd\openxml\Utilities;..\libs\3rd\rxlib\units;..\libs\headwork\components\headwork;..\libs\headwork\templates;..\libs\3rd\tregexpr\source;..\libs\3rd\jcl\source\common;..\libs\3rd\jcl\source\windows;..\libs\3rd\jcl\source;..\libs\3rd\adodb;..\libs\headwork\units\errorhandling;..\libs\3rd\dztemplates\units;..\libs\3rd\dztemplates\templates;..\libs\headwork\include;..\libs\3rd\md5</DCC_UnitSearchPath>
    <DCC_ResourcePath>..\libs\headwork\units;..\libs\headwork\forms;..\libs\3rd\openxml\xdom;..\libs\3rd\openxml\Utilities;..\libs\3rd\rxlib\units;..\libs\headwork\components\headwork;..\libs\headwork\templates;..\libs\3rd\tregexpr\source;..\libs\3rd\jcl\source\common;..\libs\3rd\jcl\source\windows;..\libs\3rd\jcl\source;..\libs\3rd\adodb;..\libs\headwork\units\errorhandling;..\libs\3rd\dztemplates\units;..\libs\3rd\dztemplates\templates;..\libs\headwork\include;..\libs\3rd\md5</DCC_ResourcePath>
    <DCC_ObjPath>..\libs\headwork\units;..\libs\headwork\forms;..\libs\3rd\openxml\xdom;..\libs\3rd\openxml\Utilities;..\libs\3rd\rxlib\units;..\libs\headwork\components\headwork;..\libs\headwork\templates;..\libs\3rd\tregexpr\source;..\libs\3rd\jcl\source\common;..\libs\3rd\jcl\source\windows;..\libs\3rd\jcl\source;..\libs\3rd\adodb;..\libs\headwork\units\errorhandling;..\libs\3rd\dztemplates\units;..\libs\3rd\dztemplates\templates;..\libs\headwork\include;..\libs\3rd\md5</DCC_ObjPath>
    <DCC_IncludePath>..\libs\headwork\units;..\libs\headwork\forms;..\libs\3rd\openxml\xdom;..\libs\3rd\openxml\Utilities;..\libs\3rd\rxlib\units;..\libs\headwork\components\headwork;..\libs\headwork\templates;..\libs\3rd\tregexpr\source;..\libs\3rd\jcl\source\common;..\libs\3rd\jcl\source\windows;..\libs\3rd\jcl\source;..\libs\3rd\adodb;..\libs\headwork\units\errorhandling;..\libs\3rd\dztemplates\units;..\libs\3rd\dztemplates\templates;..\libs\headwork\include;..\libs\3rd\md5</DCC_IncludePath>
    <DCC_Define>debug;englisch;use_jedi_jcl;NO_TRANSLATION;RELEASE</DCC_Define>
    <DCC_SYMBOL_PLATFORM>False</DCC_SYMBOL_PLATFORM>
    <DCC_UNIT_PLATFORM>False</DCC_UNIT_PLATFORM>
    <DCC_Description>ReportBuilder Components</DCC_Description>
  </PropertyGroup>
  <PropertyGroup Condition=" '$(Configuration)|$(Platform)' == 'Debug|AnyCPU' ">
    <Version>7.0</Version>
    <DCC_WriteableConstants>True</DCC_WriteableConstants>
    <DCC_IntegerOverflowCheck>True</DCC_IntegerOverflowCheck>
    <DCC_RangeChecking>True</DCC_RangeChecking>
    <DCC_MapFile>3</DCC_MapFile>
    <DCC_ConsoleTarget>True</DCC_ConsoleTarget>
    <DCC_ExeOutput>..</DCC_ExeOutput>
    <DCC_DcuOutput>..\dcu</DCC_DcuOutput>
    <DCC_ObjOutput>..\dcu</DCC_ObjOutput>
    <DCC_HppOutput>..\dcu</DCC_HppOutput>
    <DCC_UnitSearchPath>..\..\..\src;..\..\..\..\dztemplates\templates;..\..\..\..\dztemplates\units;..\..\..\..\jcl\source\common;..\..\..\..\jcl\source\include;..\..\..\..\jcl\source\windows;..\..\..\..\jcl\source\vcl;..\..\..\..\jvcl\common;..\..\..\..\jvcl\run;..\..\..\..\jvcl\resources;..\..\..\..\tregexpr\Source</DCC_UnitSearchPath>
    <DCC_ResourcePath>..\..\..\src;..\..\..\..\dztemplates\templates;..\..\..\..\dztemplates\units;..\..\..\..\jcl\source\common;..\..\..\..\jcl\source\include;..\..\..\..\jcl\source\windows;..\..\..\..\jcl\source\vcl;..\..\..\..\jvcl\common;..\..\..\..\jvcl\run;..\..\..\..\jvcl\resources;..\..\..\..\tregexpr\Source</DCC_ResourcePath>
    <DCC_ObjPath>..\..\..\src;..\..\..\..\dztemplates\templates;..\..\..\..\dztemplates\units;..\..\..\..\jcl\source\common;..\..\..\..\jcl\source\include;..\..\..\..\jcl\source\windows;..\..\..\..\jcl\source\vcl;..\..\..\..\jvcl\common;..\..\..\..\jvcl\run;..\..\..\..\jvcl\resources;..\..\..\..\tregexpr\Source</DCC_ObjPath>
    <DCC_IncludePath>..\..\..\src;..\..\..\..\dztemplates\templates;..\..\..\..\dztemplates\units;..\..\..\..\jcl\source\common;..\..\..\..\jcl\source\include;..\..\..\..\jcl\source\windows;..\..\..\..\jcl\source\vcl;..\..\..\..\jvcl\common;..\..\..\..\jvcl\run;..\..\..\..\jvcl\resources;..\..\..\..\tregexpr\Source</DCC_IncludePath>
    <DCC_Define>debug;use_jedi_jcl;NO_TRANSLATION</DCC_Define>
    <DCC_SYMBOL_PLATFORM>False</DCC_SYMBOL_PLATFORM>
    <DCC_UNIT_PLATFORM>False</DCC_UNIT_PLATFORM>
    <DCC_Description>ReportBuilder Components</DCC_Description>
  </PropertyGroup>
  <ProjectExtensions>
    <Borland.Personality>Delphi.Personality</Borland.Personality>
    <Borland.ProjectType>VCLApplication</Borland.ProjectType>
    <BorlandProject>
<BorlandProject><Delphi.Personality><Parameters><Parameters Name="UseLauncher">False</Parameters><Parameters Name="LoadAllSymbols">True</Parameters><Parameters Name="LoadUnspecifiedSymbols">False</Parameters></Parameters><VersionInfo><VersionInfo Name="IncludeVerInfo">True</VersionInfo><VersionInfo Name="AutoIncBuild">True</VersionInfo><VersionInfo Name="MajorVer">1</VersionInfo><VersionInfo Name="MinorVer">0</VersionInfo><VersionInfo Name="Release">0</VersionInfo><VersionInfo Name="Build">39</VersionInfo><VersionInfo Name="Debug">False</VersionInfo><VersionInfo Name="PreRelease">False</VersionInfo><VersionInfo Name="Special">False</VersionInfo><VersionInfo Name="Private">False</VersionInfo><VersionInfo Name="DLL">False</VersionInfo><VersionInfo Name="Locale">1033</VersionInfo><VersionInfo Name="CodePage">1252</VersionInfo></VersionInfo><VersionInfoKeys><VersionInfoKeys Name="CompanyName">iCD. GmbH</VersionInfoKeys><VersionInfoKeys Name="FileDescription">Database Conversion Tool</VersionInfoKeys><VersionInfoKeys Name="FileVersion">1.0.0.39</VersionInfoKeys><VersionInfoKeys Name="InternalName">accessexport</VersionInfoKeys><VersionInfoKeys Name="LegalCopyright">copyright 2001-2004 by headwork consulting GmbH, 2005-2006 by iCD. GmbH</VersionInfoKeys><VersionInfoKeys Name="LegalTrademarks"></VersionInfoKeys><VersionInfoKeys Name="OriginalFilename">accessexport.exe</VersionInfoKeys><VersionInfoKeys Name="ProductName">iCD Database Tools</VersionInfoKeys><VersionInfoKeys Name="ProductVersion">1.0.0.0</VersionInfoKeys><VersionInfoKeys Name="Comments"></VersionInfoKeys></VersionInfoKeys><Source><Source Name="MainSource">dzdbCreator.dpr</Source></Source><Excluded_Packages>
      <Excluded_Packages Name="C:\Documents and Settings\All Users\Documents\RAD Studio\5.0\Bpl\dzComponentsD110.bpl">dzComponents designtime package</Excluded_Packages>
    </Excluded_Packages></Delphi.Personality></BorlandProject></BorlandProject>
  </ProjectExtensions>
  <Import Project="$(MSBuildBinPath)\Borland.Delphi.Targets" />
  <ItemGroup>
    <DelphiCompile Include="dzdbCreator.dpr">
      <MainSource>MainSource</MainSource>
    </DelphiCompile>
    <DCCReference Include="..\..\..\adodb\adodb_tlb.pas" />
    <DCCReference Include="..\..\..\adodb\adox_tlb.pas" />
    <DCCReference Include="..\..\..\adodb\DAO_TLB.pas" />
    <DCCReference Include="..\..\..\dbcreator\u_dzConfigSettingList.pas" />
    <DCCReference Include="..\..\..\dbcreator\u_dzDbCreatorBase.pas" />
    <DCCReference Include="..\..\..\dbcreator\u_dzDbCreatorCreateAccess.pas" />
    <DCCReference Include="..\..\..\dbcreator\u_dzDbCreatorCreateDelphi.pas" />
    <DCCReference Include="..\..\..\dbcreator\u_dzDbCreatorCreateGraphViz.pas" />
    <DCCReference Include="..\..\..\dbcreator\u_dzDbCreatorCreateHtml.pas" />
    <DCCReference Include="..\..\..\dbcreator\u_dzDbCreatorCreateMsSql.pas" />
    <DCCReference Include="..\..\..\dbcreator\u_dzDbCreatorCreateOracle.pas" />
    <DCCReference Include="..\..\..\dbcreator\u_dzDbCreatorCreateXml.pas" />
    <DCCReference Include="..\..\..\dbcreator\u_dzDbCreatorDescription.pas" />
    <DCCReference Include="..\..\..\dbcreator\u_dzDbCreatorReadAccessDb.pas" />
    <DCCReference Include="..\..\..\dbcreator\u_dzDbCreatorReadXml.pas" />
    <DCCReference Include="..\..\..\dbcreator\u_dzNameValueList.pas" />
    <DCCReference Include="..\..\..\dbcreator\u_dzScriptPositionList.pas" />
    <DCCReference Include="..\..\..\dbcreator\u_dzSqlScriptWriter.pas" />
    <DCCReference Include="..\..\..\dbcreator\u_dzVariableDescList.pas" />
    <DCCReference Include="..\..\..\dbcreator\u_dzXmlUtils.pas" />
    <DCCReference Include="..\..\..\dbcreator\u_dzXmlWriter.pas" />
    <DCCReference Include="..\..\..\dbcreator\u_dzXmlWriterInterface.pas" />
    <DCCReference Include="..\..\..\forms\w_dzWizard.pas" />
    <DCCReference Include="..\..\..\src\u_dzFileStreams.pas" />
    <DCCReference Include="..\..\..\src\u_dzLogConsole.pas" />
    <DCCReference Include="w_AddUser.pas">
      <Form>f_AddUser</Form>
    </DCCReference>
    <DCCReference Include="w_dbCreatorWizard.pas">
      <Form>f_dbCreatorWizard</Form>
    </DCCReference>
    <DCCReference Include="w_DestFile.pas">
      <Form>f_DestFile</Form>
    </DCCReference>
    <DCCReference Include="w_ExportFormat.pas">
      <Form>f_ExportFormat</Form>
    </DCCReference>
    <DCCReference Include="w_Options.pas">
      <Form>f_Options</Form>
    </DCCReference>
    <DCCReference Include="w_SourceFile.pas">
      <Form>f_SourceFile</Form>
    </DCCReference>
  </ItemGroup>
</Project>