<Project xmlns="http://schemas.microsoft.com/developer/msbuild/2003">
    <PropertyGroup>
        <ProjectGuid>{2913FB91-5272-4065-961A-E41041B985A4}</ProjectGuid>
        <MainSource>HiMECS_WatchSavep.dpr</MainSource>
        <ProjectVersion>15.3</ProjectVersion>
        <Base>True</Base>
        <Config Condition="'$(Config)'==''">Debug</Config>
        <AppType>Application</AppType>
        <FrameworkType>VCL</FrameworkType>
        <DCC_DCCCompiler>DCC32</DCC_DCCCompiler>
        <Platform Condition="'$(Platform)'==''">Win32</Platform>
        <TargetedPlatforms>1</TargetedPlatforms>
    </PropertyGroup>
    <PropertyGroup Condition="'$(Config)'=='Base' or '$(Base)'!=''">
        <Base>true</Base>
    </PropertyGroup>
    <PropertyGroup Condition="('$(Platform)'=='Win32' and '$(Base)'=='true') or '$(Base_Win32)'!=''">
        <Base_Win32>true</Base_Win32>
        <CfgParent>Base</CfgParent>
        <Base>true</Base>
    </PropertyGroup>
    <PropertyGroup Condition="('$(Platform)'=='Win64' and '$(Base)'=='true') or '$(Base_Win64)'!=''">
        <Base_Win64>true</Base_Win64>
        <CfgParent>Base</CfgParent>
        <Base>true</Base>
    </PropertyGroup>
    <PropertyGroup Condition="'$(Config)'=='Debug' or '$(Cfg_1)'!=''">
        <Cfg_1>true</Cfg_1>
        <CfgParent>Base</CfgParent>
        <Base>true</Base>
    </PropertyGroup>
    <PropertyGroup Condition="('$(Platform)'=='Win32' and '$(Cfg_1)'=='true') or '$(Cfg_1_Win32)'!=''">
        <Cfg_1_Win32>true</Cfg_1_Win32>
        <CfgParent>Cfg_1</CfgParent>
        <Cfg_1>true</Cfg_1>
        <Base>true</Base>
    </PropertyGroup>
    <PropertyGroup Condition="'$(Config)'=='Release' or '$(Cfg_2)'!=''">
        <Cfg_2>true</Cfg_2>
        <CfgParent>Base</CfgParent>
        <Base>true</Base>
    </PropertyGroup>
    <PropertyGroup Condition="('$(Platform)'=='Win32' and '$(Cfg_2)'=='true') or '$(Cfg_2_Win32)'!=''">
        <Cfg_2_Win32>true</Cfg_2_Win32>
        <CfgParent>Cfg_2</CfgParent>
        <Cfg_2>true</Cfg_2>
        <Base>true</Base>
    </PropertyGroup>
    <PropertyGroup Condition="'$(Base)'!=''">
        <VerInfo_Locale>1042</VerInfo_Locale>
        <VerInfo_Keys>CompanyName=;FileDescription=;FileVersion=1.0.0.0;InternalName=;LegalCopyright=;LegalTrademarks=;OriginalFilename=;ProductName=;ProductVersion=1.0.0.0;Comments=</VerInfo_Keys>
        <DCC_Namespace>Vcl;Vcl.Imaging;Vcl.Touch;Vcl.Samples;Vcl.Shell;System;Xml;Data;Datasnap;Web;Soap;Winapi;$(DCC_Namespace)</DCC_Namespace>
        <UsePackages>true</UsePackages>
        <DCC_UsePackage>tmsdedxe2;tmsdxe2;tmsexdxe2;tmswizdxe2;tmsxlsdxe2;cepack;CPortLibDXE;dclDelphiModbusXE2;DelphiModbusXE2;DsgnCPortDXE;ExtLib_DXE2;ggbar;ggbutton;ggUtil;IocompDelphiXE2;NxAddonsRun_xe2;NxCollectionDsgn_xe2;NxCollectionRun_xe2;NxCommonDsgn_xe2;NxCommonRun_xe2;NxDBGridDsgn_xe2;NxDBGridRun_xe2;NxGridDsgn_xe2;NxInspectorDsgn_xe2;NxInspectorRun_xe2;NxSheetRun_xe2;SivakSQLite3;$(DCC_UsePackage)</DCC_UsePackage>
        <DCC_ImageBase>00400000</DCC_ImageBase>
        <DCC_DcuOutput>.\$(Config)\$(Platform)</DCC_DcuOutput>
        <DCC_ExeOutput>.\$(Config)\$(Platform)</DCC_ExeOutput>
        <DCC_E>false</DCC_E>
        <DCC_N>false</DCC_N>
        <DCC_S>false</DCC_S>
        <DCC_F>false</DCC_F>
        <DCC_K>false</DCC_K>
    </PropertyGroup>
    <PropertyGroup Condition="'$(Base_Win32)'!=''">
        <Icon_MainIcon>HiMECS_WatchSavep_Icon.ico</Icon_MainIcon>
        <DCC_Namespace>System.Win;Data.Win;Datasnap.Win;Web.Win;Soap.Win;Xml.Win;Bde;$(DCC_Namespace)</DCC_Namespace>
        <VerInfo_IncludeVerInfo>true</VerInfo_IncludeVerInfo>
        <VerInfo_Locale>1033</VerInfo_Locale>
        <Manifest_File>$(BDS)\bin\default_app.manifest</Manifest_File>
    </PropertyGroup>
    <PropertyGroup Condition="'$(Base_Win64)'!=''">
        <Icon_MainIcon>HiMECS_WatchSavep_Icon.ico</Icon_MainIcon>
        <Manifest_File>$(BDS)\bin\default_app.manifest</Manifest_File>
    </PropertyGroup>
    <PropertyGroup Condition="'$(Cfg_1)'!=''">
        <DCC_ExeOutput>C:\pjh\project\util\HiMECS\Application\Bin\Applications\</DCC_ExeOutput>
        <DCC_Optimize>false</DCC_Optimize>
        <DCC_Define>DEBUG;$(DCC_Define)</DCC_Define>
        <DCC_GenerateStackFrames>true</DCC_GenerateStackFrames>
        <DCC_UnitSearchPath>C:\pjh\project\Common\DeCAL;C:\pjh\project\util\HiMECS\Application\Utility\ModbusComm_kumo\common;C:\pjh\project\util\HiMECS\Application\Utility\WatchSave\common;C:\pjh\project\util\GasEngineMonitoring\modbus_comm_avat\common;C:\pjh\project\util\HiMECS\Application\Utility\Watch2\common;C:\pjh\project\util\HiMECS\Application\Source\Forms;C:\pjh\project\util\HiMECS\Application\Source\Common;C:\pjh\project\util\HiMECS\Application\Utility\CommonFrame;C:\pjh\project\Common;$(DCC_UnitSearchPath)</DCC_UnitSearchPath>
    </PropertyGroup>
    <PropertyGroup Condition="'$(Cfg_1_Win32)'!=''">
        <Debugger_RunParams>/</Debugger_RunParams>
        <DCC_UsePackage>NxSheetRun_dxe5;NxCollectionDsgn_dxe5;NxCollectionRun_dxe5;NxCommonDsgn_dxe5;NxCommonRun_dxe5;NxDBGridDsgn_dxe5;NxDBGridRun_dxe5;NxGridDsgn_dxe5;NxGridRun_dxe5;NxInspectorDsgn_dxe5;NxInspectorRun_dxe5;</DCC_UsePackage>
        <DCC_ExeOutput>E:\pjh\project\util\HiMECS\Application\Bin\Applications\</DCC_ExeOutput>
        <DCC_UnitSearchPath>E:\pjh\project\Common\DeCAL;E:\pjh\project\util\HiMECS\Application\Utility\ModbusComm_kumo\common;E:\pjh\project\util\HiMECS\Application\Utility\WatchSave\common;E:\pjh\project\util\GasEngineMonitoring\modbus_comm_avat\common;E:\pjh\project\util\HiMECS\Application\Utility\Watch2\common;E:\pjh\project\util\HiMECS\Application\Source\Forms;E:\pjh\project\util\HiMECS\Application\Source\Common;E:\pjh\project\util\HiMECS\Application\Utility\CommonFrame;E:\pjh\project\Common;E:\pjh\project\common\mORMot;E:\pjh\project\common\mORMot\SQLite3;E:\pjh\project\util\HiMECS\Application\Utility\ModbusComm_Kral\common;E:\pjh\project\util\HiMECS\Application\Utility\ModbusComm_Kral\FlowMeterMonitoring\common;E:\pjh\project\util\HiMECS\Application\Utility\DataSaveAll;E:\pjh\project\util\HiMECS\Application\Utility\Watch2\common\IPCClientCommon;E:\pjh\project\util\HiMECS\Application\Utility\Watch2;E:\pjh\project\common\LKSLEventUnits;E:\pjh\project\common\Delphi-TMQTT2-master\TMQTT;E:\pjh\project\common\synapse\source\lib;$(DCC_UnitSearchPath)</DCC_UnitSearchPath>
        <VerInfo_IncludeVerInfo>true</VerInfo_IncludeVerInfo>
        <VerInfo_Locale>1033</VerInfo_Locale>
    </PropertyGroup>
    <PropertyGroup Condition="'$(Cfg_2)'!=''">
        <DCC_LocalDebugSymbols>false</DCC_LocalDebugSymbols>
        <DCC_Define>RELEASE;$(DCC_Define)</DCC_Define>
        <DCC_SymbolReferenceInfo>0</DCC_SymbolReferenceInfo>
        <DCC_DebugInformation>0</DCC_DebugInformation>
    </PropertyGroup>
    <PropertyGroup Condition="'$(Cfg_2_Win32)'!=''">
        <DCC_ExeOutput>E:\pjh\project\util\HiMECS\Application\Bin\Applications\</DCC_ExeOutput>
        <DCC_UnitSearchPath>E:\pjh\project\Common\DeCAL;E:\pjh\project\util\HiMECS\Application\Utility\ModbusComm_kumo\common;E:\pjh\project\util\HiMECS\Application\Utility\WatchSave\common;E:\pjh\project\util\GasEngineMonitoring\modbus_comm_avat\common;E:\pjh\project\util\HiMECS\Application\Utility\Watch2\common;E:\pjh\project\util\HiMECS\Application\Source\Forms;E:\pjh\project\util\HiMECS\Application\Source\Common;E:\pjh\project\util\HiMECS\Application\Utility\CommonFrame;E:\pjh\project\Common;E:\pjh\project\common\mORMot;E:\pjh\project\common\mORMot\SQLite3;E:\pjh\project\util\HiMECS\Application\Utility\ModbusComm_Kral\common;E:\pjh\project\util\HiMECS\Application\Utility\ModbusComm_Kral\FlowMeterMonitoring\common;C:\pjh\project\Common\DeCAL;C:\pjh\project\util\HiMECS\Application\Utility\ModbusComm_kumo\common;C:\pjh\project\util\HiMECS\Application\Utility\WatchSave\common;C:\pjh\project\util\GasEngineMonitoring\modbus_comm_avat\common;C:\pjh\project\util\HiMECS\Application\Utility\Watch2\common;C:\pjh\project\util\HiMECS\Application\Source\Forms;C:\pjh\project\util\HiMECS\Application\Source\Common;C:\pjh\project\util\HiMECS\Application\Utility\CommonFrame;C:\pjh\project\Common;E:\pjh\project\util\HiMECS\Application\Utility\DataSaveAll;$(DCC_UnitSearchPath)</DCC_UnitSearchPath>
        <VerInfo_IncludeVerInfo>true</VerInfo_IncludeVerInfo>
        <VerInfo_Locale>1033</VerInfo_Locale>
    </PropertyGroup>
    <ItemGroup>
        <DelphiCompile Include="$(MainSource)">
            <MainSource>MainSource</MainSource>
        </DelphiCompile>
        <DCCReference Include="HiMECS_WatchSave.pas">
            <Form>WatchSaveF</Form>
        </DCCReference>
        <DCCReference Include="WatchSaveConfig.pas">
            <Form>WatchSaveConfigF</Form>
        </DCCReference>
        <DCCReference Include="..\..\Source\Common\DragDropRecord.pas"/>
        <DCCReference Include="..\..\Source\Common\HiMECSConst.pas"/>
        <DCCReference Include="..\..\Source\Common\EngineParameterClass.pas"/>
        <DCCReference Include="UnitTestReport.pas">
            <Form>FormTestReport</Form>
        </DCCReference>
        <DCCReference Include="setCellPos\RpInfo_Unit.pas">
            <Form>RpInfo_Frm</Form>
        </DCCReference>
        <DCCReference Include="setCellPos\LocalSheet_Unit.pas">
            <Form>LocalSheet_Frm</Form>
        </DCCReference>
        <DCCReference Include="UnitCopyWatchList2.pas">
            <Form>CopyWatchListF</Form>
        </DCCReference>
        <DCCReference Include="..\..\..\..\VisualComm\util\UtilUnit.pas"/>
        <DCCReference Include="..\CommonFrame\UnitFrameDataSaveAll.pas">
            <Form>FrameDataSaveAll</Form>
            <FormType>dfm</FormType>
            <DesignClass>TFrame</DesignClass>
        </DCCReference>
        <DCCReference Include="..\Watch2\UnitCopyModeMenu.pas">
            <Form>CopyModeMenuF</Form>
        </DCCReference>
        <DCCReference Include="..\CommonFrame\UnitFrameIPCMonitorAll.pas">
            <Form>FrameIPCMonitorAll</Form>
            <DesignClass>TFrame</DesignClass>
        </DCCReference>
        <DCCReference Include="..\Watch2\UnitParameterManager.pas"/>
        <DCCReference Include="..\CommonFrame\UnitFrameWatchGrid.pas">
            <Form>FrameWatchGrid</Form>
            <DesignClass>TFrame</DesignClass>
        </DCCReference>
        <DCCReference Include="..\..\..\..\..\common\UnitMQConst.pas"/>
        <DCCReference Include="..\..\..\..\..\common\GpDelphiUnit\GpCommandLineParser.pas"/>
        <DCCReference Include="..\..\Source\Common\ExcelUtil.pas"/>
        <DCCReference Include="..\..\..\..\..\common\Generics.Legacy.pas"/>
        <DCCReference Include="..\..\..\..\..\common\UnitMQTTClass.pas"/>
        <DCCReference Include="..\..\..\..\..\common\UnitWorker4OmniMsgQ.pas"/>
        <DCCReference Include="..\..\..\..\..\common\DataSave2FileOmniThread.pas"/>
        <DCCReference Include="..\..\..\..\..\common\UnitFileUtil.pas"/>
        <DCCReference Include="..\ModbusComm_kumo\common\CommonUtil.pas"/>
        <DCCReference Include="..\Watch2\UnitCaptionInput.pas">
            <Form>CaptionInputF</Form>
            <FormType>dfm</FormType>
        </DCCReference>
        <None Include="HiMECS_WatchSavep.todo"/>
        <BuildConfiguration Include="Release">
            <Key>Cfg_2</Key>
            <CfgParent>Base</CfgParent>
        </BuildConfiguration>
        <BuildConfiguration Include="Base">
            <Key>Base</Key>
        </BuildConfiguration>
        <BuildConfiguration Include="Debug">
            <Key>Cfg_1</Key>
            <CfgParent>Base</CfgParent>
        </BuildConfiguration>
    </ItemGroup>
    <Import Condition="Exists('$(BDS)\Bin\CodeGear.Delphi.Targets')" Project="$(BDS)\Bin\CodeGear.Delphi.Targets"/>
    <ProjectExtensions>
        <Borland.Personality>Delphi.Personality.12</Borland.Personality>
        <Borland.ProjectType/>
        <BorlandProject>
            <Delphi.Personality>
                <VersionInfo>
                    <VersionInfo Name="IncludeVerInfo">False</VersionInfo>
                    <VersionInfo Name="AutoIncBuild">False</VersionInfo>
                    <VersionInfo Name="MajorVer">1</VersionInfo>
                    <VersionInfo Name="MinorVer">0</VersionInfo>
                    <VersionInfo Name="Release">0</VersionInfo>
                    <VersionInfo Name="Build">0</VersionInfo>
                    <VersionInfo Name="Debug">False</VersionInfo>
                    <VersionInfo Name="PreRelease">False</VersionInfo>
                    <VersionInfo Name="Special">False</VersionInfo>
                    <VersionInfo Name="Private">False</VersionInfo>
                    <VersionInfo Name="DLL">False</VersionInfo>
                    <VersionInfo Name="Locale">1042</VersionInfo>
                    <VersionInfo Name="CodePage">949</VersionInfo>
                </VersionInfo>
                <VersionInfoKeys>
                    <VersionInfoKeys Name="CompanyName"/>
                    <VersionInfoKeys Name="FileDescription"/>
                    <VersionInfoKeys Name="FileVersion">1.0.0.0</VersionInfoKeys>
                    <VersionInfoKeys Name="InternalName"/>
                    <VersionInfoKeys Name="LegalCopyright"/>
                    <VersionInfoKeys Name="LegalTrademarks"/>
                    <VersionInfoKeys Name="OriginalFilename"/>
                    <VersionInfoKeys Name="ProductName"/>
                    <VersionInfoKeys Name="ProductVersion">1.0.0.0</VersionInfoKeys>
                    <VersionInfoKeys Name="Comments"/>
                </VersionInfoKeys>
                <Source>
                    <Source Name="MainSource">HiMECS_WatchSavep.dpr</Source>
                </Source>
                <Excluded_Packages>
                    <Excluded_Packages Name="E:\pjh\project\util\VisualComm\Component\bpl\ExtLib_DXE5.bpl">Extension library</Excluded_Packages>
                    <Excluded_Packages Name="$(BDSBIN)\dcloffice2k190.bpl">Microsoft Office 2000 Sample Automation Server Wrapper Components</Excluded_Packages>
                    <Excluded_Packages Name="$(BDSBIN)\dclofficexp190.bpl">Microsoft Office XP Sample Automation Server Wrapper Components</Excluded_Packages>
                </Excluded_Packages>
                <Parameters>
                    <Parameters Name="RunParams">/p201111290958392811</Parameters>
                </Parameters>
            </Delphi.Personality>
            <Platforms>
                <Platform value="Win32">True</Platform>
                <Platform value="Win64">False</Platform>
            </Platforms>
        </BorlandProject>
        <ProjectFileVersion>12</ProjectFileVersion>
    </ProjectExtensions>
    <Import Condition="Exists('$(APPDATA)\Embarcadero\$(BDSAPPDATABASEDIR)\$(PRODUCTVERSION)\UserTools.proj')" Project="$(APPDATA)\Embarcadero\$(BDSAPPDATABASEDIR)\$(PRODUCTVERSION)\UserTools.proj"/>
</Project>
