<Project xmlns="http://schemas.microsoft.com/developer/msbuild/2003">
    <PropertyGroup>
        <ProjectGuid>{051F00AE-8B65-457C-B220-B6FAB1473256}</ProjectGuid>
        <MainSource>adxtoys2ol.dpr</MainSource>
        <Base>True</Base>
        <Config Condition="'$(Config)'==''">Debug</Config>
        <TargetedPlatforms>17</TargetedPlatforms>
        <AppType>Library</AppType>
        <FrameworkType>None</FrameworkType>
        <ProjectVersion>15.3</ProjectVersion>
        <Platform Condition="'$(Platform)'==''">Win32</Platform>
    </PropertyGroup>
    <PropertyGroup Condition="'$(Config)'=='Base' or '$(Base)'!=''">
        <Base>true</Base>
    </PropertyGroup>
    <PropertyGroup Condition="('$(Platform)'=='Win32' and '$(Base)'=='true') or '$(Base_Win32)'!=''">
        <Base_Win32>true</Base_Win32>
        <CfgParent>Base</CfgParent>
        <Base>true</Base>
    </PropertyGroup>
    <PropertyGroup Condition="('$(Platform)'=='Win64' and '$(Base)'=='true') or '$(Base_Win64)'!=''">
        <Base_Win64>true</Base_Win64>
        <CfgParent>Base</CfgParent>
        <Base>true</Base>
    </PropertyGroup>
    <PropertyGroup Condition="'$(Config)'=='Release' or '$(Cfg_1)'!=''">
        <Cfg_1>true</Cfg_1>
        <CfgParent>Base</CfgParent>
        <Base>true</Base>
    </PropertyGroup>
    <PropertyGroup Condition="'$(Config)'=='Debug' or '$(Cfg_2)'!=''">
        <Cfg_2>true</Cfg_2>
        <CfgParent>Base</CfgParent>
        <Base>true</Base>
    </PropertyGroup>
    <PropertyGroup Condition="'$(Base)'!=''">
        <DCC_F>false</DCC_F>
        <VerInfo_Build>152</VerInfo_Build>
        <DCC_SymbolReferenceInfo>1</DCC_SymbolReferenceInfo>
        <DCC_N>true</DCC_N>
        <DCC_UsePackage>vcl;rtl;vclx;vclie;dbrtl;vcldb;bdertl;vcldbx;adortl;vclactnband;vclshlctrls;dclOffice2k;D7XLR4_R;D7OPack;dsnap;dbexpress;dbxcds;dsnapcon;$(DCC_UsePackage)</DCC_UsePackage>
        <DCC_Namespace>System;Xml;Data;Datasnap;Web;Soap;System.Win;Winapi;Vcl;$(DCC_Namespace)</DCC_Namespace>
        <DCC_ImageBase>00400000</DCC_ImageBase>
        <DCC_S>false</DCC_S>
        <DCC_E>false</DCC_E>
        <DCC_DebugInformation>true</DCC_DebugInformation>
        <VerInfo_Locale>1033</VerInfo_Locale>
        <DCC_UnitSearchPath>.\ExtMAPI;$(DCC_UnitSearchPath)</DCC_UnitSearchPath>
        <DCC_K>false</DCC_K>
        <VerInfo_Keys>CompanyName=Afalina Co., Ltd.;FileDescription=ADX Toys 2 Add-in for MS Outlook;FileVersion=2.0.0.152;InternalName=ADX Toys 2 OL;LegalCopyright=Copyright (C) 2004 Afalina Co., Ltd.;LegalTrademarks=ADX Toys (TM) and Add-in Express (TM) are trademarks of Afalina Co., Ltd.;OriginalFilename=adxtoys2ol.dll;ProductName=ADX Toys 2 for MS Outlook;ProductVersion=2.0;Comments=</VerInfo_Keys>
        <VerInfo_AutoGenVersion>true</VerInfo_AutoGenVersion>
        <GenDll>true</GenDll>
        <VerInfo_MajorVer>2</VerInfo_MajorVer>
        <VerInfo_IncludeVerInfo>true</VerInfo_IncludeVerInfo>
    </PropertyGroup>
    <PropertyGroup Condition="'$(Base_Win32)'!=''">
        <Icon_MainIcon>adxtoys2ol_Icon.ico</Icon_MainIcon>
        <DCC_Namespace>Data.Win;Datasnap.Win;Web.Win;Soap.Win;Xml.Win;Bde;$(DCC_Namespace)</DCC_Namespace>
        <VerInfo_IncludeVerInfo>true</VerInfo_IncludeVerInfo>
        <VerInfo_Locale>1033</VerInfo_Locale>
        <VerInfo_Keys>CompanyName=;FileDescription=;FileVersion=1.0.0.0;InternalName=;LegalCopyright=;LegalTrademarks=;OriginalFilename=;ProductName=;ProductVersion=1.0.0.0;Comments=</VerInfo_Keys>
    </PropertyGroup>
    <PropertyGroup Condition="'$(Base_Win64)'!=''">
        <Icon_MainIcon>adxtoys2ol_Icon.ico</Icon_MainIcon>
    </PropertyGroup>
    <PropertyGroup Condition="'$(Cfg_1)'!=''">
        <DCC_LocalDebugSymbols>false</DCC_LocalDebugSymbols>
        <DCC_SymbolReferenceInfo>0</DCC_SymbolReferenceInfo>
        <DCC_DebugInformation>0</DCC_DebugInformation>
        <DCC_Define>RELEASE;$(DCC_Define)</DCC_Define>
    </PropertyGroup>
    <PropertyGroup Condition="'$(Cfg_2)'!=''">
        <DCC_Define>DEBUG;$(DCC_Define)</DCC_Define>
        <DCC_Optimize>false</DCC_Optimize>
        <DCC_GenerateStackFrames>true</DCC_GenerateStackFrames>
    </PropertyGroup>
    <ItemGroup>
        <DelphiCompile Include="$(MainSource)">
            <MainSource>MainSource</MainSource>
        </DelphiCompile>
        <DCCReference Include="adxtoys2ol_TLB.pas"/>
        <DCCReference Include="adxtoys2ol_IMPL.pas">
            <Form>AddInModule</Form>
            <DesignClass>TAddInModule</DesignClass>
        </DCCReference>
        <DCCReference Include="..\Common\AdxToysForm.pas">
            <Form>frmTemplate</Form>
        </DCCReference>
        <DCCReference Include="..\Common\adxtAboutFrm.pas">
            <Form>frmAbout</Form>
        </DCCReference>
        <DCCReference Include="adxtHeadersFrm.pas">
            <Form>frmIHeaders</Form>
        </DCCReference>
        <DCCReference Include="adxtBodyFrm.pas">
            <Form>frmContent</Form>
        </DCCReference>
        <BuildConfiguration Include="Debug">
            <Key>Cfg_2</Key>
            <CfgParent>Base</CfgParent>
        </BuildConfiguration>
        <BuildConfiguration Include="Base">
            <Key>Base</Key>
        </BuildConfiguration>
        <BuildConfiguration Include="Release">
            <Key>Cfg_1</Key>
            <CfgParent>Base</CfgParent>
        </BuildConfiguration>
    </ItemGroup>
    <ProjectExtensions>
        <Borland.Personality>Delphi.Personality.12</Borland.Personality>
        <Borland.ProjectType/>
        <BorlandProject>
            <Delphi.Personality>
                <Source>
                    <Source Name="MainSource">adxtoys2ol.dpr</Source>
                </Source>
                <VersionInfo>
                    <VersionInfo Name="IncludeVerInfo">True</VersionInfo>
                    <VersionInfo Name="AutoIncBuild">True</VersionInfo>
                    <VersionInfo Name="MajorVer">2</VersionInfo>
                    <VersionInfo Name="MinorVer">0</VersionInfo>
                    <VersionInfo Name="Release">0</VersionInfo>
                    <VersionInfo Name="Build">152</VersionInfo>
                    <VersionInfo Name="Debug">False</VersionInfo>
                    <VersionInfo Name="PreRelease">False</VersionInfo>
                    <VersionInfo Name="Special">False</VersionInfo>
                    <VersionInfo Name="Private">False</VersionInfo>
                    <VersionInfo Name="DLL">False</VersionInfo>
                    <VersionInfo Name="Locale">1033</VersionInfo>
                    <VersionInfo Name="CodePage">1252</VersionInfo>
                </VersionInfo>
                <VersionInfoKeys>
                    <VersionInfoKeys Name="CompanyName">Afalina Co., Ltd.</VersionInfoKeys>
                    <VersionInfoKeys Name="FileDescription">ADX Toys 2 Add-in for MS Outlook</VersionInfoKeys>
                    <VersionInfoKeys Name="FileVersion">2.0.0.152</VersionInfoKeys>
                    <VersionInfoKeys Name="InternalName">ADX Toys 2 OL</VersionInfoKeys>
                    <VersionInfoKeys Name="LegalCopyright">Copyright (C) 2004 Afalina Co., Ltd.</VersionInfoKeys>
                    <VersionInfoKeys Name="LegalTrademarks">ADX Toys (TM) and Add-in Express (TM) are trademarks of Afalina Co., Ltd.</VersionInfoKeys>
                    <VersionInfoKeys Name="OriginalFilename">adxtoys2ol.dll</VersionInfoKeys>
                    <VersionInfoKeys Name="ProductName">ADX Toys 2 for MS Outlook</VersionInfoKeys>
                    <VersionInfoKeys Name="ProductVersion">2.0</VersionInfoKeys>
                    <VersionInfoKeys Name="Comments"/>
                </VersionInfoKeys>
            </Delphi.Personality>
            <Platforms>
                <Platform value="Android" ActiveMobileDevice="rsxe5_android">True</Platform>
                <Platform value="OSX32">False</Platform>
                <Platform value="Win32">True</Platform>
                <Platform value="Win64">False</Platform>
            </Platforms>
            <ActiveXProjectInfo>
                <version>1</version>
            </ActiveXProjectInfo>
        </BorlandProject>
        <ProjectFileVersion>12</ProjectFileVersion>
    </ProjectExtensions>
    <Import Project="$(BDS)\Bin\CodeGear.Delphi.Targets" Condition="Exists('$(BDS)\Bin\CodeGear.Delphi.Targets')"/>
    <Import Project="$(APPDATA)\Embarcadero\$(BDSAPPDATABASEDIR)\$(PRODUCTVERSION)\UserTools.proj" Condition="Exists('$(APPDATA)\Embarcadero\$(BDSAPPDATABASEDIR)\$(PRODUCTVERSION)\UserTools.proj')"/>
</Project>
