<Project xmlns="http://schemas.microsoft.com/developer/msbuild/2003">
    <PropertyGroup>
        <ProjectGuid>{CD5C4C46-8017-45D8-A3CE-5791FC2C0C0D}</ProjectGuid>
        <ProjectVersion>15.3</ProjectVersion>
        <FrameworkType>VCL</FrameworkType>
        <MainSource>HiTEMS_ETH.dpr</MainSource>
        <Base>True</Base>
        <Config Condition="'$(Config)'==''">Debug</Config>
        <Platform Condition="'$(Platform)'==''">Win32</Platform>
        <TargetedPlatforms>1</TargetedPlatforms>
        <AppType>Application</AppType>
    </PropertyGroup>
    <PropertyGroup Condition="'$(Config)'=='Base' or '$(Base)'!=''">
        <Base>true</Base>
    </PropertyGroup>
    <PropertyGroup Condition="('$(Platform)'=='Win32' and '$(Base)'=='true') or '$(Base_Win32)'!=''">
        <Base_Win32>true</Base_Win32>
        <CfgParent>Base</CfgParent>
        <Base>true</Base>
    </PropertyGroup>
    <PropertyGroup Condition="'$(Config)'=='Debug' or '$(Cfg_1)'!=''">
        <Cfg_1>true</Cfg_1>
        <CfgParent>Base</CfgParent>
        <Base>true</Base>
    </PropertyGroup>
    <PropertyGroup Condition="('$(Platform)'=='Win32' and '$(Cfg_1)'=='true') or '$(Cfg_1_Win32)'!=''">
        <Cfg_1_Win32>true</Cfg_1_Win32>
        <CfgParent>Cfg_1</CfgParent>
        <Cfg_1>true</Cfg_1>
        <Base>true</Base>
    </PropertyGroup>
    <PropertyGroup Condition="'$(Config)'=='Release' or '$(Cfg_2)'!=''">
        <Cfg_2>true</Cfg_2>
        <CfgParent>Base</CfgParent>
        <Base>true</Base>
    </PropertyGroup>
    <PropertyGroup Condition="'$(Base)'!=''">
        <DCC_UsePackage>fmx;IndySystem;DBXInterBaseDriver;DataSnapCommon;DataSnapClient;DataSnapServer;DataSnapProviderClient;DbxCommonDriver;dbxcds;DBXOracleDriver;CustomIPTransport;dsnap;fmxase;IndyCore;inetdbxpress;IPIndyImpl;bindcompfmx;rtl;dbrtl;DbxClientDriver;bindcomp;inetdb;xmlrtl;ibxpress;IndyProtocols;DBXMySQLDriver;bindengine;soaprtl;DBXInformixDriver;DBXFirebirdDriver;inet;fmxobj;DBXSybaseASADriver;fmxdae;dbexpress;DataSnapIndy10ServerTransport;$(DCC_UsePackage)</DCC_UsePackage>
        <Icon_MainIcon>$(BDS)\bin\delphi_PROJECTICON.ico</Icon_MainIcon>
        <DCC_Namespace>System;Xml;Data;Datasnap;Web;Soap;Vcl;Vcl.Imaging;Vcl.Touch;Vcl.Samples;Vcl.Shell;$(DCC_Namespace)</DCC_Namespace>
        <DCC_DcuOutput>.\$(Platform)\$(Config)</DCC_DcuOutput>
        <DCC_ExeOutput>.\$(Platform)\$(Config)</DCC_ExeOutput>
        <DCC_E>false</DCC_E>
        <DCC_N>false</DCC_N>
        <DCC_S>false</DCC_S>
        <DCC_F>false</DCC_F>
        <DCC_K>false</DCC_K>
    </PropertyGroup>
    <PropertyGroup Condition="'$(Base_Win32)'!=''">
        <DCC_UsePackage>JvGlobus;JvMM;NxGridRun_xe2;JvManagedThreads;NxAddonsRun_xe2;JvDlgs;JvCrypt;TeeDB;odacfmx160;Rave100VCL;vclib;inetdbbde;dacfmx160;JvNet;NxSheetRun_xe2;JvDotNetCtrls;DBXSybaseASEDriver;NxCommonDsgn_xe2;vclimg;odac160;fmi;JvXPCtrls;vcldb;vcldsnap;dac160;DBXDb2Driver;Intraweb_120_160;JvCore;vclribbon;frxe16;vcl;CloudService;DBXMSSQLDriver;FmxTeeUI;tmsexdxe2;JvAppFrm;JvDB;JvRuntimeDesign;tmsdxe2;webdsnap;JclDeveloperTools;NxDBGridRun_xe2;JvDocking;adortl;JvWizards;odacvcl160;JvHMI;JvBands;vcldbx;frx16;JvPluginSystem;crcontrols160;Tee;JclContainers;DBXOdbcDriver;JvCmp;JvSystem;svnui;JvTimeFramework;JvControls;NxDBGridDsgn_xe2;intrawebdb_120_160;frxDB16;NxGridDsgn_xe2;NxCollectionRun_xe2;fs16;TeeUI;FMXTee;vclactnband;JvJans;bindcompvcl;JvStdCtrls;JvCustom;Jcl;vclie;JvPageComps;JvPrintPreview;NxCommonRun_xe2;NxInspectorDsgn_xe2;tmsxlsdxe2;vcltouch;IocompDelphiXE2;dacvcl160;websnap;oraprov160;VclSmp;fsDB16;DataSnapConnectors;NxInspectorRun_xe2;dsnapcon;JclVcl;JvPascalInterpreter;vclx;tmswizdxe2;svn;bdertl;NxCollectionDsgn_xe2;JvBDE;$(DCC_UsePackage)</DCC_UsePackage>
        <VerInfo_IncludeVerInfo>true</VerInfo_IncludeVerInfo>
        <DCC_Namespace>Winapi;System.Win;Data.Win;Datasnap.Win;Web.Win;Soap.Win;Xml.Win;Bde;$(DCC_Namespace)</DCC_Namespace>
        <VerInfo_Locale>1033</VerInfo_Locale>
        <Manifest_File>$(BDS)\bin\default_app.manifest</Manifest_File>
        <VerInfo_Keys>CompanyName=;FileDescription=;FileVersion=1.0.0.0;InternalName=;LegalCopyright=;LegalTrademarks=;OriginalFilename=;ProductName=;ProductVersion=1.0.0.0;Comments=</VerInfo_Keys>
    </PropertyGroup>
    <PropertyGroup Condition="'$(Cfg_1)'!=''">
        <DCC_Define>DEBUG;$(DCC_Define)</DCC_Define>
        <DCC_Optimize>false</DCC_Optimize>
        <DCC_GenerateStackFrames>true</DCC_GenerateStackFrames>
        <DCC_DebugInfoInExe>true</DCC_DebugInfoInExe>
        <DCC_RemoteDebug>true</DCC_RemoteDebug>
    </PropertyGroup>
    <PropertyGroup Condition="'$(Cfg_1_Win32)'!=''">
        <Debugger_RunParams>A489069</Debugger_RunParams>
        <VerInfo_IncludeVerInfo>true</VerInfo_IncludeVerInfo>
        <DCC_ExeOutput>E:\pjh\project\util\HiTEMS_CBY\22.HiTEMS_ETH_CBY\Source\bin\</DCC_ExeOutput>
        <VerInfo_Locale>1033</VerInfo_Locale>
        <DCC_RemoteDebug>false</DCC_RemoteDebug>
    </PropertyGroup>
    <PropertyGroup Condition="'$(Cfg_2)'!=''">
        <DCC_LocalDebugSymbols>false</DCC_LocalDebugSymbols>
        <DCC_Define>RELEASE;$(DCC_Define)</DCC_Define>
        <DCC_SymbolReferenceInfo>0</DCC_SymbolReferenceInfo>
        <DCC_DebugInformation>0</DCC_DebugInformation>
    </PropertyGroup>
    <ItemGroup>
        <DelphiCompile Include="$(MainSource)">
            <MainSource>MainSource</MainSource>
        </DelphiCompile>
        <DCCReference Include="Forms\Main_Form\main_Unit.pas">
            <Form>main_Frm</Form>
            <FormType>dfm</FormType>
        </DCCReference>
        <DCCReference Include="Forms\Main_Form\home_Unit.pas">
            <Form>home_Frm</Form>
        </DCCReference>
        <DCCReference Include="Forms\Common\HiTEMS_ETH_CONST.pas"/>
        <DCCReference Include="Forms\Sub_Form\saveNotification_Unit.pas">
            <Form>saveNotification_Frm</Form>
        </DCCReference>
        <DCCReference Include="Forms\Sub_Form\workerList_Unit.pas">
            <Form>workerList_Frm</Form>
        </DCCReference>
        <DCCReference Include="Forms\DataModule_Unit.pas">
            <Form>DM1</Form>
            <DesignClass>TDataModule</DesignClass>
        </DCCReference>
        <DCCReference Include="Forms\Sub_Form\addRoot_Unit.pas">
            <Form>addRoot_Frm</Form>
            <FormType>dfm</FormType>
        </DCCReference>
        <DCCReference Include="Forms\Sub_Form\historyList_Unit.pas">
            <Form>historyList_Frm</Form>
            <FormType>dfm</FormType>
        </DCCReference>
        <DCCReference Include="Forms\Main_Form\newMounted_Unit.pas">
            <Form>newMounted_Frm</Form>
        </DCCReference>
        <DCCReference Include="Forms\Main_Form\mountedHistory_Unit.pas">
            <Form>mountedHistory_Frm</Form>
        </DCCReference>
        <DCCReference Include="Forms\Code_Form\HitemsAddCode_Unit.pas">
            <Form>HitemsAddCode_Frm</Form>
            <FormType>dfm</FormType>
        </DCCReference>
        <DCCReference Include="Forms\Code_Form\HitemsCode_Unit.pas">
            <Form>HitemsCode_Frm</Form>
        </DCCReference>
        <DCCReference Include="Forms\Code_Form\newMs_Unit.pas">
            <Form>newMs_Frm</Form>
        </DCCReference>
        <DCCReference Include="Forms\Sub_Form\addDurability_Unit.pas">
            <Form>addDurability_Frm</Form>
        </DCCReference>
        <DCCReference Include="Forms\Sub_Form\MountedGrid_Unit.pas">
            <Form>mountedGrid_Frm</Form>
            <FormType>dfm</FormType>
        </DCCReference>
        <DCCReference Include="Forms\Sub_Form\imgViewer_Unit.pas">
            <Form>imgViewer_Frm</Form>
        </DCCReference>
        <DCCReference Include="Forms\Sub_Form\progress_Unit.pas">
            <Form>progress_Frm</Form>
            <FormType>dfm</FormType>
        </DCCReference>
        <DCCReference Include="Forms\Sub_Form\lcalDataSheet_Unit.pas">
            <Form>localDataSheet_Frm</Form>
            <FormType>dfm</FormType>
        </DCCReference>
        <DCCReference Include="Forms\Code_Form\HitemsAddGroup_Unit.pas">
            <Form>HitemsAddGroup_Frm</Form>
        </DCCReference>
        <DCCReference Include="Forms\Main_Form\newTestHistory_Unit.pas">
            <Form>newTestHistory_Frm</Form>
            <FormType>dfm</FormType>
        </DCCReference>
        <DCCReference Include="Forms\Sub_Form\msCheckView_Unit.pas">
            <Form>msCheckView_Frm</Form>
            <FormType>dfm</FormType>
        </DCCReference>
        <DCCReference Include="Forms\Sub_Form\testDetail_Unit.pas">
            <Form>testDetail_Frm</Form>
            <FormType>dfm</FormType>
        </DCCReference>
        <DCCReference Include="Forms\Sub_Form\searchHistory_Unit.pas">
            <Form>searchHistory_Frm</Form>
            <FormType>dfm</FormType>
        </DCCReference>
        <DCCReference Include="Forms\Sub_Form\analysis_Unit.pas">
            <Form>analysis_Frm</Form>
            <FormType>dfm</FormType>
        </DCCReference>
        <DCCReference Include="Forms\Common\HiTEMS_ETH_COMMON.pas"/>
        <DCCReference Include="..\..\00.CommonUtils\CommonUtil_Unit.pas"/>
        <DCCReference Include="..\..\00.CommonUtils\imagefunctions_Unit.pas"/>
        <BuildConfiguration Include="Release">
            <Key>Cfg_2</Key>
            <CfgParent>Base</CfgParent>
        </BuildConfiguration>
        <BuildConfiguration Include="Base">
            <Key>Base</Key>
        </BuildConfiguration>
        <BuildConfiguration Include="Debug">
            <Key>Cfg_1</Key>
            <CfgParent>Base</CfgParent>
        </BuildConfiguration>
    </ItemGroup>
    <ProjectExtensions>
        <Borland.Personality>Delphi.Personality.12</Borland.Personality>
        <Borland.ProjectType/>
        <BorlandProject>
            <Delphi.Personality>
                <VersionInfo>
                    <VersionInfo Name="IncludeVerInfo">False</VersionInfo>
                    <VersionInfo Name="AutoIncBuild">False</VersionInfo>
                    <VersionInfo Name="MajorVer">1</VersionInfo>
                    <VersionInfo Name="MinorVer">0</VersionInfo>
                    <VersionInfo Name="Release">0</VersionInfo>
                    <VersionInfo Name="Build">0</VersionInfo>
                    <VersionInfo Name="Debug">False</VersionInfo>
                    <VersionInfo Name="PreRelease">False</VersionInfo>
                    <VersionInfo Name="Special">False</VersionInfo>
                    <VersionInfo Name="Private">False</VersionInfo>
                    <VersionInfo Name="DLL">False</VersionInfo>
                    <VersionInfo Name="Locale">1042</VersionInfo>
                    <VersionInfo Name="CodePage">949</VersionInfo>
                </VersionInfo>
                <VersionInfoKeys>
                    <VersionInfoKeys Name="CompanyName"/>
                    <VersionInfoKeys Name="FileDescription"/>
                    <VersionInfoKeys Name="FileVersion">1.0.0.0</VersionInfoKeys>
                    <VersionInfoKeys Name="InternalName"/>
                    <VersionInfoKeys Name="LegalCopyright"/>
                    <VersionInfoKeys Name="LegalTrademarks"/>
                    <VersionInfoKeys Name="OriginalFilename"/>
                    <VersionInfoKeys Name="ProductName"/>
                    <VersionInfoKeys Name="ProductVersion">1.0.0.0</VersionInfoKeys>
                    <VersionInfoKeys Name="Comments"/>
                </VersionInfoKeys>
                <Source>
                    <Source Name="MainSource">HiTEMS_ETH.dpr</Source>
                </Source>
                <Excluded_Packages>
                    <Excluded_Packages Name="$(BDSBIN)\dcloffice2k190.bpl">Microsoft Office 2000 Sample Automation Server Wrapper Components</Excluded_Packages>
                    <Excluded_Packages Name="$(BDSBIN)\dclofficexp190.bpl">Microsoft Office XP Sample Automation Server Wrapper Components</Excluded_Packages>
                </Excluded_Packages>
            </Delphi.Personality>
            <Deployment/>
            <Platforms>
                <Platform value="Win32">True</Platform>
            </Platforms>
            <ModelSupport>False</ModelSupport>
        </BorlandProject>
        <ProjectFileVersion>12</ProjectFileVersion>
    </ProjectExtensions>
    <Import Condition="Exists('$(BDS)\Bin\CodeGear.Delphi.Targets')" Project="$(BDS)\Bin\CodeGear.Delphi.Targets"/>
    <Import Condition="Exists('$(APPDATA)\Embarcadero\$(BDSAPPDATABASEDIR)\$(PRODUCTVERSION)\UserTools.proj')" Project="$(APPDATA)\Embarcadero\$(BDSAPPDATABASEDIR)\$(PRODUCTVERSION)\UserTools.proj"/>
</Project>
