<Project xmlns="http://schemas.microsoft.com/developer/msbuild/2003">
    <PropertyGroup>
        <ProjectGuid>{3A9F0C42-AF4B-4CD7-A5C5-A205E9E80D1D}</ProjectGuid>
        <ProjectVersion>15.3</ProjectVersion>
        <FrameworkType>VCL</FrameworkType>
        <MainSource>CourseManageR.dpr</MainSource>
        <Base>True</Base>
        <Config Condition="'$(Config)'==''">Debug</Config>
        <Platform Condition="'$(Platform)'==''">Win32</Platform>
        <TargetedPlatforms>1</TargetedPlatforms>
        <AppType>Application</AppType>
    </PropertyGroup>
    <PropertyGroup Condition="'$(Config)'=='Base' or '$(Base)'!=''">
        <Base>true</Base>
    </PropertyGroup>
    <PropertyGroup Condition="('$(Platform)'=='Win32' and '$(Base)'=='true') or '$(Base_Win32)'!=''">
        <Base_Win32>true</Base_Win32>
        <CfgParent>Base</CfgParent>
        <Base>true</Base>
    </PropertyGroup>
    <PropertyGroup Condition="('$(Platform)'=='Win64' and '$(Base)'=='true') or '$(Base_Win64)'!=''">
        <Base_Win64>true</Base_Win64>
        <CfgParent>Base</CfgParent>
        <Base>true</Base>
    </PropertyGroup>
    <PropertyGroup Condition="'$(Config)'=='Debug' or '$(Cfg_1)'!=''">
        <Cfg_1>true</Cfg_1>
        <CfgParent>Base</CfgParent>
        <Base>true</Base>
    </PropertyGroup>
    <PropertyGroup Condition="('$(Platform)'=='Win32' and '$(Cfg_1)'=='true') or '$(Cfg_1_Win32)'!=''">
        <Cfg_1_Win32>true</Cfg_1_Win32>
        <CfgParent>Cfg_1</CfgParent>
        <Cfg_1>true</Cfg_1>
        <Base>true</Base>
    </PropertyGroup>
    <PropertyGroup Condition="'$(Config)'=='Release' or '$(Cfg_2)'!=''">
        <Cfg_2>true</Cfg_2>
        <CfgParent>Base</CfgParent>
        <Base>true</Base>
    </PropertyGroup>
    <PropertyGroup Condition="'$(Base)'!=''">
        <Icon_MainIcon>$(BDS)\bin\delphi_PROJECTICON.ico</Icon_MainIcon>
        <DCC_Namespace>System;Xml;Data;Datasnap;Web;Soap;Vcl;Vcl.Imaging;Vcl.Touch;Vcl.Samples;Vcl.Shell;$(DCC_Namespace)</DCC_Namespace>
        <DCC_DcuOutput>.\$(Platform)\$(Config)</DCC_DcuOutput>
        <DCC_ExeOutput>.\$(Platform)\$(Config)</DCC_ExeOutput>
        <DCC_E>false</DCC_E>
        <DCC_N>false</DCC_N>
        <DCC_S>false</DCC_S>
        <DCC_F>false</DCC_F>
        <DCC_K>false</DCC_K>
    </PropertyGroup>
    <PropertyGroup Condition="'$(Base_Win32)'!=''">
        <VerInfo_IncludeVerInfo>true</VerInfo_IncludeVerInfo>
        <DCC_Namespace>Winapi;System.Win;Data.Win;Datasnap.Win;Web.Win;Soap.Win;Xml.Win;Bde;$(DCC_Namespace)</DCC_Namespace>
        <Manifest_File>$(BDS)\bin\default_app.manifest</Manifest_File>
        <DCC_UsePackage>ggbar;JvBDE;JvGlobus;JvMM;tmsdXE5;JvManagedThreads;GLCg_RunTime;GLS_NGD;FireDACSqliteDriver;DBXSqliteDriver;FireDACPgDriver;GLS_ODE;fmx;JvDlgs;IndySystem;NxCommonRun_dxe5;tmswizdXE5;JvCrypt;dacvcl190;inetdbbde;DBXInterBaseDriver;DataSnapClient;DataSnapCommon;DataSnapServer;NxCommonDsgn_dxe5;GR32_DSGN_RSXE5;JvNet;GLScene_RunTime;DataSnapProviderClient;JvDotNetCtrls;DBXSybaseASEDriver;DbxCommonDriver;PythonVCL_XE2;vclimg;Python_XE2;dbxcds;OnGuardDR;DatasnapConnectorsFreePascal;MetropolisUILiveTile;JvXPCtrls;DSPack_DXE5;ggbutton;vcldb;pkCindyPackDXE5;GLS_Computing_RunTime;vcldsnap;fmxFireDAC;DBXDb2Driver;DCP_XE5;DBXOracleDriver;CustomIPTransport;JvCore;vclribbon;dsnap;IndyIPServer;NxInspectorRun_dxe5;fmxase;vcl;IndyCore;ComponentPackExRun;odacfmx190;IndyIPCommon;CloudService;DBXMSSQLDriver;CodeSiteExpressPkg;FireDACIBDriver;crcontrols190;odac190;DCEF_XE5;DataSnapFireDAC;FireDACDBXDriver;DragDropDXE5;JvAppFrm;JvDB;JvRuntimeDesign;inetdbxpress;JclDeveloperTools;FireDACDb2Driver;JvDocking;adortl;DelphiModbusXE5;GLSS_BASS;JvWizards;adxolBuildD19;NxGridDsgn_dxe5;FireDACASADriver;JvHMI;dacfmx190;bindcompfmx;JvBands;vcldbx;oraprov190;FireDACODBCDriver;NxDBGridRun_dxe5;IocompDelphiXE5;rtl;dbrtl;DbxClientDriver;FireDACCommon;bindcomp;inetdb;JvPluginSystem;cepack;JclContainers;DBXOdbcDriver;adxBuildD19;LabelPack;vclFireDAC;JvCmp;JvSystem;xmlrtl;svnui;NxSheetRun_dxe5;JvTimeFramework;JvControls;GLSS_OpenAL;IndyProtocols;DBXMySQLDriver;FireDACCommonDriver;tmsxlsdXE5;bindengine;vclactnband;soaprtl;bindcompdbx;A1_pjhCommonUnit4ExtLib;JvJans;bindcompvcl;JvStdCtrls;JvCustom;Jcl;vclie;JvPageComps;JvPrintPreview;pkCindyDBCtrlsPackDXE5;FireDACADSDriver;vcltouch;ExtLib_D_DXE5;UtilPkg;PngComponents;dac190;NxGridRun_dxe5;NxDBGridDsgn_dxe5;VclSmp;FireDACMSSQLDriver;FireDAC;VCLRESTComponents;DBXInformixDriver;OLSecManD19;odacvcl190;DataSnapConnectors;FireDACDataSnapDriver;NxCollectionDsgn_dxe5;NLDSideBar70;GLSS_FMOD;NxInspectorDsgn_dxe5;dsnapcon;DBXFirebirdDriver;xIOComp;inet;GR32_RSXE5;fmxobj;JclVcl;JvPascalInterpreter;FireDACMySQLDriver;BCHexEditor.Package.Runtime;vclx;svn;DBXSybaseASADriver;tmsexdXE5;FireDACOracleDriver;fmxdae;RESTComponents;bdertl;NxCollectionRun_dxe5;VirtualTreesR;FireDACMSAccDriver;DataSnapIndy10ServerTransport;dbexpress;IndyIPClient;$(DCC_UsePackage)</DCC_UsePackage>
        <VerInfo_Keys>CompanyName=;FileDescription=;FileVersion=1.0.0.0;InternalName=;LegalCopyright=;LegalTrademarks=;OriginalFilename=;ProductName=;ProductVersion=1.0.0.0;Comments=</VerInfo_Keys>
        <VerInfo_Locale>1033</VerInfo_Locale>
    </PropertyGroup>
    <PropertyGroup Condition="'$(Base_Win64)'!=''">
        <DCC_UsePackage>tmsdXE5;FireDACSqliteDriver;DBXSqliteDriver;FireDACPgDriver;fmx;IndySystem;NxCommonRun_dxe5;DBXInterBaseDriver;DataSnapClient;DataSnapCommon;DataSnapServer;NxCommonDsgn_dxe5;DataSnapProviderClient;DBXSybaseASEDriver;DbxCommonDriver;vclimg;dbxcds;OnGuardDR;DatasnapConnectorsFreePascal;MetropolisUILiveTile;vcldb;vcldsnap;fmxFireDAC;DBXDb2Driver;DBXOracleDriver;CustomIPTransport;vclribbon;dsnap;IndyIPServer;NxInspectorRun_dxe5;fmxase;vcl;IndyCore;IndyIPCommon;CloudService;DBXMSSQLDriver;FireDACIBDriver;DataSnapFireDAC;FireDACDBXDriver;DragDropDXE5;inetdbxpress;FireDACDb2Driver;adortl;DelphiModbusXE5;adxolBuildD19;NxGridDsgn_dxe5;FireDACASADriver;bindcompfmx;FireDACODBCDriver;NxDBGridRun_dxe5;rtl;dbrtl;DbxClientDriver;FireDACCommon;bindcomp;inetdb;DBXOdbcDriver;adxBuildD19;vclFireDAC;xmlrtl;NxSheetRun_dxe5;IndyProtocols;DBXMySQLDriver;FireDACCommonDriver;tmsxlsdXE5;bindengine;vclactnband;soaprtl;bindcompdbx;bindcompvcl;vclie;FireDACADSDriver;vcltouch;PngComponents;NxGridRun_dxe5;NxDBGridDsgn_dxe5;VclSmp;FireDACMSSQLDriver;FireDAC;VCLRESTComponents;DBXInformixDriver;OLSecManD19;DataSnapConnectors;FireDACDataSnapDriver;NxCollectionDsgn_dxe5;NxInspectorDsgn_dxe5;dsnapcon;DBXFirebirdDriver;inet;fmxobj;FireDACMySQLDriver;vclx;DBXSybaseASADriver;tmsexdXE5;FireDACOracleDriver;fmxdae;RESTComponents;NxCollectionRun_dxe5;VirtualTreesR;FireDACMSAccDriver;DataSnapIndy10ServerTransport;dbexpress;IndyIPClient;$(DCC_UsePackage)</DCC_UsePackage>
    </PropertyGroup>
    <PropertyGroup Condition="'$(Cfg_1)'!=''">
        <DCC_Define>DEBUG;$(DCC_Define)</DCC_Define>
        <DCC_DebugDCUs>true</DCC_DebugDCUs>
        <DCC_Optimize>false</DCC_Optimize>
        <DCC_GenerateStackFrames>true</DCC_GenerateStackFrames>
        <DCC_DebugInfoInExe>true</DCC_DebugInfoInExe>
        <DCC_RemoteDebug>true</DCC_RemoteDebug>
    </PropertyGroup>
    <PropertyGroup Condition="'$(Cfg_1_Win32)'!=''">
        <DCC_ExeOutput>..\bin</DCC_ExeOutput>
        <DCC_UnitSearchPath>E:\pjh\project\OpenSrc\scrypt-for-delphi-master;$(DCC_UnitSearchPath)</DCC_UnitSearchPath>
        <DCC_DcuOutput>e:\pjh\dcu\win32</DCC_DcuOutput>
        <VerInfo_IncludeVerInfo>true</VerInfo_IncludeVerInfo>
        <VerInfo_Locale>1033</VerInfo_Locale>
        <DCC_RemoteDebug>false</DCC_RemoteDebug>
    </PropertyGroup>
    <PropertyGroup Condition="'$(Cfg_2)'!=''">
        <DCC_LocalDebugSymbols>false</DCC_LocalDebugSymbols>
        <DCC_Define>RELEASE;$(DCC_Define)</DCC_Define>
        <DCC_SymbolReferenceInfo>0</DCC_SymbolReferenceInfo>
        <DCC_DebugInformation>0</DCC_DebugInformation>
    </PropertyGroup>
    <ItemGroup>
        <DelphiCompile Include="$(MainSource)">
            <MainSource>MainSource</MainSource>
        </DelphiCompile>
        <DCCReference Include="FrmCourseManage.pas">
            <Form>CourseManageF</Form>
            <FormType>dfm</FormType>
        </DCCReference>
        <DCCReference Include="..\CertManage\UnitHGSCurriculumRecord.pas"/>
        <DCCReference Include="..\CertManage\UnitHGSCurriculumData.pas"/>
        <DCCReference Include="..\VesselList\UnitVesselData.pas"/>
        <DCCReference Include="..\..\..\common\openarr\source\VarRecUtils.pas"/>
        <DCCReference Include="FrmCourseEdit.pas">
            <Form>CourseEditF</Form>
            <FormType>dfm</FormType>
        </DCCReference>
        <DCCReference Include="..\..\..\common\Frames\FrameGSFileList.pas">
            <FormType>dfm</FormType>
        </DCCReference>
        <DCCReference Include="..\FrmFileSelect.pas">
            <FormType>dfm</FormType>
        </DCCReference>
        <DCCReference Include="..\UnitGSFileRecord.pas"/>
        <DCCReference Include="..\UnitElecServiceData.pas"/>
        <DCCReference Include="..\CommonData.pas"/>
        <BuildConfiguration Include="Release">
            <Key>Cfg_2</Key>
            <CfgParent>Base</CfgParent>
        </BuildConfiguration>
        <BuildConfiguration Include="Base">
            <Key>Base</Key>
        </BuildConfiguration>
        <BuildConfiguration Include="Debug">
            <Key>Cfg_1</Key>
            <CfgParent>Base</CfgParent>
        </BuildConfiguration>
    </ItemGroup>
    <ProjectExtensions>
        <Borland.Personality>Delphi.Personality.12</Borland.Personality>
        <Borland.ProjectType/>
        <BorlandProject>
            <Delphi.Personality>
                <VersionInfo>
                    <VersionInfo Name="IncludeVerInfo">False</VersionInfo>
                    <VersionInfo Name="AutoIncBuild">False</VersionInfo>
                    <VersionInfo Name="MajorVer">1</VersionInfo>
                    <VersionInfo Name="MinorVer">0</VersionInfo>
                    <VersionInfo Name="Release">0</VersionInfo>
                    <VersionInfo Name="Build">0</VersionInfo>
                    <VersionInfo Name="Debug">False</VersionInfo>
                    <VersionInfo Name="PreRelease">False</VersionInfo>
                    <VersionInfo Name="Special">False</VersionInfo>
                    <VersionInfo Name="Private">False</VersionInfo>
                    <VersionInfo Name="DLL">False</VersionInfo>
                    <VersionInfo Name="Locale">1042</VersionInfo>
                    <VersionInfo Name="CodePage">949</VersionInfo>
                </VersionInfo>
                <VersionInfoKeys>
                    <VersionInfoKeys Name="CompanyName"/>
                    <VersionInfoKeys Name="FileDescription"/>
                    <VersionInfoKeys Name="FileVersion">1.0.0.0</VersionInfoKeys>
                    <VersionInfoKeys Name="InternalName"/>
                    <VersionInfoKeys Name="LegalCopyright"/>
                    <VersionInfoKeys Name="LegalTrademarks"/>
                    <VersionInfoKeys Name="OriginalFilename"/>
                    <VersionInfoKeys Name="ProductName"/>
                    <VersionInfoKeys Name="ProductVersion">1.0.0.0</VersionInfoKeys>
                    <VersionInfoKeys Name="Comments"/>
                    <VersionInfoKeys Name="CFBundleName"/>
                    <VersionInfoKeys Name="CFBundleDisplayName"/>
                    <VersionInfoKeys Name="UIDeviceFamily"/>
                    <VersionInfoKeys Name="CFBundleIdentifier"/>
                    <VersionInfoKeys Name="CFBundleVersion"/>
                    <VersionInfoKeys Name="CFBundlePackageType"/>
                    <VersionInfoKeys Name="CFBundleSignature"/>
                    <VersionInfoKeys Name="CFBundleAllowMixedLocalizations"/>
                    <VersionInfoKeys Name="UISupportedInterfaceOrientations"/>
                    <VersionInfoKeys Name="CFBundleExecutable"/>
                    <VersionInfoKeys Name="CFBundleResourceSpecification"/>
                    <VersionInfoKeys Name="LSRequiresIPhoneOS"/>
                    <VersionInfoKeys Name="CFBundleInfoDictionaryVersion"/>
                    <VersionInfoKeys Name="CFBundleDevelopmentRegion"/>
                    <VersionInfoKeys Name="package"/>
                    <VersionInfoKeys Name="label"/>
                    <VersionInfoKeys Name="versionCode"/>
                    <VersionInfoKeys Name="versionName"/>
                    <VersionInfoKeys Name="persistent"/>
                    <VersionInfoKeys Name="restoreAnyVersion"/>
                    <VersionInfoKeys Name="installLocation"/>
                    <VersionInfoKeys Name="largeHeap"/>
                    <VersionInfoKeys Name="theme"/>
                </VersionInfoKeys>
                <Source>
                    <Source Name="MainSource">CourseManageR.dpr</Source>
                </Source>
                <Excluded_Packages>
                    <Excluded_Packages Name="$(BDSBIN)\dcloffice2k190.bpl">Microsoft Office 2000 Sample Automation Server Wrapper Components</Excluded_Packages>
                    <Excluded_Packages Name="$(BDSBIN)\dclofficexp190.bpl">Microsoft Office XP Sample Automation Server Wrapper Components</Excluded_Packages>
                </Excluded_Packages>
            </Delphi.Personality>
            <Deployment/>
            <Platforms>
                <Platform value="Win32">True</Platform>
                <Platform value="Win64">False</Platform>
            </Platforms>
        </BorlandProject>
        <ProjectFileVersion>12</ProjectFileVersion>
    </ProjectExtensions>
    <Import Project="$(BDS)\Bin\CodeGear.Delphi.Targets" Condition="Exists('$(BDS)\Bin\CodeGear.Delphi.Targets')"/>
    <Import Project="$(APPDATA)\Embarcadero\$(BDSAPPDATABASEDIR)\$(PRODUCTVERSION)\UserTools.proj" Condition="Exists('$(APPDATA)\Embarcadero\$(BDSAPPDATABASEDIR)\$(PRODUCTVERSION)\UserTools.proj')"/>
</Project>
