<Project xmlns="http://schemas.microsoft.com/developer/msbuild/2003">
    <PropertyGroup>
        <ProjectGuid>{8C6FDADD-7E10-4468-A94A-266E0972D23F}</ProjectGuid>
        <MainSource>ModBusComm_내구시험장_20H1721V_2.dpr</MainSource>
        <Configuration Condition=" '$(Configuration)' == '' ">Debug</Configuration>
        <DCC_DCCCompiler>DCC32</DCC_DCCCompiler>
        <DCC_DependencyCheckOutputName>ModBusComP_multidrop.exe</DCC_DependencyCheckOutputName>
        <ProjectVersion>15.3</ProjectVersion>
        <Base>True</Base>
        <Config Condition="'$(Config)'==''">Debug</Config>
        <AppType>Application</AppType>
        <FrameworkType>VCL</FrameworkType>
        <Platform Condition="'$(Platform)'==''">Win32</Platform>
        <TargetedPlatforms>1</TargetedPlatforms>
    </PropertyGroup>
    <PropertyGroup Condition="'$(Config)'=='Base' or '$(Base)'!=''">
        <Base>true</Base>
    </PropertyGroup>
    <PropertyGroup Condition="('$(Platform)'=='Win32' and '$(Base)'=='true') or '$(Base_Win32)'!=''">
        <Base_Win32>true</Base_Win32>
        <CfgParent>Base</CfgParent>
        <Base>true</Base>
    </PropertyGroup>
    <PropertyGroup Condition="('$(Platform)'=='Win64' and '$(Base)'=='true') or '$(Base_Win64)'!=''">
        <Base_Win64>true</Base_Win64>
        <CfgParent>Base</CfgParent>
        <Base>true</Base>
    </PropertyGroup>
    <PropertyGroup Condition="'$(Config)'=='Release' or '$(Cfg_1)'!=''">
        <Cfg_1>true</Cfg_1>
        <CfgParent>Base</CfgParent>
        <Base>true</Base>
    </PropertyGroup>
    <PropertyGroup Condition="('$(Platform)'=='Win32' and '$(Cfg_1)'=='true') or '$(Cfg_1_Win32)'!=''">
        <Cfg_1_Win32>true</Cfg_1_Win32>
        <CfgParent>Cfg_1</CfgParent>
        <Cfg_1>true</Cfg_1>
        <Base>true</Base>
    </PropertyGroup>
    <PropertyGroup Condition="'$(Config)'=='Debug' or '$(Cfg_2)'!=''">
        <Cfg_2>true</Cfg_2>
        <CfgParent>Base</CfgParent>
        <Base>true</Base>
    </PropertyGroup>
    <PropertyGroup Condition="('$(Platform)'=='Win32' and '$(Cfg_2)'=='true') or '$(Cfg_2_Win32)'!=''">
        <Cfg_2_Win32>true</Cfg_2_Win32>
        <CfgParent>Cfg_2</CfgParent>
        <Cfg_2>true</Cfg_2>
        <Base>true</Base>
    </PropertyGroup>
    <PropertyGroup Condition="'$(Base)'!=''">
        <DCC_Namespace>Vcl;Vcl.Imaging;Vcl.Touch;Vcl.Samples;Vcl.Shell;System;Xml;Data;Datasnap;Web;Soap;Winapi;Bde;$(DCC_Namespace)</DCC_Namespace>
        <VerInfo_Keys>CompanyName=;FileDescription=;FileVersion=1.0.0.0;InternalName=;LegalCopyright=;LegalTrademarks=;OriginalFilename=;ProductName=;ProductVersion=1.0.0.0;Comments=</VerInfo_Keys>
        <VerInfo_Locale>1042</VerInfo_Locale>
        <DCC_UsePackage>vclx;vcl;vclimg;dbrtl;Rave90VCL;bdertl;VclSmp;rtl;svnui;svn;vclactnband;vcldb;vcldbx;vcltouch;xmlrtl;dsnap;dsnapcon;adortl;IndyCore;IndySystem;IndyProtocols;vclie;inet;websnap;webdsnap;inetdb;inetdbbde;inetdbxpress;vclribbon;dbexpress;DbxCommonDriver;DataSnapIndy10ServerTransport;DataSnapProviderClient;DbxClientDriver;DataSnapClient;dbxcds;DataSnapServer;AzureCloud;DBXInterBaseDriver;DBXMySQLDriver;DBXFirebirdDriver;DBXSybaseASEDriver;DBXSybaseASADriver;DBXOracleDriver;DBXMSSQLDriver;DBXInformixDriver;DBXDb2Driver;intrawebdb_110_150;Intraweb_110_150;soaprtl;tmsd2011;tmsexd2011;tmsxlsd2011;tmswizd2011;dacvcl150;dac150;crcontrols150;odacvcl150;odac150;oraprov150;sdlbasepack_rt_97XE;sdlmathpack_97XE;sdlmathpack_rt_97XE;sdlchempack_97XE;sdlchempack_rt_97XE;sdlguipack_97XE;sdlguipack_rt_97XE;sdlchartpack_97XE;sdlchartpack_rt_97XE;sdlgeopack_97XE;sdlgeopack_rt_97XE;ggbar;SivakSQLite3;OmniThreadLibraryRuntimeXE;SynEdit_RXE;DCPdelphi2009;LabelPack;CPortLibDXE;ggbutton;DelphiModbusXE;JclDeveloperTools;Jcl;JclVcl;JclContainers;JvCore;JvSystem;JvStdCtrls;JvAppFrm;JvBands;JvDB;JvDlgs;JvBDE;JvControls;JvCmp;JvCrypt;JvCustom;JvDocking;JvDotNetCtrls;JvGlobus;JvHMI;JvJans;JvManagedThreads;JvMM;JvNet;JvPageComps;JvPascalInterpreter;JvPluginSystem;JvPrintPreview;JvRuntimeDesign;JvTimeFramework;JvWizards;JvXPCtrls;GLScene_RunTime;GLS_Computing_RunTime;GLCg_RunTime;GLS_NGD;GLS_ODE;GLSS_FMOD;GLSS_OpenAL;IocompDelphiXE;ggUtil;OverbyteIcsDXeRun;cepack;NxCommonRun_xe;NxGridRun_xe;NxGridDsgn_xe;NxDBGridRun_xe;NxInspectorRun_xe;NxCollectionRun_xe;NxCommonDsgn_xe;NxDBGridDsgn_xe;NxInspectorDsgn_xe;NxCollectionDsgn_xe;NxAddonsRun_xe;NxSheetRun_xe;GLibDXE;$(DCC_UsePackage)</DCC_UsePackage>
    </PropertyGroup>
    <PropertyGroup Condition="'$(Base_Win32)'!=''">
        <VerInfo_IncludeVerInfo>true</VerInfo_IncludeVerInfo>
        <Icon_MainIcon>ModBusComP_multidrop_Icon.ico</Icon_MainIcon>
        <DCC_Namespace>System.Win;Data.Win;Datasnap.Win;Web.Win;Soap.Win;Xml.Win;$(DCC_Namespace)</DCC_Namespace>
        <VerInfo_Locale>1033</VerInfo_Locale>
        <Manifest_File>$(BDS)\bin\default_app.manifest</Manifest_File>
    </PropertyGroup>
    <PropertyGroup Condition="'$(Base_Win64)'!=''">
        <Icon_MainIcon>ModBusComP_multidrop_Icon.ico</Icon_MainIcon>
    </PropertyGroup>
    <PropertyGroup Condition="'$(Cfg_1)'!=''">
        <Version>7.0</Version>
        <DCC_DebugInformation>0</DCC_DebugInformation>
        <DCC_LocalDebugSymbols>False</DCC_LocalDebugSymbols>
        <DCC_SymbolReferenceInfo>0</DCC_SymbolReferenceInfo>
        <DCC_Define>RELEASE;$(DCC_Define)</DCC_Define>
    </PropertyGroup>
    <PropertyGroup Condition="'$(Cfg_1_Win32)'!=''">
        <DCC_ExeOutput>E:\pjh\project\util\HiMECS\Application\Bin\Applications\</DCC_ExeOutput>
        <DCC_UnitSearchPath>E:\pjh\project\Common\DeCAL;E:\pjh\project\util\HiMECS\Application\Source\Common;E:\pjh\project\util\HiMECS\Application\Utility\Watch2\common;E:\pjh\project\util\HiMECS\Application\Utility\ModbusComm_Woodward\common;E:\pjh\project\util\HiMECS\Application\Utility\ModbusComm_kumo\common;E:\pjh\project\common\mORMot;E:\pjh\project\common\mORMot\SQLite3;E:\pjh\project\common;C:\pjh\project\util\HiMECS\Application\Utility\ModbusComm_kumo\common;C:\pjh\project\Common\DeCAL;C:\pjh\project\util\HiMECS\Application\Source\Common;C:\pjh\project\util\HiMECS\Application\Utility\Watch2\common;$(DCC_UnitSearchPath)</DCC_UnitSearchPath>
        <VerInfo_IncludeVerInfo>true</VerInfo_IncludeVerInfo>
        <VerInfo_Locale>1033</VerInfo_Locale>
    </PropertyGroup>
    <PropertyGroup Condition="'$(Cfg_2)'!=''">
        <Version>7.0</Version>
        <DCC_Define>DEBUG;$(DCC_Define)</DCC_Define>
        <DCC_UnitSearchPath>C:\pjh\project\util\HiMECS\Application\Utility\ModbusComm_kumo\common;C:\pjh\project\Common\DeCAL;C:\pjh\project\util\HiMECS\Application\Source\Common;C:\pjh\project\util\HiMECS\Application\Utility\Watch2\common;$(DCC_UnitSearchPath)</DCC_UnitSearchPath>
        <DCC_ResourcePath>E:\vclbackup\dpk\공개Comm\cportu\source\gnugettext;E:\vclbackup\dpk\공개Pack\Jedi\jvcl\lib\d11;E:\vclbackup\dpk\공개Pack\Jedi\jvcl\resources;E:\pjh\project\util\HiMECS\Application\Utility\ModbusComm_kumo\common;E:\vclbackup\dpk\공개Bar\sbpro;$(DCC_ResourcePath)</DCC_ResourcePath>
        <DCC_ObjPath>E:\vclbackup\dpk\공개Comm\cportu\source\gnugettext;E:\vclbackup\dpk\공개Pack\Jedi\jvcl\lib\d11;E:\vclbackup\dpk\공개Pack\Jedi\jvcl\resources;E:\pjh\project\util\HiMECS\Application\Utility\ModbusComm_kumo\common;E:\vclbackup\dpk\공개Bar\sbpro;$(DCC_ObjPath)</DCC_ObjPath>
        <DCC_IncludePath>E:\vclbackup\dpk\공개Comm\cportu\source\gnugettext;E:\vclbackup\dpk\공개Pack\Jedi\jvcl\lib\d11;E:\vclbackup\dpk\공개Pack\Jedi\jvcl\resources;E:\pjh\project\util\HiMECS\Application\Utility\ModbusComm_kumo\common;E:\vclbackup\dpk\공개Bar\sbpro;$(DCC_IncludePath)</DCC_IncludePath>
    </PropertyGroup>
    <PropertyGroup Condition="'$(Cfg_2_Win32)'!=''">
        <Debugger_RunParams>/</Debugger_RunParams>
        <DCC_DebugInfoInExe>true</DCC_DebugInfoInExe>
        <DCC_ExeOutput>E:\pjh\project\util\HiMECS\Application\Bin\Applications\</DCC_ExeOutput>
        <DCC_UnitSearchPath>E:\pjh\project\Common\DeCAL;E:\pjh\project\util\HiMECS\Application\Source\Common;E:\pjh\project\util\HiMECS\Application\Utility\Watch2\common;E:\pjh\project\util\HiMECS\Application\Utility\ModbusComm_Woodward\common;E:\pjh\project\util\HiMECS\Application\Utility\ModbusComm_kumo\common;E:\pjh\project\common\mORMot;E:\pjh\project\common\mORMot\SQLite3;E:\pjh\project\common;E:\pjh\project\common\LKSLEventUnits;$(DCC_UnitSearchPath)</DCC_UnitSearchPath>
        <VerInfo_IncludeVerInfo>true</VerInfo_IncludeVerInfo>
        <VerInfo_Locale>1033</VerInfo_Locale>
    </PropertyGroup>
    <ProjectExtensions>
        <Borland.Personality>Delphi.Personality.12</Borland.Personality>
        <Borland.ProjectType>VCLApplication</Borland.ProjectType>
        <BorlandProject>
            <Delphi.Personality>
                <Parameters/>
                <VersionInfo>
                    <VersionInfo Name="IncludeVerInfo">False</VersionInfo>
                    <VersionInfo Name="AutoIncBuild">False</VersionInfo>
                    <VersionInfo Name="MajorVer">1</VersionInfo>
                    <VersionInfo Name="MinorVer">0</VersionInfo>
                    <VersionInfo Name="Release">0</VersionInfo>
                    <VersionInfo Name="Build">0</VersionInfo>
                    <VersionInfo Name="Debug">False</VersionInfo>
                    <VersionInfo Name="PreRelease">False</VersionInfo>
                    <VersionInfo Name="Special">False</VersionInfo>
                    <VersionInfo Name="Private">False</VersionInfo>
                    <VersionInfo Name="DLL">False</VersionInfo>
                    <VersionInfo Name="Locale">1042</VersionInfo>
                    <VersionInfo Name="CodePage">949</VersionInfo>
                </VersionInfo>
                <VersionInfoKeys>
                    <VersionInfoKeys Name="CompanyName"/>
                    <VersionInfoKeys Name="FileDescription"/>
                    <VersionInfoKeys Name="FileVersion">1.0.0.0</VersionInfoKeys>
                    <VersionInfoKeys Name="InternalName"/>
                    <VersionInfoKeys Name="LegalCopyright"/>
                    <VersionInfoKeys Name="LegalTrademarks"/>
                    <VersionInfoKeys Name="OriginalFilename"/>
                    <VersionInfoKeys Name="ProductName"/>
                    <VersionInfoKeys Name="ProductVersion">1.0.0.0</VersionInfoKeys>
                    <VersionInfoKeys Name="Comments"/>
                </VersionInfoKeys>
                <Source>
                    <Source Name="MainSource">ModBusComm_내구시험장_20H1721V_2.dpr</Source>
                </Source>
                <Excluded_Packages>
                    <Excluded_Packages Name="$(BDSBIN)\dcloffice2k190.bpl">Microsoft Office 2000 Sample Automation Server Wrapper Components</Excluded_Packages>
                    <Excluded_Packages Name="$(BDSBIN)\dclofficexp190.bpl">Microsoft Office XP Sample Automation Server Wrapper Components</Excluded_Packages>
                    <Excluded_Packages Name="E:\Embarcadero\IntraWeb XIV\CrossTalk\Bin\dclCrossTalk_XE5.bpl">CrossTalk Designtime Package</Excluded_Packages>
                    <Excluded_Packages Name="$(BDSBIN)\dclIntraweb_14_DXE5.bpl">IntraWeb 14.0 Design Package for RAD Studio XE5</Excluded_Packages>
                </Excluded_Packages>
            </Delphi.Personality>
            <Platforms>
                <Platform value="Win32">True</Platform>
                <Platform value="Win64">False</Platform>
            </Platforms>
        </BorlandProject>
        <ProjectFileVersion>12</ProjectFileVersion>
    </ProjectExtensions>
    <ItemGroup>
        <DelphiCompile Include="$(MainSource)">
            <MainSource>MainSource</MainSource>
        </DelphiCompile>
        <DCCReference Include="ModbusCom_main.pas">
            <Form>ModbusComF</Form>
        </DCCReference>
        <DCCReference Include="ModBusTCPWagoThread.pas"/>
        <DCCReference Include="ModBusComThread.pas"/>
        <DCCReference Include="ModBusTCPThread.pas"/>
        <DCCReference Include="ModbusConfig.pas">
            <Form>ModbusConfigF</Form>
        </DCCReference>
        <DCCReference Include="..\..\Source\Common\HiMECSConst.pas"/>
        <DCCReference Include="..\..\..\..\..\common\IPCThreadEvent.pas"/>
        <DCCReference Include="..\..\..\..\..\common\IPCThrdClient_Generic.pas"/>
        <DCCReference Include="..\CommonFrame\UnitIPCClientAll.pas"/>
        <DCCReference Include="common\IPC_ModbusComm_Const.pas"/>
        <DCCReference Include="..\..\..\..\..\common\IPCThrdMonitor_Generic.pas"/>
        <DCCReference Include="..\Watch2\common\IPC_Modbus_Standard_Const.pas"/>
        <DCCReference Include="common\IdModBusSerialClient.pas"/>
        <DCCReference Include="common\ModBusSerialTypes.pas"/>
        <DCCReference Include="ModbusCom_Recv.pas">
            <Form>DisplayRecvF</Form>
            <FormType>dfm</FormType>
        </DCCReference>
        <DCCReference Include="..\..\..\..\..\common\UnitSTOMPClass.pas"/>
        <DCCReference Include="..\..\..\..\..\common\UnitWorker4OmniMsgQ.pas"/>
        <BuildConfiguration Include="Debug">
            <Key>Cfg_2</Key>
            <CfgParent>Base</CfgParent>
        </BuildConfiguration>
        <BuildConfiguration Include="Base">
            <Key>Base</Key>
        </BuildConfiguration>
        <BuildConfiguration Include="Release">
            <Key>Cfg_1</Key>
            <CfgParent>Base</CfgParent>
        </BuildConfiguration>
    </ItemGroup>
    <Import Condition="Exists('$(BDS)\Bin\CodeGear.Delphi.Targets')" Project="$(BDS)\Bin\CodeGear.Delphi.Targets"/>
    <Import Condition="Exists('$(APPDATA)\Embarcadero\$(BDSAPPDATABASEDIR)\$(PRODUCTVERSION)\UserTools.proj')" Project="$(APPDATA)\Embarcadero\$(BDSAPPDATABASEDIR)\$(PRODUCTVERSION)\UserTools.proj"/>
</Project>
