	<Project xmlns="http://schemas.microsoft.com/developer/msbuild/2003">
		<PropertyGroup>
			<ProjectGuid>{58ed48ae-5960-43bb-8cd5-79ed6bbede93}</ProjectGuid>
			<MainSource>dzadodb.dpk</MainSource>
			<Configuration Condition=" '$(Configuration)' == '' ">Debug</Configuration>
			<DCC_DCCCompiler>DCC32</DCC_DCCCompiler>
			<DCC_DependencyCheckOutputName>C:\Users\Public\Documents\RAD Studio\5.0\Bpl\dzadodb100.bpl</DCC_DependencyCheckOutputName>
			<FrameworkType>VCL</FrameworkType>
			<ProjectVersion>13.4</ProjectVersion>
			<Base>True</Base>
			<Config Condition="'$(Config)'==''">Debug</Config>
			<Platform Condition="'$(Platform)'==''">Win32</Platform>
			<TargetedPlatforms>1</TargetedPlatforms>
			<AppType>Package</AppType>
		</PropertyGroup>
		<PropertyGroup Condition="'$(Config)'=='Base' or '$(Base)'!=''">
			<Base>true</Base>
		</PropertyGroup>
		<PropertyGroup Condition="('$(Platform)'=='Win32' and '$(Base)'=='true') or '$(Base_Win32)'!=''">
			<Base_Win32>true</Base_Win32>
			<CfgParent>Base</CfgParent>
			<Base>true</Base>
		</PropertyGroup>
		<PropertyGroup Condition="'$(Config)'=='Release' or '$(Cfg_1)'!=''">
			<Cfg_1>true</Cfg_1>
			<CfgParent>Base</CfgParent>
			<Base>true</Base>
		</PropertyGroup>
		<PropertyGroup Condition="('$(Platform)'=='Win32' and '$(Cfg_1)'=='true') or '$(Cfg_1_Win32)'!=''">
			<Cfg_1_Win32>true</Cfg_1_Win32>
			<CfgParent>Cfg_1</CfgParent>
			<Cfg_1>true</Cfg_1>
			<Base>true</Base>
		</PropertyGroup>
		<PropertyGroup Condition="'$(Config)'=='Debug' or '$(Cfg_2)'!=''">
			<Cfg_2>true</Cfg_2>
			<CfgParent>Base</CfgParent>
			<Base>true</Base>
		</PropertyGroup>
		<PropertyGroup Condition="('$(Platform)'=='Win32' and '$(Cfg_2)'=='true') or '$(Cfg_2_Win32)'!=''">
			<Cfg_2_Win32>true</Cfg_2_Win32>
			<CfgParent>Cfg_2</CfgParent>
			<Cfg_2>true</Cfg_2>
			<Base>true</Base>
		</PropertyGroup>
		<PropertyGroup Condition="'$(Base)'!=''">
			<DCC_DcuOutput>..\..\dcu\$(Platform)\$(Config)</DCC_DcuOutput>
			<DCC_UnitSearchPath>..\..\units;$(DCC_UnitSearchPath)</DCC_UnitSearchPath>
			<VerInfo_IncludeVerInfo>true</VerInfo_IncludeVerInfo>
			<RuntimeOnlyPackage>true</RuntimeOnlyPackage>
			<VerInfo_PreRelease>true</VerInfo_PreRelease>
			<VerInfo_MajorVer>0</VerInfo_MajorVer>
			<DCC_WriteableConstants>true</DCC_WriteableConstants>
			<DCC_Description>dz ADO components - runtime package</DCC_Description>
			<DCC_Namespace>Vcl;Vcl.Imaging;Vcl.Touch;Vcl.Samples;Vcl.Shell;System;Xml;Data;Datasnap;Web;Soap;Winapi;Data.Win;System.Win;$(DCC_Namespace)</DCC_Namespace>
			<DCC_OutputNeverBuildDcps>true</DCC_OutputNeverBuildDcps>
			<GenPackage>true</GenPackage>
			<VerInfo_Locale>1031</VerInfo_Locale>
			<GenDll>true</GenDll>
			<DllSuffix>160</DllSuffix>
			<VerInfo_Debug>true</VerInfo_Debug>
			<DCC_ImageBase>00400000</DCC_ImageBase>
			<VerInfo_Keys>CompanyName=headwork-consulting GmbH;FileDescription=;FileVersion=0.0.0.0;InternalName=;LegalCopyright=;LegalTrademarks=;OriginalFilename=;ProductName=;ProductVersion=0.0.0.0;Comments=</VerInfo_Keys>
		</PropertyGroup>
		<PropertyGroup Condition="'$(Base_Win32)'!=''">
			<DCC_Namespace>Datasnap.Win;Web.Win;Soap.Win;Xml.Win;Bde;$(DCC_Namespace)</DCC_Namespace>
			<VerInfo_Locale>1033</VerInfo_Locale>
			<VerInfo_Keys>CompanyName=;FileDescription=;FileVersion=1.0.0.0;InternalName=;LegalCopyright=;LegalTrademarks=;OriginalFilename=;ProductName=;ProductVersion=1.0.0.0;Comments=</VerInfo_Keys>
		</PropertyGroup>
		<PropertyGroup Condition="'$(Cfg_1)'!=''">
			<Version>7.0</Version>
			<DCC_DebugInformation>False</DCC_DebugInformation>
			<DCC_WriteableConstants>True</DCC_WriteableConstants>
			<DCC_LocalDebugSymbols>False</DCC_LocalDebugSymbols>
			<DCC_SymbolReferenceInfo>0</DCC_SymbolReferenceInfo>
			<DCC_MapFile>3</DCC_MapFile>
			<DCC_ResourcePath>..\..\units;$(DCC_ResourcePath)</DCC_ResourcePath>
			<DCC_ObjPath>..\..\units;$(DCC_ObjPath)</DCC_ObjPath>
			<DCC_IncludePath>..\..\units;$(DCC_IncludePath)</DCC_IncludePath>
			<DCC_Define>englisch;RELEASE;$(DCC_Define)</DCC_Define>
			<DCC_UNSAFE_TYPE>True</DCC_UNSAFE_TYPE>
			<DCC_UNSAFE_CODE>True</DCC_UNSAFE_CODE>
			<DCC_UNSAFE_CAST>True</DCC_UNSAFE_CAST>
		</PropertyGroup>
		<PropertyGroup Condition="'$(Cfg_1_Win32)'!=''">
			<VerInfo_Keys>CompanyName=;FileDescription=;FileVersion=1.0.0.0;InternalName=;LegalCopyright=;LegalTrademarks=;OriginalFilename=;ProductName=;ProductVersion=1.0.0.0;Comments=</VerInfo_Keys>
			<VerInfo_Locale>1033</VerInfo_Locale>
		</PropertyGroup>
		<PropertyGroup Condition="'$(Cfg_2)'!=''">
			<Version>7.0</Version>
			<DCC_WriteableConstants>True</DCC_WriteableConstants>
			<DCC_MapFile>3</DCC_MapFile>
			<DCC_ObjOutput>..\..\dcu</DCC_ObjOutput>
			<DCC_HppOutput>..\..\dcu</DCC_HppOutput>
			<DCC_UNSAFE_TYPE>True</DCC_UNSAFE_TYPE>
			<DCC_UNSAFE_CODE>True</DCC_UNSAFE_CODE>
			<DCC_UNSAFE_CAST>True</DCC_UNSAFE_CAST>
		</PropertyGroup>
		<PropertyGroup Condition="'$(Cfg_2_Win32)'!=''">
			<VerInfo_Keys>CompanyName=;FileDescription=;FileVersion=1.0.0.0;InternalName=;LegalCopyright=;LegalTrademarks=;OriginalFilename=;ProductName=;ProductVersion=1.0.0.0;Comments=</VerInfo_Keys>
			<VerInfo_Locale>1033</VerInfo_Locale>
		</PropertyGroup>
		<ProjectExtensions>
			<Borland.Personality>Delphi.Personality.12</Borland.Personality>
			<Borland.ProjectType>Package</Borland.ProjectType>
			<BorlandProject>
				<Delphi.Personality>
					<Parameters>
						<Parameters Name="UseLauncher">False</Parameters>
						<Parameters Name="LoadAllSymbols">True</Parameters>
						<Parameters Name="LoadUnspecifiedSymbols">False</Parameters>
					</Parameters>
					<VersionInfo>
						<VersionInfo Name="IncludeVerInfo">True</VersionInfo>
						<VersionInfo Name="AutoIncBuild">False</VersionInfo>
						<VersionInfo Name="MajorVer">0</VersionInfo>
						<VersionInfo Name="MinorVer">0</VersionInfo>
						<VersionInfo Name="Release">0</VersionInfo>
						<VersionInfo Name="Build">0</VersionInfo>
						<VersionInfo Name="Debug">True</VersionInfo>
						<VersionInfo Name="PreRelease">True</VersionInfo>
						<VersionInfo Name="Special">False</VersionInfo>
						<VersionInfo Name="Private">False</VersionInfo>
						<VersionInfo Name="DLL">False</VersionInfo>
						<VersionInfo Name="Locale">1031</VersionInfo>
						<VersionInfo Name="CodePage">1252</VersionInfo>
					</VersionInfo>
					<VersionInfoKeys>
						<VersionInfoKeys Name="CompanyName">headwork-consulting GmbH</VersionInfoKeys>
						<VersionInfoKeys Name="FileDescription"/>
						<VersionInfoKeys Name="FileVersion">0.0.0.0</VersionInfoKeys>
						<VersionInfoKeys Name="InternalName"/>
						<VersionInfoKeys Name="LegalCopyright"/>
						<VersionInfoKeys Name="LegalTrademarks"/>
						<VersionInfoKeys Name="OriginalFilename"/>
						<VersionInfoKeys Name="ProductName"/>
						<VersionInfoKeys Name="ProductVersion">0.0.0.0</VersionInfoKeys>
						<VersionInfoKeys Name="Comments"/>
					</VersionInfoKeys>
					<Source>
						<Source Name="MainSource">dzadodb.dpk</Source>
					</Source>
					<Excluded_Packages>
						<Excluded_Packages Name="$(BDSBIN)\bcboffice2k160.bpl">Embarcadero C++Builder Office 2000 Servers Package</Excluded_Packages>
						<Excluded_Packages Name="$(BDSBIN)\bcbofficexp160.bpl">Embarcadero C++Builder Office XP Servers Package</Excluded_Packages>
						<Excluded_Packages Name="$(BDSBIN)\dcloffice2k160.bpl">Microsoft Office 2000 Sample Automation Server Wrapper Components</Excluded_Packages>
						<Excluded_Packages Name="$(BDSBIN)\dclofficexp160.bpl">Microsoft Office XP Sample Automation Server Wrapper Components</Excluded_Packages>
					</Excluded_Packages>
				</Delphi.Personality>
				<Platforms>
					<Platform value="Win64">False</Platform>
					<Platform value="Win32">True</Platform>
				</Platforms>
			</BorlandProject>
			<ProjectFileVersion>12</ProjectFileVersion>
		</ProjectExtensions>
		<Import Project="$(BDS)\Bin\CodeGear.Delphi.Targets"/>
		<ItemGroup>
			<DelphiCompile Include="$(MainSource)">
				<MainSource>MainSource</MainSource>
			</DelphiCompile>
			<DCCReference Include="vcl.dcp"/>
			<DCCReference Include="vcldb.dcp"/>
			<DCCReference Include="adortl.dcp"/>
			<DCCReference Include="..\..\src\c_dzAdoConnection.pas"/>
			<DCCReference Include="..\..\src\c_dzAdoQuery.pas"/>
			<DCCReference Include="..\..\src\c_dzADOTable.pas"/>
			<BuildConfiguration Include="Debug">
				<Key>Cfg_2</Key>
				<CfgParent>Base</CfgParent>
			</BuildConfiguration>
			<BuildConfiguration Include="Base">
				<Key>Base</Key>
			</BuildConfiguration>
			<BuildConfiguration Include="Release">
				<Key>Cfg_1</Key>
				<CfgParent>Base</CfgParent>
			</BuildConfiguration>
		</ItemGroup>
		<Import Condition="Exists('$(APPDATA)\Embarcadero\$(BDSAPPDATABASEDIR)\$(PRODUCTVERSION)\UserTools.proj')" Project="$(APPDATA)\Embarcadero\$(BDSAPPDATABASEDIR)\$(PRODUCTVERSION)\UserTools.proj"/>
	</Project>
