<Project xmlns="http://schemas.microsoft.com/developer/msbuild/2003">
    <PropertyGroup>
        <ProjectGuid>{FF98EA68-6782-4565-84BA-89AD3ABCDB89}</ProjectGuid>
        <MainSource>karsten.dpr</MainSource>
        <Base>True</Base>
        <Config Condition="'$(Config)'==''">Debug</Config>
        <TargetedPlatforms>17</TargetedPlatforms>
        <AppType>Application</AppType>
        <FrameworkType>VCL</FrameworkType>
        <ProjectVersion>15.3</ProjectVersion>
        <Platform Condition="'$(Platform)'==''">Win32</Platform>
    </PropertyGroup>
    <PropertyGroup Condition="'$(Config)'=='Base' or '$(Base)'!=''">
        <Base>true</Base>
    </PropertyGroup>
    <PropertyGroup Condition="('$(Platform)'=='Win32' and '$(Base)'=='true') or '$(Base_Win32)'!=''">
        <Base_Win32>true</Base_Win32>
        <CfgParent>Base</CfgParent>
        <Base>true</Base>
    </PropertyGroup>
    <PropertyGroup Condition="('$(Platform)'=='Win64' and '$(Base)'=='true') or '$(Base_Win64)'!=''">
        <Base_Win64>true</Base_Win64>
        <CfgParent>Base</CfgParent>
        <Base>true</Base>
    </PropertyGroup>
    <PropertyGroup Condition="'$(Config)'=='Release' or '$(Cfg_1)'!=''">
        <Cfg_1>true</Cfg_1>
        <CfgParent>Base</CfgParent>
        <Base>true</Base>
    </PropertyGroup>
    <PropertyGroup Condition="'$(Config)'=='Debug' or '$(Cfg_2)'!=''">
        <Cfg_2>true</Cfg_2>
        <CfgParent>Base</CfgParent>
        <Base>true</Base>
    </PropertyGroup>
    <PropertyGroup Condition="'$(Base)'!=''">
        <DCC_UnitSearchPath>.\dcu\d10;.\imports;$(DCC_UnitSearchPath)</DCC_UnitSearchPath>
        <DCC_Namespace>Vcl;Vcl.Imaging;Vcl.Touch;Vcl.Samples;Vcl.Shell;System;Xml;Data;Datasnap;Web;Soap;Winapi;System.Win;FireDAC.VCLUI;iOSapi;$(DCC_Namespace)</DCC_Namespace>
        <DCC_ImageBase>00400000</DCC_ImageBase>
        <DCC_RangeChecking>true</DCC_RangeChecking>
        <VerInfo_Locale>1033</VerInfo_Locale>
        <DCC_MapFile>3</DCC_MapFile>
        <DCC_K>false</DCC_K>
        <VerInfo_MinorVer>5</VerInfo_MinorVer>
        <DCC_DcuOutput>.\dcu\d10</DCC_DcuOutput>
        <DCC_ExeOutput>C:\Program Files\Karsten SlideShow</DCC_ExeOutput>
        <DCC_N>true</DCC_N>
        <UsePackages>true</UsePackages>
        <VerInfo_MajorVer>3</VerInfo_MajorVer>
        <VerInfo_IncludeVerInfo>true</VerInfo_IncludeVerInfo>
        <DCC_OutputDRCFile>true</DCC_OutputDRCFile>
        <DCC_S>false</DCC_S>
        <DCC_WriteableConstants>true</DCC_WriteableConstants>
        <VerInfo_Keys>CompanyName=;FileDescription=Karsten;FileVersion=3.5.4.0;InternalName=karsten;LegalCopyright=© 2010 by matthias muntwiler and contributors;LegalTrademarks=;OriginalFilename=;ProductName=Karsten SlideShow;ProductVersion=3.5.1.0;Comments=</VerInfo_Keys>
        <DCC_SymbolReferenceInfo>1</DCC_SymbolReferenceInfo>
        <VerInfo_Release>4</VerInfo_Release>
        <DCC_RemoteDebug>true</DCC_RemoteDebug>
        <DCC_UsePackage>rtl;vcl;vclx;vcljpg;xmlrtl;vclactnband;vclie;jcl;jclvcl;JvSystemD10R;JvCoreD10R;JvStdCtrlsD10R;JvCustomD10R;JvDlgsD10R;JvDockingD10R;PNG;PngComponents;$(DCC_UsePackage)</DCC_UsePackage>
        <DCC_SYMBOL_PLATFORM>false</DCC_SYMBOL_PLATFORM>
        <DCC_Description>Karsten Bilderschau</DCC_Description>
        <DCC_E>false</DCC_E>
        <DCC_IntegerOverflowCheck>true</DCC_IntegerOverflowCheck>
        <DCC_Define>rangechecking;madExcept;$(DCC_Define)</DCC_Define>
        <DCC_DebugInformation>true</DCC_DebugInformation>
        <DCC_F>false</DCC_F>
        <DCC_UNIT_PLATFORM>false</DCC_UNIT_PLATFORM>
    </PropertyGroup>
    <PropertyGroup Condition="'$(Base_Win32)'!=''">
        <Manifest_File>$(BDS)\bin\default_app.manifest</Manifest_File>
        <DCC_Namespace>Winapi;System.Win;Data.Win;Datasnap.Win;Web.Win;Soap.Win;Xml.Win;Bde;$(DCC_Namespace)</DCC_Namespace>
        <VerInfo_IncludeVerInfo>true</VerInfo_IncludeVerInfo>
        <Icon_MainIcon>karsten_Icon.ico</Icon_MainIcon>
        <VerInfo_Keys>CompanyName=;FileDescription=;FileVersion=1.0.0.0;InternalName=;LegalCopyright=;LegalTrademarks=;OriginalFilename=;ProductName=;ProductVersion=1.0.0.0;Comments=</VerInfo_Keys>
        <VerInfo_Locale>1033</VerInfo_Locale>
    </PropertyGroup>
    <PropertyGroup Condition="'$(Base_Win64)'!=''">
        <Icon_MainIcon>karsten_Icon.ico</Icon_MainIcon>
    </PropertyGroup>
    <PropertyGroup Condition="'$(Cfg_1)'!=''">
        <DCC_Define>RELEASE;$(DCC_Define)</DCC_Define>
        <DCC_LocalDebugSymbols>false</DCC_LocalDebugSymbols>
        <DCC_SymbolReferenceInfo>0</DCC_SymbolReferenceInfo>
        <DCC_DebugInformation>0</DCC_DebugInformation>
    </PropertyGroup>
    <PropertyGroup Condition="'$(Cfg_2)'!=''">
        <DCC_Define>DEBUG;$(DCC_Define)</DCC_Define>
        <DCC_Optimize>false</DCC_Optimize>
        <DCC_GenerateStackFrames>true</DCC_GenerateStackFrames>
    </PropertyGroup>
    <ItemGroup>
        <DelphiCompile Include="$(MainSource)">
            <MainSource>MainSource</MainSource>
        </DelphiCompile>
        <DCCReference Include="schnittstellen.pas"/>
        <DCCReference Include="karsten_TLB.pas"/>
        <DCCReference Include="globals.pas"/>
        <DCCReference Include="karsreg.pas"/>
        <DCCReference Include="sammelfen.pas">
            <Form>CollectionForm</Form>
        </DCCReference>
        <DCCReference Include="about.pas">
            <Form>AboutBox</Form>
        </DCCReference>
        <DCCReference Include="schaufen.pas">
            <Form>Schaufenster</Form>
        </DCCReference>
        <DCCReference Include="sammlung.pas"/>
        <DCCReference Include="bildprop.pas">
            <Form>BildEigenschaftenDlg</Form>
        </DCCReference>
        <DCCReference Include="karscanv.pas"/>
        <DCCReference Include="bildklassen.pas"/>
        <DCCReference Include="sammelklassen.pas"/>
        <DCCReference Include="wallpaper.pas"/>
        <DCCReference Include="autoserv.pas">
            <CoClasses>KarstenServer</CoClasses>
        </DCCReference>
        <DCCReference Include="ssconfig.pas">
            <Form>SSConfigForm</Form>
        </DCCReference>
        <DCCReference Include="mediaplayer.pas">
            <Form>MediaPlayerForm</Form>
        </DCCReference>
        <DCCReference Include="SchauServer.pas">
            <CoClasses>KarstenSchauServer</CoClasses>
        </DCCReference>
        <DCCReference Include="ConfigServer.pas">
            <CoClasses>KarstenConfigServer</CoClasses>
        </DCCReference>
        <DCCReference Include="SchonerServer.pas">
            <CoClasses>KarstenSchonerServer</CoClasses>
        </DCCReference>
        <DCCReference Include="SchonerSchau.pas">
            <Form>SchonerSchauFenster</Form>
        </DCCReference>
        <DCCReference Include="karsmain.pas">
            <Form>KarstenMain</Form>
        </DCCReference>
        <DCCReference Include="dscontrol.pas">
            <Form>DirectShowControl</Form>
        </DCCReference>
        <DCCReference Include="repair.pas">
            <Form>SammlungRepairForm</Form>
        </DCCReference>
        <DCCReference Include="thumbnails.pas"/>
        <DCCReference Include="sammelfenUtils.pas"/>
        <DCCReference Include="preview.pas">
            <Form>PreviewForm</Form>
        </DCCReference>
        <DCCReference Include="jobs.pas"/>
        <DCCReference Include="shelllinks.pas"/>
        <DCCReference Include="recentfiles.pas"/>
        <DCCReference Include="repair.search.pas"/>
        <DCCReference Include="sammelklassen.visitors.pas"/>
        <DCCReference Include="multimonitor.pas"/>
        <DCCReference Include="shell.pas"/>
        <None Include="ModelSupport_karsten\default.txaPackage"/>
        <None Include="ModelSupport_karsten\karsten\default.txaPackage"/>
        <None Include="ModelSupport_karsten\About\default.txaPackage"/>
        <None Include="ModelSupport_karsten\mediaplayer\default.txaPackage"/>
        <None Include="ModelSupport_karsten\bildklassen\default.txaPackage"/>
        <None Include="ModelSupport_karsten\SchauFen\default.txaPackage"/>
        <None Include="ModelSupport_karsten\wallpaper\default.txaPackage"/>
        <None Include="ModelSupport_karsten\KarsCanv\default.txaPackage"/>
        <None Include="ModelSupport_karsten\sammelfen\default.txaPackage"/>
        <None Include="ModelSupport_karsten\SchonerConfig\default.txaPackage"/>
        <None Include="ModelSupport_karsten\sammlung\default.txaPackage"/>
        <None Include="ModelSupport_karsten\schnittstellen\default.txaPackage"/>
        <None Include="ModelSupport_karsten\karsmain\default.txaPackage"/>
        <None Include="ModelSupport_karsten\globals\default.txaPackage"/>
        <None Include="ModelSupport_karsten\SchauServer\default.txaPackage"/>
        <None Include="ModelSupport_karsten\repair\default.txaPackage"/>
        <None Include="ModelSupport_karsten\ssconfig\default.txaPackage"/>
        <None Include="ModelSupport_karsten\bildprop\default.txaPackage"/>
        <None Include="ModelSupport_karsten\SchonerSchau\default.txaPackage"/>
        <None Include="ModelSupport_karsten\thumbnails\default.txaPackage"/>
        <None Include="ModelSupport_karsten\sammelklassen\default.txaPackage"/>
        <None Include="ModelSupport_karsten\ConfigServer\default.txaPackage"/>
        <None Include="ModelSupport_karsten\karsten_TLB\default.txaPackage"/>
        <None Include="ModelSupport_karsten\dscontrol\default.txaPackage"/>
        <None Include="ModelSupport_karsten\autoserv\default.txaPackage"/>
        <None Include="ModelSupport_karsten\SchonerServer\default.txaPackage"/>
        <None Include="ModelSupport_karsten\karsreg\default.txaPackage"/>
        <None Include="ModelSupport_karsten\default.txvpck"/>
        <None Include="ModelSupport_karsten\sammelklassen\default.txvpck"/>
        <None Include="ModelSupport_karsten\karsten\default.txvpck"/>
        <None Include="ModelSupport_karsten\repair\default.txvpck"/>
        <None Include="ModelSupport_karsten\sammlung\default.txvpck"/>
        <None Include="karsten.tlb">
            <ContainerId>File</ContainerId>
        </None>
        <BuildConfiguration Include="Debug">
            <Key>Cfg_2</Key>
            <CfgParent>Base</CfgParent>
        </BuildConfiguration>
        <BuildConfiguration Include="Base">
            <Key>Base</Key>
        </BuildConfiguration>
        <BuildConfiguration Include="Release">
            <Key>Cfg_1</Key>
            <CfgParent>Base</CfgParent>
        </BuildConfiguration>
    </ItemGroup>
    <ProjectExtensions>
        <Borland.Personality>Delphi.Personality.12</Borland.Personality>
        <Borland.ProjectType>VCLApplication</Borland.ProjectType>
        <BorlandProject>
            <Delphi.Personality>
                <Source>
                    <Source Name="MainSource">karsten.dpr</Source>
                </Source>
                <Language>
                    <Language Name="ProjectLang">$00000409</Language>
                </Language>
                <VersionInfo>
                    <VersionInfo Name="IncludeVerInfo">True</VersionInfo>
                    <VersionInfo Name="AutoIncBuild">False</VersionInfo>
                    <VersionInfo Name="MajorVer">3</VersionInfo>
                    <VersionInfo Name="MinorVer">5</VersionInfo>
                    <VersionInfo Name="Release">4</VersionInfo>
                    <VersionInfo Name="Build">0</VersionInfo>
                    <VersionInfo Name="Debug">False</VersionInfo>
                    <VersionInfo Name="PreRelease">False</VersionInfo>
                    <VersionInfo Name="Special">False</VersionInfo>
                    <VersionInfo Name="Private">False</VersionInfo>
                    <VersionInfo Name="DLL">False</VersionInfo>
                    <VersionInfo Name="Locale">1033</VersionInfo>
                    <VersionInfo Name="CodePage">1252</VersionInfo>
                </VersionInfo>
                <VersionInfoKeys>
                    <VersionInfoKeys Name="CompanyName"/>
                    <VersionInfoKeys Name="FileDescription">Karsten</VersionInfoKeys>
                    <VersionInfoKeys Name="FileVersion">3.5.4.0</VersionInfoKeys>
                    <VersionInfoKeys Name="InternalName">karsten</VersionInfoKeys>
                    <VersionInfoKeys Name="LegalCopyright">© 2010 by matthias muntwiler and contributors</VersionInfoKeys>
                    <VersionInfoKeys Name="LegalTrademarks"/>
                    <VersionInfoKeys Name="OriginalFilename"/>
                    <VersionInfoKeys Name="ProductName">Karsten SlideShow</VersionInfoKeys>
                    <VersionInfoKeys Name="ProductVersion">3.5.1.0</VersionInfoKeys>
                    <VersionInfoKeys Name="Comments"/>
                </VersionInfoKeys>
            </Delphi.Personality>
            <Platforms>
                <Platform value="Android">True</Platform>
                <Platform value="Win32">True</Platform>
                <Platform value="Win64">False</Platform>
            </Platforms>
        </BorlandProject>
        <ProjectFileVersion>12</ProjectFileVersion>
    </ProjectExtensions>
    <Import Project="$(BDS)\Bin\CodeGear.Delphi.Targets" Condition="Exists('$(BDS)\Bin\CodeGear.Delphi.Targets')"/>
    <Import Project="$(APPDATA)\Embarcadero\$(BDSAPPDATABASEDIR)\$(PRODUCTVERSION)\UserTools.proj" Condition="Exists('$(APPDATA)\Embarcadero\$(BDSAPPDATABASEDIR)\$(PRODUCTVERSION)\UserTools.proj')"/>
</Project>
