
Microsoft Visual Studio Solution File, Format Version 11.00
# Visual Studio 2010
Project("{FAE04EC0-301F-11D3-BF4B-00C04F79EFBC}") = "TCP_IP_Class_Client", "TCP_IP_Class_Client\TCP_IP_Class_Client.csproj", "{D14BEAD3-FC01-4CB0-957F-572D7E5A8161}"
EndProject
Project("{FAE04EC0-301F-11D3-BF4B-00C04F79EFBC}") = "TCP_IP_Class", "TCP_IP_Class\TCP_IP_Class.csproj", "{EEFB8426-6AD2-4BE0-B205-36F95C7CAE0F}"
EndProject
Global
	GlobalSection(SolutionConfigurationPlatforms) = preSolution
		Debug|Any CPU = Debug|Any CPU
		Debug|Mixed Platforms = Debug|Mixed Platforms
		Debug|x86 = Debug|x86
		Release|Any CPU = Release|Any CPU
		Release|Mixed Platforms = Release|Mixed Platforms
		Release|x86 = Release|x86
	EndGlobalSection
	GlobalSection(ProjectConfigurationPlatforms) = postSolution
		{D14BEAD3-FC01-4CB0-957F-572D7E5A8161}.Debug|Any CPU.ActiveCfg = Debug|x86
		{D14BEAD3-FC01-4CB0-957F-572D7E5A8161}.Debug|Mixed Platforms.ActiveCfg = Debug|x86
		{D14BEAD3-FC01-4CB0-957F-572D7E5A8161}.Debug|Mixed Platforms.Build.0 = Debug|x86
		{D14BEAD3-FC01-4CB0-957F-572D7E5A8161}.Debug|x86.ActiveCfg = Debug|x86
		{D14BEAD3-FC01-4CB0-957F-572D7E5A8161}.Debug|x86.Build.0 = Debug|x86
		{D14BEAD3-FC01-4CB0-957F-572D7E5A8161}.Release|Any CPU.ActiveCfg = Release|x86
		{D14BEAD3-FC01-4CB0-957F-572D7E5A8161}.Release|Mixed Platforms.ActiveCfg = Release|x86
		{D14BEAD3-FC01-4CB0-957F-572D7E5A8161}.Release|Mixed Platforms.Build.0 = Release|x86
		{D14BEAD3-FC01-4CB0-957F-572D7E5A8161}.Release|x86.ActiveCfg = Release|x86
		{D14BEAD3-FC01-4CB0-957F-572D7E5A8161}.Release|x86.Build.0 = Release|x86
		{EEFB8426-6AD2-4BE0-B205-36F95C7CAE0F}.Debug|Any CPU.ActiveCfg = Debug|Any CPU
		{EEFB8426-6AD2-4BE0-B205-36F95C7CAE0F}.Debug|Any CPU.Build.0 = Debug|Any CPU
		{EEFB8426-6AD2-4BE0-B205-36F95C7CAE0F}.Debug|Mixed Platforms.ActiveCfg = Debug|Any CPU
		{EEFB8426-6AD2-4BE0-B205-36F95C7CAE0F}.Debug|Mixed Platforms.Build.0 = Debug|Any CPU
		{EEFB8426-6AD2-4BE0-B205-36F95C7CAE0F}.Debug|x86.ActiveCfg = Debug|Any CPU
		{EEFB8426-6AD2-4BE0-B205-36F95C7CAE0F}.Release|Any CPU.ActiveCfg = Release|Any CPU
		{EEFB8426-6AD2-4BE0-B205-36F95C7CAE0F}.Release|Any CPU.Build.0 = Release|Any CPU
		{EEFB8426-6AD2-4BE0-B205-36F95C7CAE0F}.Release|Mixed Platforms.ActiveCfg = Release|Any CPU
		{EEFB8426-6AD2-4BE0-B205-36F95C7CAE0F}.Release|Mixed Platforms.Build.0 = Release|Any CPU
		{EEFB8426-6AD2-4BE0-B205-36F95C7CAE0F}.Release|x86.ActiveCfg = Release|Any CPU
	EndGlobalSection
	GlobalSection(SolutionProperties) = preSolution
		HideSolutionNode = FALSE
	EndGlobalSection
EndGlobal
