<Project xmlns="http://schemas.microsoft.com/developer/msbuild/2003">
    <PropertyGroup>
        <ProjectGuid>{3F788356-CBEF-4AD0-8B4A-0D4F19B229A5}</ProjectGuid>
        <ProjectVersion>15.3</ProjectVersion>
        <FrameworkType>VCL</FrameworkType>
        <MainSource>AllUnits.dpr</MainSource>
        <Base>True</Base>
        <Config Condition="'$(Config)'==''">Debug</Config>
        <Platform Condition="'$(Platform)'==''">Win32</Platform>
        <TargetedPlatforms>1</TargetedPlatforms>
        <AppType>Application</AppType>
    </PropertyGroup>
    <PropertyGroup Condition="'$(Config)'=='Base' or '$(Base)'!=''">
        <Base>true</Base>
    </PropertyGroup>
    <PropertyGroup Condition="('$(Platform)'=='Win32' and '$(Base)'=='true') or '$(Base_Win32)'!=''">
        <Base_Win32>true</Base_Win32>
        <CfgParent>Base</CfgParent>
        <Base>true</Base>
    </PropertyGroup>
    <PropertyGroup Condition="('$(Platform)'=='Win64' and '$(Base)'=='true') or '$(Base_Win64)'!=''">
        <Base_Win64>true</Base_Win64>
        <CfgParent>Base</CfgParent>
        <Base>true</Base>
    </PropertyGroup>
    <PropertyGroup Condition="'$(Config)'=='Debug' or '$(Cfg_1)'!=''">
        <Cfg_1>true</Cfg_1>
        <CfgParent>Base</CfgParent>
        <Base>true</Base>
    </PropertyGroup>
    <PropertyGroup Condition="('$(Platform)'=='Win32' and '$(Cfg_1)'=='true') or '$(Cfg_1_Win32)'!=''">
        <Cfg_1_Win32>true</Cfg_1_Win32>
        <CfgParent>Cfg_1</CfgParent>
        <Cfg_1>true</Cfg_1>
        <Base>true</Base>
    </PropertyGroup>
    <PropertyGroup Condition="'$(Config)'=='Release' or '$(Cfg_2)'!=''">
        <Cfg_2>true</Cfg_2>
        <CfgParent>Base</CfgParent>
        <Base>true</Base>
    </PropertyGroup>
    <PropertyGroup Condition="('$(Platform)'=='Win32' and '$(Cfg_2)'=='true') or '$(Cfg_2_Win32)'!=''">
        <Cfg_2_Win32>true</Cfg_2_Win32>
        <CfgParent>Cfg_2</CfgParent>
        <Cfg_2>true</Cfg_2>
        <Base>true</Base>
    </PropertyGroup>
    <PropertyGroup Condition="'$(Base)'!=''">
        <DCC_SYMBOL_PLATFORM>false</DCC_SYMBOL_PLATFORM>
        <DCC_UNIT_PLATFORM>false</DCC_UNIT_PLATFORM>
        <DCC_UsePackage>bindcompfmx;dsnap;rtl;IndySystem;IndyCore;dbrtl;bindcomp;DbxClientDriver;DBXInterBaseDriver;inet;xmlrtl;DbxCommonDriver;inetdbxpress;IndyProtocols;DBXMySQLDriver;dbxcds;bindengine;dbexpress;$(DCC_UsePackage)</DCC_UsePackage>
        <VerInfo_Keys>CompanyName=;FileDescription=;FileVersion=1.0.0.0;InternalName=;LegalCopyright=;LegalTrademarks=;OriginalFilename=;ProductName=;ProductVersion=1.0.0.0;Comments=</VerInfo_Keys>
        <Manifest_File>None</Manifest_File>
        <DCC_UnitSearchPath>..\..\..\templates;..\..\..\jedi_inc;..\..\..\..\jcl\source\include;..\..\..\..\jcl\source\common;..\..\..\..\jcl\source\windows;..\..\..\..\jcl\source\vcl;..\..\..\..\jvcl\common;..\..\..\..\jvcl\resources;..\..\..\..\jvcl\run;..\..\..\..\tregexpr\source;$(DCC_UnitSearchPath)</DCC_UnitSearchPath>
        <DCC_Namespace>System;Xml;Data;Datasnap;Web;Soap;Vcl;Vcl.Imaging;Vcl.Touch;Vcl.Samples;Vcl.Shell;$(DCC_Namespace)</DCC_Namespace>
        <Icon_MainIcon>$(BDS)\bin\delphi_PROJECTICON.ico</Icon_MainIcon>
        <DCC_Define>no_translation;$(DCC_Define)</DCC_Define>
        <VerInfo_Locale>1031</VerInfo_Locale>
        <DCC_DcuOutput>.\dcu\$(Platform)\$(Config)</DCC_DcuOutput>
        <DCC_ExeOutput>.\$(Platform)\$(Config)</DCC_ExeOutput>
        <DCC_E>false</DCC_E>
        <DCC_N>false</DCC_N>
        <DCC_S>false</DCC_S>
        <DCC_F>false</DCC_F>
        <DCC_K>false</DCC_K>
    </PropertyGroup>
    <PropertyGroup Condition="'$(Base_Win32)'!=''">
        <DCC_UsePackage>bindcompvcl;vclie;vcltouch;vcldbx;VclSmp;vcl;CloudService;inetdbbde;dsnapcon;vclx;svnui;svn;vclimg;bdertl;vclactnband;adortl;vcldb;vcldsnap;$(DCC_UsePackage)</DCC_UsePackage>
        <VerInfo_IncludeVerInfo>true</VerInfo_IncludeVerInfo>
        <DCC_Namespace>Winapi;System.Win;Data.Win;Datasnap.Win;Web.Win;Soap.Win;Xml.Win;Bde;$(DCC_Namespace)</DCC_Namespace>
        <VerInfo_Locale>1033</VerInfo_Locale>
        <Manifest_File>$(BDS)\bin\default_app.manifest</Manifest_File>
    </PropertyGroup>
    <PropertyGroup Condition="'$(Base_Win64)'!=''">
        <DCC_UsePackage>bindcompvcl;vclie;vcltouch;VclSmp;vcl;dsnapcon;vclx;vclimg;vclactnband;vcldb;vcldsnap;$(DCC_UsePackage)</DCC_UsePackage>
    </PropertyGroup>
    <PropertyGroup Condition="'$(Cfg_1)'!=''">
        <DCC_Define>DEBUG;$(DCC_Define)</DCC_Define>
        <DCC_Optimize>false</DCC_Optimize>
        <DCC_GenerateStackFrames>true</DCC_GenerateStackFrames>
        <DCC_DebugInfoInExe>true</DCC_DebugInfoInExe>
        <DCC_RemoteDebug>true</DCC_RemoteDebug>
    </PropertyGroup>
    <PropertyGroup Condition="'$(Cfg_1_Win32)'!=''">
        <DCC_ConsoleTarget>false</DCC_ConsoleTarget>
        <Manifest_File>$(BDS)\bin\default_app.manifest</Manifest_File>
        <VerInfo_IncludeVerInfo>true</VerInfo_IncludeVerInfo>
        <VerInfo_Locale>1033</VerInfo_Locale>
        <DCC_RemoteDebug>false</DCC_RemoteDebug>
    </PropertyGroup>
    <PropertyGroup Condition="'$(Cfg_2)'!=''">
        <DCC_LocalDebugSymbols>false</DCC_LocalDebugSymbols>
        <DCC_Define>RELEASE;$(DCC_Define)</DCC_Define>
        <DCC_SymbolReferenceInfo>0</DCC_SymbolReferenceInfo>
        <DCC_DebugInformation>0</DCC_DebugInformation>
    </PropertyGroup>
    <PropertyGroup Condition="'$(Cfg_2_Win32)'!=''">
        <VerInfo_IncludeVerInfo>true</VerInfo_IncludeVerInfo>
        <Manifest_File>$(BDS)\bin\default_app.manifest</Manifest_File>
        <VerInfo_Locale>1033</VerInfo_Locale>
    </PropertyGroup>
    <ItemGroup>
        <DelphiCompile Include="$(MainSource)">
            <MainSource>MainSource</MainSource>
        </DelphiCompile>
        <DCCReference Include="..\..\..\adodb\adodb_tlb.pas"/>
        <DCCReference Include="..\..\..\adodb\adox_tlb.pas"/>
        <DCCReference Include="..\..\..\dzAdoDb\src\c_dzAdoConnection.pas"/>
        <DCCReference Include="..\..\..\dzAdoDb\src\c_dzAdoQuery.pas"/>
        <DCCReference Include="..\..\..\dzAdoDb\src\c_dzADOTable.pas"/>
        <DCCReference Include="..\..\..\components\c_dzShellControls.pas"/>
        <DCCReference Include="..\..\..\components\c_dzVirtualStringGrid.pas"/>
        <DCCReference Include="..\..\..\adodb\DAO_TLB.pas"/>
        <DCCReference Include="..\..\..\TemplateExamples\i_MyItemList.pas"/>
        <DCCReference Include="..\..\..\TemplateExamples\i_MyItemSortedList.pas"/>
        <DCCReference Include="..\..\..\src\u_dzAbstractHandler.pas"/>
        <DCCReference Include="..\..\..\dzAdoDb\src\u_dzAdoDbDcl.pas"/>
        <DCCReference Include="..\..\..\src\u_dzAdoDbUniqueId.pas"/>
        <DCCReference Include="..\..\..\src\u_dzBeep.pas"/>
        <DCCReference Include="..\..\..\src\u_dzClassUtils.pas"/>
        <DCCReference Include="..\..\..\src\u_dzCmdLineParser.pas"/>
        <DCCReference Include="..\..\..\src\u_dzCmdLineParserStates.pas"/>
        <DCCReference Include="..\..\..\dbcreator\u_dzConfigSettingList.pas"/>
        <DCCReference Include="..\..\..\src\u_dzConfigUtils.pas"/>
        <DCCReference Include="..\..\..\src\u_dzConsoleLogger.pas"/>
        <DCCReference Include="..\..\..\src\u_dzConvertUtils.pas"/>
        <DCCReference Include="..\..\..\src\u_dzCriticalSection.pas"/>
        <DCCReference Include="..\..\..\src\u_dzCustomDllLoader.pas"/>
        <DCCReference Include="..\..\..\src\u_dzDatasetHelpers.pas"/>
        <DCCReference Include="..\..\..\src\u_dzDatasetHelpersADO.pas"/>
        <DCCReference Include="..\..\..\src\u_dzDatasetHelpersBDE.pas"/>
        <DCCReference Include="..\..\..\src\u_dzDateUtils.pas"/>
        <DCCReference Include="..\..\..\dbcreator\u_dzDbCreatorBase.pas"/>
        <DCCReference Include="..\..\..\dbcreator\u_dzDbCreatorCreateAccess.pas"/>
        <DCCReference Include="..\..\..\dbcreator\u_dzDbCreatorCreateDelphi.pas"/>
        <DCCReference Include="..\..\..\dbcreator\u_dzDbCreatorCreateGraphViz.pas"/>
        <DCCReference Include="..\..\..\dbcreator\u_dzDbCreatorCreateHtml.pas"/>
        <DCCReference Include="..\..\..\dbcreator\u_dzDbCreatorCreateMsSql.pas"/>
        <DCCReference Include="..\..\..\dbcreator\u_dzDbCreatorCreateOracle.pas"/>
        <DCCReference Include="..\..\..\dbcreator\u_dzDbCreatorCreateXml.pas"/>
        <DCCReference Include="..\..\..\dbcreator\u_dzDbCreatorDescription.pas"/>
        <DCCReference Include="..\..\..\dbcreator\u_dzDbCreatorReadAccessDb.pas"/>
        <DCCReference Include="..\..\..\dbcreator\u_dzDbCreatorReadXml.pas"/>
        <DCCReference Include="..\..\..\src\u_dzDbUtils.pas"/>
        <DCCReference Include="..\..\..\src\u_dzDefaultMain.pas"/>
        <DCCReference Include="..\..\..\src\u_dzDllApi.pas"/>
        <DCCReference Include="..\..\..\src\u_dzDllLoader.pas"/>
        <DCCReference Include="..\..\..\src\u_dzExecutor.pas"/>
        <DCCReference Include="..\..\..\src\u_dzExtendedList.pas"/>
        <DCCReference Include="..\..\..\src\u_dzFileStreams.pas"/>
        <DCCReference Include="..\..\..\src\u_dzFileTypes.pas"/>
        <DCCReference Include="..\..\..\src\u_dzFileUtils.pas"/>
        <DCCReference Include="..\..\..\src\u_dzGetOpt.pas"/>
        <DCCReference Include="..\..\..\src\u_dzGoogleTranslate.pas"/>
        <DCCReference Include="..\..\..\src\u_dzGraphicsUtils.pas"/>
        <DCCReference Include="..\..\..\src\u_dzGuidUtils.pas"/>
        <DCCReference Include="..\..\..\src\u_dzICalDuration.pas"/>
        <DCCReference Include="..\..\..\src\u_dzICalendar.pas"/>
        <DCCReference Include="..\..\..\src\u_dzICalParser.pas"/>
        <DCCReference Include="..\..\..\IniFileFormatter\u_dzIniEntryList.pas"/>
        <DCCReference Include="..\..\..\IniFileFormatter\u_dzIniFileFormatter.pas"/>
        <DCCReference Include="..\..\..\IniFileFormatter\u_dzIniSections.pas"/>
        <DCCReference Include="..\..\..\src\u_dzIntegerList.pas"/>
        <DCCReference Include="..\..\..\lockfree\u_dzInterlocked.pas"/>
        <DCCReference Include="..\..\..\src\u_dzJclUtils.pas"/>
        <DCCReference Include="..\..\..\src\u_dzJvclUtils.pas"/>
        <DCCReference Include="..\..\..\src\u_dzDialogUtils.pas"/>
        <DCCReference Include="..\..\..\src\u_dzInputValidator.pas"/>
        <DCCReference Include="..\..\..\src\u_dzInputValidatorMarkerList.pas"/>
        <DCCReference Include="..\..\..\src\u_dzLogConsole.pas"/>
        <DCCReference Include="..\..\..\src\u_dzLogging.pas"/>
        <DCCReference Include="..\..\..\src\u_dzMiscUtils.pas"/>
        <DCCReference Include="..\..\..\lockfree\u_dzMultiWriteSingleReadLockFreeQueue.pas"/>
        <DCCReference Include="..\..\..\src\u_dzMutex.pas"/>
        <DCCReference Include="..\..\..\src\u_dzNameBoolList.pas"/>
        <DCCReference Include="..\..\..\src\u_dzNamedThread.pas"/>
        <DCCReference Include="..\..\..\src\u_dzNameValueList.pas"/>
        <DCCReference Include="..\..\..\src\u_dzNullableDate.pas"/>
        <DCCReference Include="..\..\..\src\u_dzNullableDateTime.pas"/>
        <DCCReference Include="..\..\..\src\u_dzNullableDouble.pas"/>
        <DCCReference Include="..\..\..\src\u_dzNullableExtended.pas"/>
        <DCCReference Include="..\..\..\src\u_dzNullableInt64.pas"/>
        <DCCReference Include="..\..\..\src\u_dzNullableInteger.pas"/>
        <DCCReference Include="..\..\..\src\u_dzNullableSingle.pas"/>
        <DCCReference Include="..\..\..\src\u_dzNullableTime.pas"/>
        <DCCReference Include="..\..\..\src\u_dzNullableTimespan.pas"/>
        <DCCReference Include="..\..\..\src\u_dzNullableTypesUtils.pas"/>
        <DCCReference Include="..\..\..\src\u_dzOptionDescList.pas"/>
        <DCCReference Include="..\..\..\src\u_dzOptionFoundList.pas"/>
        <DCCReference Include="..\..\..\src\u_dzOptionNameList.pas"/>
        <DCCReference Include="..\..\..\src\u_dzOsUtils.pas"/>
        <DCCReference Include="..\..\..\src\u_dzParamDescList.pas"/>
        <DCCReference Include="..\..\..\src\u_dzParamFoundList.pas"/>
        <DCCReference Include="..\..\..\src\u_dzProgress.pas"/>
        <DCCReference Include="..\..\..\src\u_dzQuicksort.pas"/>
        <DCCReference Include="..\..\..\src\u_dzRecordArray.pas"/>
        <DCCReference Include="..\..\..\src\u_dzResourceDllLoader.pas"/>
        <DCCReference Include="..\..\..\src\u_dzRingBuffer.pas"/>
        <DCCReference Include="..\..\..\dbcreator\u_dzScriptPositionList.pas"/>
        <DCCReference Include="..\..\..\src\u_dzShellApiUtils.pas"/>
        <DCCReference Include="..\..\..\components\u_dzShellControlsReg.pas"/>
        <DCCReference Include="..\..\..\src\u_dzSortedIntegerList.pas"/>
        <DCCReference Include="..\..\..\src\u_dzSortProvider.pas"/>
        <DCCReference Include="..\..\..\src\u_dzSpinLock.pas"/>
        <DCCReference Include="..\..\..\dbcreator\u_dzSqlScriptWriter.pas"/>
        <DCCReference Include="..\..\..\src\u_dzStatistics.pas"/>
        <DCCReference Include="..\..\..\src\u_dzStringPool.pas"/>
        <DCCReference Include="..\..\..\src\u_dzStringUtils.pas"/>
        <DCCReference Include="..\..\..\src\u_dzTempBufferDouble.pas"/>
        <DCCReference Include="..\..\..\src\u_dzTextFile.pas"/>
        <DCCReference Include="..\..\..\src\u_dzTranslator.pas"/>
        <DCCReference Include="..\..\..\src\u_dzTranslatorAdo.pas"/>
        <DCCReference Include="..\..\..\src\u_dzTranslatorBDE.pas"/>
        <DCCReference Include="..\..\..\src\u_dzTranslatorDb.pas"/>
        <DCCReference Include="..\..\..\src\u_dzTranslatorJVCL.pas"/>
        <DCCReference Include="..\..\..\src\u_dzTypes.pas"/>
        <DCCReference Include="..\..\..\LiveTemplatesTests\dzHashTest.pas"/>
        <DCCReference Include="..\..\..\LiveTemplatesTests\dzInterfListTest.pas"/>
        <DCCReference Include="..\..\..\LiveTemplatesTests\dzIntSortedObjListTest.pas"/>
        <DCCReference Include="..\..\..\LiveTemplatesTests\dzListTest.pas"/>
        <DCCReference Include="..\..\..\LiveTemplatesTests\dzObjListTest.pas"/>
        <DCCReference Include="..\..\..\LiveTemplatesTests\dzObjStackTest.pas"/>
        <DCCReference Include="..\..\..\LiveTemplatesTests\dzQueueTest.pas"/>
        <DCCReference Include="..\..\..\LiveTemplatesTests\dzSortedListTest.pas"/>
        <DCCReference Include="..\..\..\LiveTemplatesTests\dzSortedObjListTest.pas"/>
        <DCCReference Include="..\..\..\LiveTemplatesTests\dzStackTest.pas"/>
        <DCCReference Include="..\..\..\src\u_dzUnitTestUtils.pas"/>
        <DCCReference Include="..\..\..\src\u_dzUnsortedNameValueList.pas"/>
        <DCCReference Include="..\..\..\dbcreator\u_dzVariableDescList.pas"/>
        <DCCReference Include="..\..\..\src\u_dzVariantUtils.pas"/>
        <DCCReference Include="..\..\..\src\u_dzVclUtils.pas"/>
        <DCCReference Include="..\..\..\src\u_dzVersionInfo.pas"/>
        <DCCReference Include="..\..\..\components\u_dzVirtualStringGridReg.pas"/>
        <DCCReference Include="..\..\..\src\u_dzWinApi.pas"/>
        <DCCReference Include="..\..\..\dbcreator\u_dzXmlUtils.pas"/>
        <DCCReference Include="..\..\..\dbcreator\u_dzXmlWriter.pas"/>
        <DCCReference Include="..\..\..\dbcreator\u_dzXmlWriterEntities.pas"/>
        <DCCReference Include="..\..\..\dbcreator\u_dzXmlWriterInterface.pas"/>
        <DCCReference Include="..\..\..\TemplateExamples\u_MyItem.pas"/>
        <DCCReference Include="..\..\..\TemplateExamples\u_MyItemHash.pas"/>
        <DCCReference Include="..\..\..\TemplateExamples\u_MyItemIntList.pas"/>
        <DCCReference Include="..\..\..\TemplateExamples\u_MyItemIntSortedList.pas"/>
        <DCCReference Include="..\..\..\TemplateExamples\u_MyItemList.pas"/>
        <DCCReference Include="..\..\..\TemplateExamples\u_MyItemQueue.pas"/>
        <DCCReference Include="..\..\..\TemplateExamples\u_MyItemSortedList.pas"/>
        <DCCReference Include="..\..\..\TemplateExamples\u_MyItemStack.pas"/>
        <DCCReference Include="..\..\..\src\u_PCharQueue.pas"/>
        <DCCReference Include="..\..\..\src\u_StringQueue.pas"/>
        <DCCReference Include="..\..\..\forms\w_dzDialog.pas">
            <Form>f_dzDialog</Form>
        </DCCReference>
        <DCCReference Include="..\..\..\forms\w_dzInputDialog.pas">
            <Form>f_dzInputDialog</Form>
        </DCCReference>
        <DCCReference Include="..\..\..\forms\w_dzProgress.pas">
            <Form>f_dzProgress</Form>
        </DCCReference>
        <DCCReference Include="..\..\..\forms\w_dzUsage.pas">
            <Form>f_dzUsage</Form>
        </DCCReference>
        <DCCReference Include="..\..\..\forms\w_dzWizard.pas">
            <Form>f_dzWizard</Form>
        </DCCReference>
        <DCCReference Include="..\..\..\forms\w_dzWizardForm.pas">
            <Form>f_dzWizardForm</Form>
        </DCCReference>
        <DCCReference Include="..\..\..\forms\wf_dzWizardFrame.pas">
            <Form>fr_dzWizardFrame</Form>
            <DesignClass>TFrame</DesignClass>
        </DCCReference>
        <BuildConfiguration Include="Release">
            <Key>Cfg_2</Key>
            <CfgParent>Base</CfgParent>
        </BuildConfiguration>
        <BuildConfiguration Include="Base">
            <Key>Base</Key>
        </BuildConfiguration>
        <BuildConfiguration Include="Debug">
            <Key>Cfg_1</Key>
            <CfgParent>Base</CfgParent>
        </BuildConfiguration>
    </ItemGroup>
    <ProjectExtensions>
        <Borland.Personality>Delphi.Personality.12</Borland.Personality>
        <Borland.ProjectType/>
        <BorlandProject>
            <Delphi.Personality>
                <VersionInfo>
                    <VersionInfo Name="IncludeVerInfo">False</VersionInfo>
                    <VersionInfo Name="AutoIncBuild">False</VersionInfo>
                    <VersionInfo Name="MajorVer">1</VersionInfo>
                    <VersionInfo Name="MinorVer">0</VersionInfo>
                    <VersionInfo Name="Release">0</VersionInfo>
                    <VersionInfo Name="Build">0</VersionInfo>
                    <VersionInfo Name="Debug">False</VersionInfo>
                    <VersionInfo Name="PreRelease">False</VersionInfo>
                    <VersionInfo Name="Special">False</VersionInfo>
                    <VersionInfo Name="Private">False</VersionInfo>
                    <VersionInfo Name="DLL">False</VersionInfo>
                    <VersionInfo Name="Locale">1031</VersionInfo>
                    <VersionInfo Name="CodePage">1252</VersionInfo>
                </VersionInfo>
                <VersionInfoKeys>
                    <VersionInfoKeys Name="CompanyName"/>
                    <VersionInfoKeys Name="FileDescription"/>
                    <VersionInfoKeys Name="FileVersion">1.0.0.0</VersionInfoKeys>
                    <VersionInfoKeys Name="InternalName"/>
                    <VersionInfoKeys Name="LegalCopyright"/>
                    <VersionInfoKeys Name="LegalTrademarks"/>
                    <VersionInfoKeys Name="OriginalFilename"/>
                    <VersionInfoKeys Name="ProductName"/>
                    <VersionInfoKeys Name="ProductVersion">1.0.0.0</VersionInfoKeys>
                    <VersionInfoKeys Name="Comments"/>
                </VersionInfoKeys>
                <Source>
                    <Source Name="MainSource">AllUnits.dpr</Source>
                </Source>
                <Excluded_Packages>
                    <Excluded_Packages Name="$(BDSBIN)\dcloffice2k180.bpl">Microsoft Office 2000 Sample Automation Server Wrapper Components</Excluded_Packages>
                    <Excluded_Packages Name="$(BDSBIN)\dclofficexp180.bpl">Microsoft Office XP Sample Automation Server Wrapper Components</Excluded_Packages>
                    <Excluded_Packages Name="$(BDSBIN)\bcboffice2k180.bpl">Embarcadero C++Builder Office 2000 Servers Package</Excluded_Packages>
                    <Excluded_Packages Name="$(BDSBIN)\bcbofficexp180.bpl">Embarcadero C++Builder Office XP Servers Package</Excluded_Packages>
                </Excluded_Packages>
            </Delphi.Personality>
            <Deployment/>
            <Platforms>
                <Platform value="Win32">True</Platform>
                <Platform value="Win64">False</Platform>
            </Platforms>
            <ModelSupport>False</ModelSupport>
        </BorlandProject>
        <ProjectFileVersion>12</ProjectFileVersion>
    </ProjectExtensions>
    <Import Condition="Exists('$(BDS)\Bin\CodeGear.Delphi.Targets')" Project="$(BDS)\Bin\CodeGear.Delphi.Targets"/>
    <Import Condition="Exists('$(APPDATA)\Embarcadero\$(BDSAPPDATABASEDIR)\$(PRODUCTVERSION)\UserTools.proj')" Project="$(APPDATA)\Embarcadero\$(BDSAPPDATABASEDIR)\$(PRODUCTVERSION)\UserTools.proj"/>
</Project>
